
Microsoft Visual Studio Solution File, Format Version 12.00
# Visual Studio Version 17
VisualStudioVersion = 17.0.31903.59
MinimumVisualStudioVersion = 10.0.40219.1
Project("{2150E333-8FDC-42A3-9474-1A3956D46DE8}") = "src", "src", "{52C862FE-AE95-4D1F-A92B-2DA1AC6AB1D8}"
EndProject
Project("{FAE04EC0-301F-11D3-BF4B-00C04F79EFBC}") = "XRest", "src\XRest\XRest.csproj", "{4C3B1092-B87D-4DED-A27D-FADB7333341F}"
EndProject
Project("{2150E333-8FDC-42A3-9474-1A3956D46DE8}") = "clients", "clients", "{C8B91201-DB05-4E8E-918E-2F1DCBE595E6}"
EndProject
Project("{FAE04EC0-301F-11D3-BF4B-00C04F79EFBC}") = "XRest.Clients.Csharp", "src\clients\XRest.Clients.Csharp\XRest.Clients.Csharp.csproj", "{772C9895-14A8-4843-B961-3C58D8E28B34}"
EndProject
Project("{FAE04EC0-301F-11D3-BF4B-00C04F79EFBC}") = "XRest.Clients.TypeScript", "src\clients\XRest.Clients.TypeScript\XRest.Clients.TypeScript.csproj", "{2D19AFC2-1379-40AC-8ECB-B1DB85213DAF}"
EndProject
Project("{FAE04EC0-301F-11D3-BF4B-00C04F79EFBC}") = "XRest.Core", "src\XRest.Core\XRest.Core.csproj", "{FE2F5007-C062-4389-89D9-E439A687BC86}"
EndProject
Project("{2150E333-8FDC-42A3-9474-1A3956D46DE8}") = "test", "test", "{CCA0B163-FFDF-41E6-8335-25B10DE04784}"
EndProject
Project("{FAE04EC0-301F-11D3-BF4B-00C04F79EFBC}") = "XRest.Core.Tests", "test\XRest.Core.Tests\XRest.Core.Tests.csproj", "{1FD22713-5D43-4193-9D6E-2A92097B3644}"
EndProject
Project("{2150E333-8FDC-42A3-9474-1A3956D46DE8}") = "demo", "demo", "{10B59B18-FCEC-4A90-9A91-223D71C41D30}"
EndProject
Project("{FAE04EC0-301F-11D3-BF4B-00C04F79EFBC}") = "XRest.Demo.Client", "demo\XRest.Demo.Client\XRest.Demo.Client.csproj", "{8DE0EA8B-9798-4D46-9815-A037EAEC1A74}"
EndProject
Project("{FAE04EC0-301F-11D3-BF4B-00C04F79EFBC}") = "XRest.Demo.Server", "demo\XRest.Demo.Server\XRest.Demo.Server.csproj", "{82C80D5C-8BAB-42C5-8EA0-0BBB7963948E}"
EndProject
Project("{2150E333-8FDC-42A3-9474-1A3956D46DE8}") = "plugins", "plugins", "{451A0302-9154-481D-BCC3-05F9E58C00F6}"
EndProject
Project("{FAE04EC0-301F-11D3-BF4B-00C04F79EFBC}") = "XRest.Plugins.AspNetCore", "src\plugins\XRest.Plugins.AspNetCore\XRest.Plugins.AspNetCore.csproj", "{DE3A61E6-0907-4393-9CDB-1D24C9CF6640}"
EndProject
Project("{FAE04EC0-301F-11D3-BF4B-00C04F79EFBC}") = "XRest.Source", "src\XRest.Source\XRest.Source.csproj", "{C15F26D3-7A6F-4F17-9B1A-56036B8DE0A5}"
EndProject
Project("{2150E333-8FDC-42A3-9474-1A3956D46DE8}") = "sources", "sources", "{748860E9-6E2F-4213-A403-EE8312B2A6B8}"
EndProject
Project("{FAE04EC0-301F-11D3-BF4B-00C04F79EFBC}") = "XRest.Sources", "src\sources\XRest.Sources\XRest.Sources.csproj", "{0C5FD104-DEE5-470F-B834-07D8AEF69F57}"
EndProject
Project("{FAE04EC0-301F-11D3-BF4B-00C04F79EFBC}") = "XRest.Sources.Api", "src\sources\XRest.Sources.Api\XRest.Sources.Api.csproj", "{F29462DB-1185-4D53-B951-78AA05FD0A6A}"
EndProject
Project("{FAE04EC0-301F-11D3-BF4B-00C04F79EFBC}") = "XRest.Sources.Assembly", "src\sources\XRest.Sources.Assembly\XRest.Sources.Assembly.csproj", "{0FE29108-57A4-4168-8102-9286AE4BBD8B}"
EndProject
Global
	GlobalSection(SolutionConfigurationPlatforms) = preSolution
		Debug|Any CPU = Debug|Any CPU
		Release|Any CPU = Release|Any CPU
	EndGlobalSection
	GlobalSection(SolutionProperties) = preSolution
		HideSolutionNode = FALSE
	EndGlobalSection
	GlobalSection(ProjectConfigurationPlatforms) = postSolution
		{4C3B1092-B87D-4DED-A27D-FADB7333341F}.Debug|Any CPU.ActiveCfg = Debug|Any CPU
		{4C3B1092-B87D-4DED-A27D-FADB7333341F}.Debug|Any CPU.Build.0 = Debug|Any CPU
		{4C3B1092-B87D-4DED-A27D-FADB7333341F}.Release|Any CPU.ActiveCfg = Release|Any CPU
		{4C3B1092-B87D-4DED-A27D-FADB7333341F}.Release|Any CPU.Build.0 = Release|Any CPU
		{772C9895-14A8-4843-B961-3C58D8E28B34}.Debug|Any CPU.ActiveCfg = Debug|Any CPU
		{772C9895-14A8-4843-B961-3C58D8E28B34}.Debug|Any CPU.Build.0 = Debug|Any CPU
		{772C9895-14A8-4843-B961-3C58D8E28B34}.Release|Any CPU.ActiveCfg = Release|Any CPU
		{772C9895-14A8-4843-B961-3C58D8E28B34}.Release|Any CPU.Build.0 = Release|Any CPU
		{2D19AFC2-1379-40AC-8ECB-B1DB85213DAF}.Debug|Any CPU.ActiveCfg = Debug|Any CPU
		{2D19AFC2-1379-40AC-8ECB-B1DB85213DAF}.Debug|Any CPU.Build.0 = Debug|Any CPU
		{2D19AFC2-1379-40AC-8ECB-B1DB85213DAF}.Release|Any CPU.ActiveCfg = Release|Any CPU
		{2D19AFC2-1379-40AC-8ECB-B1DB85213DAF}.Release|Any CPU.Build.0 = Release|Any CPU
		{FE2F5007-C062-4389-89D9-E439A687BC86}.Debug|Any CPU.ActiveCfg = Debug|Any CPU
		{FE2F5007-C062-4389-89D9-E439A687BC86}.Debug|Any CPU.Build.0 = Debug|Any CPU
		{FE2F5007-C062-4389-89D9-E439A687BC86}.Release|Any CPU.ActiveCfg = Release|Any CPU
		{FE2F5007-C062-4389-89D9-E439A687BC86}.Release|Any CPU.Build.0 = Release|Any CPU
		{1FD22713-5D43-4193-9D6E-2A92097B3644}.Debug|Any CPU.ActiveCfg = Debug|Any CPU
		{1FD22713-5D43-4193-9D6E-2A92097B3644}.Debug|Any CPU.Build.0 = Debug|Any CPU
		{1FD22713-5D43-4193-9D6E-2A92097B3644}.Release|Any CPU.ActiveCfg = Release|Any CPU
		{1FD22713-5D43-4193-9D6E-2A92097B3644}.Release|Any CPU.Build.0 = Release|Any CPU
		{8DE0EA8B-9798-4D46-9815-A037EAEC1A74}.Debug|Any CPU.ActiveCfg = Debug|Any CPU
		{8DE0EA8B-9798-4D46-9815-A037EAEC1A74}.Debug|Any CPU.Build.0 = Debug|Any CPU
		{8DE0EA8B-9798-4D46-9815-A037EAEC1A74}.Release|Any CPU.ActiveCfg = Release|Any CPU
		{8DE0EA8B-9798-4D46-9815-A037EAEC1A74}.Release|Any CPU.Build.0 = Release|Any CPU
		{82C80D5C-8BAB-42C5-8EA0-0BBB7963948E}.Debug|Any CPU.ActiveCfg = Debug|Any CPU
		{82C80D5C-8BAB-42C5-8EA0-0BBB7963948E}.Debug|Any CPU.Build.0 = Debug|Any CPU
		{82C80D5C-8BAB-42C5-8EA0-0BBB7963948E}.Release|Any CPU.ActiveCfg = Release|Any CPU
		{82C80D5C-8BAB-42C5-8EA0-0BBB7963948E}.Release|Any CPU.Build.0 = Release|Any CPU
		{DE3A61E6-0907-4393-9CDB-1D24C9CF6640}.Debug|Any CPU.ActiveCfg = Debug|Any CPU
		{DE3A61E6-0907-4393-9CDB-1D24C9CF6640}.Debug|Any CPU.Build.0 = Debug|Any CPU
		{DE3A61E6-0907-4393-9CDB-1D24C9CF6640}.Release|Any CPU.ActiveCfg = Release|Any CPU
		{DE3A61E6-0907-4393-9CDB-1D24C9CF6640}.Release|Any CPU.Build.0 = Release|Any CPU
		{C15F26D3-7A6F-4F17-9B1A-56036B8DE0A5}.Debug|Any CPU.ActiveCfg = Debug|Any CPU
		{C15F26D3-7A6F-4F17-9B1A-56036B8DE0A5}.Debug|Any CPU.Build.0 = Debug|Any CPU
		{C15F26D3-7A6F-4F17-9B1A-56036B8DE0A5}.Release|Any CPU.ActiveCfg = Release|Any CPU
		{C15F26D3-7A6F-4F17-9B1A-56036B8DE0A5}.Release|Any CPU.Build.0 = Release|Any CPU
		{0C5FD104-DEE5-470F-B834-07D8AEF69F57}.Debug|Any CPU.ActiveCfg = Debug|Any CPU
		{0C5FD104-DEE5-470F-B834-07D8AEF69F57}.Debug|Any CPU.Build.0 = Debug|Any CPU
		{0C5FD104-DEE5-470F-B834-07D8AEF69F57}.Release|Any CPU.ActiveCfg = Release|Any CPU
		{0C5FD104-DEE5-470F-B834-07D8AEF69F57}.Release|Any CPU.Build.0 = Release|Any CPU
		{F29462DB-1185-4D53-B951-78AA05FD0A6A}.Debug|Any CPU.ActiveCfg = Debug|Any CPU
		{F29462DB-1185-4D53-B951-78AA05FD0A6A}.Debug|Any CPU.Build.0 = Debug|Any CPU
		{F29462DB-1185-4D53-B951-78AA05FD0A6A}.Release|Any CPU.ActiveCfg = Release|Any CPU
		{F29462DB-1185-4D53-B951-78AA05FD0A6A}.Release|Any CPU.Build.0 = Release|Any CPU
		{0FE29108-57A4-4168-8102-9286AE4BBD8B}.Debug|Any CPU.ActiveCfg = Debug|Any CPU
		{0FE29108-57A4-4168-8102-9286AE4BBD8B}.Debug|Any CPU.Build.0 = Debug|Any CPU
		{0FE29108-57A4-4168-8102-9286AE4BBD8B}.Release|Any CPU.ActiveCfg = Release|Any CPU
		{0FE29108-57A4-4168-8102-9286AE4BBD8B}.Release|Any CPU.Build.0 = Release|Any CPU
	EndGlobalSection
	GlobalSection(NestedProjects) = preSolution
		{4C3B1092-B87D-4DED-A27D-FADB7333341F} = {52C862FE-AE95-4D1F-A92B-2DA1AC6AB1D8}
		{C8B91201-DB05-4E8E-918E-2F1DCBE595E6} = {52C862FE-AE95-4D1F-A92B-2DA1AC6AB1D8}
		{772C9895-14A8-4843-B961-3C58D8E28B34} = {C8B91201-DB05-4E8E-918E-2F1DCBE595E6}
		{2D19AFC2-1379-40AC-8ECB-B1DB85213DAF} = {C8B91201-DB05-4E8E-918E-2F1DCBE595E6}
		{FE2F5007-C062-4389-89D9-E439A687BC86} = {52C862FE-AE95-4D1F-A92B-2DA1AC6AB1D8}
		{1FD22713-5D43-4193-9D6E-2A92097B3644} = {CCA0B163-FFDF-41E6-8335-25B10DE04784}
		{8DE0EA8B-9798-4D46-9815-A037EAEC1A74} = {10B59B18-FCEC-4A90-9A91-223D71C41D30}
		{82C80D5C-8BAB-42C5-8EA0-0BBB7963948E} = {10B59B18-FCEC-4A90-9A91-223D71C41D30}
		{451A0302-9154-481D-BCC3-05F9E58C00F6} = {52C862FE-AE95-4D1F-A92B-2DA1AC6AB1D8}
		{DE3A61E6-0907-4393-9CDB-1D24C9CF6640} = {451A0302-9154-481D-BCC3-05F9E58C00F6}
		{C15F26D3-7A6F-4F17-9B1A-56036B8DE0A5} = {52C862FE-AE95-4D1F-A92B-2DA1AC6AB1D8}
		{748860E9-6E2F-4213-A403-EE8312B2A6B8} = {52C862FE-AE95-4D1F-A92B-2DA1AC6AB1D8}
		{0C5FD104-DEE5-470F-B834-07D8AEF69F57} = {748860E9-6E2F-4213-A403-EE8312B2A6B8}
		{F29462DB-1185-4D53-B951-78AA05FD0A6A} = {748860E9-6E2F-4213-A403-EE8312B2A6B8}
		{0FE29108-57A4-4168-8102-9286AE4BBD8B} = {748860E9-6E2F-4213-A403-EE8312B2A6B8}
	EndGlobalSection
EndGlobal
