
Microsoft Visual Studio Solution File, Format Version 12.00
# Visual Studio 15
VisualStudioVersion = 15.0.26124.0
MinimumVisualStudioVersion = 15.0.26124.0
Project("{2150E333-8FDC-42A3-9474-1A3956D46DE8}") = "src", "src", "{8AF7FB6C-F586-4C68-B928-938DD27031C0}"
EndProject
Project("{FAE04EC0-301F-11D3-BF4B-00C04F79EFBC}") = "XRest", "src\XRest\XRest.csproj", "{A43E9CA5-8442-4DAD-B4A3-680BB11160E3}"
EndProject
Project("{FAE04EC0-301F-11D3-BF4B-00C04F79EFBC}") = "XRest.Core", "src\XRest.Core\XRest.Core.csproj", "{3C6C38A2-FAB5-45EC-A8F5-97AC3A73C308}"
EndProject
Project("{2150E333-8FDC-42A3-9474-1A3956D46DE8}") = "plugins", "plugins", "{6CA058CE-09C3-44F2-9C0E-FD6AD9A1B323}"
EndProject
Project("{FAE04EC0-301F-11D3-BF4B-00C04F79EFBC}") = "XRest.Plugins.AspNetCore", "src\plugins\XRest.Plugins.AspNetCore\XRest.Plugins.AspNetCore.csproj", "{3439C5CB-41ED-496D-AAEE-AB1B5FBEDC7E}"
EndProject
Project("{2150E333-8FDC-42A3-9474-1A3956D46DE8}") = "clients", "clients", "{6795DA21-6BC7-4FFF-8D41-50C819E2E447}"
EndProject
Project("{FAE04EC0-301F-11D3-BF4B-00C04F79EFBC}") = "XRest.Clients.Dotnet", "src\clients\XRest.Clients.Dotnet\XRest.Clients.Dotnet.csproj", "{567C5928-B201-4981-A0E2-3A2B8C52C700}"
EndProject
Project("{FAE04EC0-301F-11D3-BF4B-00C04F79EFBC}") = "XRest.Clients.TypeScript", "src\clients\XRest.Clients.TypeScript\XRest.Clients.TypeScript.csproj", "{FBDF7376-627E-41F7-A536-444E63A18A81}"
EndProject
Project("{2150E333-8FDC-42A3-9474-1A3956D46DE8}") = "sources", "sources", "{C980FF9C-8299-456B-B6DE-FC4A99650619}"
EndProject
Project("{FAE04EC0-301F-11D3-BF4B-00C04F79EFBC}") = "XRest.Sources.Api", "src\sources\XRest.Sources.Api\XRest.Sources.Api.csproj", "{4959D788-0ED1-4B97-A710-31FB6BFD9FB9}"
EndProject
Project("{FAE04EC0-301F-11D3-BF4B-00C04F79EFBC}") = "XRest.Sources.Assembly", "src\sources\XRest.Sources.Assembly\XRest.Sources.Assembly.csproj", "{5CF8A0B1-7390-461E-AC35-42374B1E1A99}"
EndProject
Project("{FAE04EC0-301F-11D3-BF4B-00C04F79EFBC}") = "XRest.Sources", "src\sources\XRest.Sources\XRest.Sources.csproj", "{9A5943A7-458D-45E6-809E-8C12AE1A2534}"
EndProject
Global
	GlobalSection(SolutionConfigurationPlatforms) = preSolution
		Debug|Any CPU = Debug|Any CPU
		Debug|x64 = Debug|x64
		Debug|x86 = Debug|x86
		Release|Any CPU = Release|Any CPU
		Release|x64 = Release|x64
		Release|x86 = Release|x86
	EndGlobalSection
	GlobalSection(SolutionProperties) = preSolution
		HideSolutionNode = FALSE
	EndGlobalSection
	GlobalSection(ProjectConfigurationPlatforms) = postSolution
		{A43E9CA5-8442-4DAD-B4A3-680BB11160E3}.Debug|Any CPU.ActiveCfg = Debug|Any CPU
		{A43E9CA5-8442-4DAD-B4A3-680BB11160E3}.Debug|Any CPU.Build.0 = Debug|Any CPU
		{A43E9CA5-8442-4DAD-B4A3-680BB11160E3}.Debug|x64.ActiveCfg = Debug|Any CPU
		{A43E9CA5-8442-4DAD-B4A3-680BB11160E3}.Debug|x64.Build.0 = Debug|Any CPU
		{A43E9CA5-8442-4DAD-B4A3-680BB11160E3}.Debug|x86.ActiveCfg = Debug|Any CPU
		{A43E9CA5-8442-4DAD-B4A3-680BB11160E3}.Debug|x86.Build.0 = Debug|Any CPU
		{A43E9CA5-8442-4DAD-B4A3-680BB11160E3}.Release|Any CPU.ActiveCfg = Release|Any CPU
		{A43E9CA5-8442-4DAD-B4A3-680BB11160E3}.Release|Any CPU.Build.0 = Release|Any CPU
		{A43E9CA5-8442-4DAD-B4A3-680BB11160E3}.Release|x64.ActiveCfg = Release|Any CPU
		{A43E9CA5-8442-4DAD-B4A3-680BB11160E3}.Release|x64.Build.0 = Release|Any CPU
		{A43E9CA5-8442-4DAD-B4A3-680BB11160E3}.Release|x86.ActiveCfg = Release|Any CPU
		{A43E9CA5-8442-4DAD-B4A3-680BB11160E3}.Release|x86.Build.0 = Release|Any CPU
		{3C6C38A2-FAB5-45EC-A8F5-97AC3A73C308}.Debug|Any CPU.ActiveCfg = Debug|Any CPU
		{3C6C38A2-FAB5-45EC-A8F5-97AC3A73C308}.Debug|Any CPU.Build.0 = Debug|Any CPU
		{3C6C38A2-FAB5-45EC-A8F5-97AC3A73C308}.Debug|x64.ActiveCfg = Debug|Any CPU
		{3C6C38A2-FAB5-45EC-A8F5-97AC3A73C308}.Debug|x64.Build.0 = Debug|Any CPU
		{3C6C38A2-FAB5-45EC-A8F5-97AC3A73C308}.Debug|x86.ActiveCfg = Debug|Any CPU
		{3C6C38A2-FAB5-45EC-A8F5-97AC3A73C308}.Debug|x86.Build.0 = Debug|Any CPU
		{3C6C38A2-FAB5-45EC-A8F5-97AC3A73C308}.Release|Any CPU.ActiveCfg = Release|Any CPU
		{3C6C38A2-FAB5-45EC-A8F5-97AC3A73C308}.Release|Any CPU.Build.0 = Release|Any CPU
		{3C6C38A2-FAB5-45EC-A8F5-97AC3A73C308}.Release|x64.ActiveCfg = Release|Any CPU
		{3C6C38A2-FAB5-45EC-A8F5-97AC3A73C308}.Release|x64.Build.0 = Release|Any CPU
		{3C6C38A2-FAB5-45EC-A8F5-97AC3A73C308}.Release|x86.ActiveCfg = Release|Any CPU
		{3C6C38A2-FAB5-45EC-A8F5-97AC3A73C308}.Release|x86.Build.0 = Release|Any CPU
		{3439C5CB-41ED-496D-AAEE-AB1B5FBEDC7E}.Debug|Any CPU.ActiveCfg = Debug|Any CPU
		{3439C5CB-41ED-496D-AAEE-AB1B5FBEDC7E}.Debug|Any CPU.Build.0 = Debug|Any CPU
		{3439C5CB-41ED-496D-AAEE-AB1B5FBEDC7E}.Debug|x64.ActiveCfg = Debug|Any CPU
		{3439C5CB-41ED-496D-AAEE-AB1B5FBEDC7E}.Debug|x64.Build.0 = Debug|Any CPU
		{3439C5CB-41ED-496D-AAEE-AB1B5FBEDC7E}.Debug|x86.ActiveCfg = Debug|Any CPU
		{3439C5CB-41ED-496D-AAEE-AB1B5FBEDC7E}.Debug|x86.Build.0 = Debug|Any CPU
		{3439C5CB-41ED-496D-AAEE-AB1B5FBEDC7E}.Release|Any CPU.ActiveCfg = Release|Any CPU
		{3439C5CB-41ED-496D-AAEE-AB1B5FBEDC7E}.Release|Any CPU.Build.0 = Release|Any CPU
		{3439C5CB-41ED-496D-AAEE-AB1B5FBEDC7E}.Release|x64.ActiveCfg = Release|Any CPU
		{3439C5CB-41ED-496D-AAEE-AB1B5FBEDC7E}.Release|x64.Build.0 = Release|Any CPU
		{3439C5CB-41ED-496D-AAEE-AB1B5FBEDC7E}.Release|x86.ActiveCfg = Release|Any CPU
		{3439C5CB-41ED-496D-AAEE-AB1B5FBEDC7E}.Release|x86.Build.0 = Release|Any CPU
		{567C5928-B201-4981-A0E2-3A2B8C52C700}.Debug|Any CPU.ActiveCfg = Debug|Any CPU
		{567C5928-B201-4981-A0E2-3A2B8C52C700}.Debug|Any CPU.Build.0 = Debug|Any CPU
		{567C5928-B201-4981-A0E2-3A2B8C52C700}.Debug|x64.ActiveCfg = Debug|Any CPU
		{567C5928-B201-4981-A0E2-3A2B8C52C700}.Debug|x64.Build.0 = Debug|Any CPU
		{567C5928-B201-4981-A0E2-3A2B8C52C700}.Debug|x86.ActiveCfg = Debug|Any CPU
		{567C5928-B201-4981-A0E2-3A2B8C52C700}.Debug|x86.Build.0 = Debug|Any CPU
		{567C5928-B201-4981-A0E2-3A2B8C52C700}.Release|Any CPU.ActiveCfg = Release|Any CPU
		{567C5928-B201-4981-A0E2-3A2B8C52C700}.Release|Any CPU.Build.0 = Release|Any CPU
		{567C5928-B201-4981-A0E2-3A2B8C52C700}.Release|x64.ActiveCfg = Release|Any CPU
		{567C5928-B201-4981-A0E2-3A2B8C52C700}.Release|x64.Build.0 = Release|Any CPU
		{567C5928-B201-4981-A0E2-3A2B8C52C700}.Release|x86.ActiveCfg = Release|Any CPU
		{567C5928-B201-4981-A0E2-3A2B8C52C700}.Release|x86.Build.0 = Release|Any CPU
		{FBDF7376-627E-41F7-A536-444E63A18A81}.Debug|Any CPU.ActiveCfg = Debug|Any CPU
		{FBDF7376-627E-41F7-A536-444E63A18A81}.Debug|Any CPU.Build.0 = Debug|Any CPU
		{FBDF7376-627E-41F7-A536-444E63A18A81}.Debug|x64.ActiveCfg = Debug|Any CPU
		{FBDF7376-627E-41F7-A536-444E63A18A81}.Debug|x64.Build.0 = Debug|Any CPU
		{FBDF7376-627E-41F7-A536-444E63A18A81}.Debug|x86.ActiveCfg = Debug|Any CPU
		{FBDF7376-627E-41F7-A536-444E63A18A81}.Debug|x86.Build.0 = Debug|Any CPU
		{FBDF7376-627E-41F7-A536-444E63A18A81}.Release|Any CPU.ActiveCfg = Release|Any CPU
		{FBDF7376-627E-41F7-A536-444E63A18A81}.Release|Any CPU.Build.0 = Release|Any CPU
		{FBDF7376-627E-41F7-A536-444E63A18A81}.Release|x64.ActiveCfg = Release|Any CPU
		{FBDF7376-627E-41F7-A536-444E63A18A81}.Release|x64.Build.0 = Release|Any CPU
		{FBDF7376-627E-41F7-A536-444E63A18A81}.Release|x86.ActiveCfg = Release|Any CPU
		{FBDF7376-627E-41F7-A536-444E63A18A81}.Release|x86.Build.0 = Release|Any CPU
		{4959D788-0ED1-4B97-A710-31FB6BFD9FB9}.Debug|Any CPU.ActiveCfg = Debug|Any CPU
		{4959D788-0ED1-4B97-A710-31FB6BFD9FB9}.Debug|Any CPU.Build.0 = Debug|Any CPU
		{4959D788-0ED1-4B97-A710-31FB6BFD9FB9}.Debug|x64.ActiveCfg = Debug|Any CPU
		{4959D788-0ED1-4B97-A710-31FB6BFD9FB9}.Debug|x64.Build.0 = Debug|Any CPU
		{4959D788-0ED1-4B97-A710-31FB6BFD9FB9}.Debug|x86.ActiveCfg = Debug|Any CPU
		{4959D788-0ED1-4B97-A710-31FB6BFD9FB9}.Debug|x86.Build.0 = Debug|Any CPU
		{4959D788-0ED1-4B97-A710-31FB6BFD9FB9}.Release|Any CPU.ActiveCfg = Release|Any CPU
		{4959D788-0ED1-4B97-A710-31FB6BFD9FB9}.Release|Any CPU.Build.0 = Release|Any CPU
		{4959D788-0ED1-4B97-A710-31FB6BFD9FB9}.Release|x64.ActiveCfg = Release|Any CPU
		{4959D788-0ED1-4B97-A710-31FB6BFD9FB9}.Release|x64.Build.0 = Release|Any CPU
		{4959D788-0ED1-4B97-A710-31FB6BFD9FB9}.Release|x86.ActiveCfg = Release|Any CPU
		{4959D788-0ED1-4B97-A710-31FB6BFD9FB9}.Release|x86.Build.0 = Release|Any CPU
		{5CF8A0B1-7390-461E-AC35-42374B1E1A99}.Debug|Any CPU.ActiveCfg = Debug|Any CPU
		{5CF8A0B1-7390-461E-AC35-42374B1E1A99}.Debug|Any CPU.Build.0 = Debug|Any CPU
		{5CF8A0B1-7390-461E-AC35-42374B1E1A99}.Debug|x64.ActiveCfg = Debug|Any CPU
		{5CF8A0B1-7390-461E-AC35-42374B1E1A99}.Debug|x64.Build.0 = Debug|Any CPU
		{5CF8A0B1-7390-461E-AC35-42374B1E1A99}.Debug|x86.ActiveCfg = Debug|Any CPU
		{5CF8A0B1-7390-461E-AC35-42374B1E1A99}.Debug|x86.Build.0 = Debug|Any CPU
		{5CF8A0B1-7390-461E-AC35-42374B1E1A99}.Release|Any CPU.ActiveCfg = Release|Any CPU
		{5CF8A0B1-7390-461E-AC35-42374B1E1A99}.Release|Any CPU.Build.0 = Release|Any CPU
		{5CF8A0B1-7390-461E-AC35-42374B1E1A99}.Release|x64.ActiveCfg = Release|Any CPU
		{5CF8A0B1-7390-461E-AC35-42374B1E1A99}.Release|x64.Build.0 = Release|Any CPU
		{5CF8A0B1-7390-461E-AC35-42374B1E1A99}.Release|x86.ActiveCfg = Release|Any CPU
		{5CF8A0B1-7390-461E-AC35-42374B1E1A99}.Release|x86.Build.0 = Release|Any CPU
		{9A5943A7-458D-45E6-809E-8C12AE1A2534}.Debug|Any CPU.ActiveCfg = Debug|Any CPU
		{9A5943A7-458D-45E6-809E-8C12AE1A2534}.Debug|Any CPU.Build.0 = Debug|Any CPU
		{9A5943A7-458D-45E6-809E-8C12AE1A2534}.Debug|x64.ActiveCfg = Debug|Any CPU
		{9A5943A7-458D-45E6-809E-8C12AE1A2534}.Debug|x64.Build.0 = Debug|Any CPU
		{9A5943A7-458D-45E6-809E-8C12AE1A2534}.Debug|x86.ActiveCfg = Debug|Any CPU
		{9A5943A7-458D-45E6-809E-8C12AE1A2534}.Debug|x86.Build.0 = Debug|Any CPU
		{9A5943A7-458D-45E6-809E-8C12AE1A2534}.Release|Any CPU.ActiveCfg = Release|Any CPU
		{9A5943A7-458D-45E6-809E-8C12AE1A2534}.Release|Any CPU.Build.0 = Release|Any CPU
		{9A5943A7-458D-45E6-809E-8C12AE1A2534}.Release|x64.ActiveCfg = Release|Any CPU
		{9A5943A7-458D-45E6-809E-8C12AE1A2534}.Release|x64.Build.0 = Release|Any CPU
		{9A5943A7-458D-45E6-809E-8C12AE1A2534}.Release|x86.ActiveCfg = Release|Any CPU
		{9A5943A7-458D-45E6-809E-8C12AE1A2534}.Release|x86.Build.0 = Release|Any CPU
	EndGlobalSection
	GlobalSection(NestedProjects) = preSolution
		{A43E9CA5-8442-4DAD-B4A3-680BB11160E3} = {8AF7FB6C-F586-4C68-B928-938DD27031C0}
		{3C6C38A2-FAB5-45EC-A8F5-97AC3A73C308} = {8AF7FB6C-F586-4C68-B928-938DD27031C0}
		{6CA058CE-09C3-44F2-9C0E-FD6AD9A1B323} = {8AF7FB6C-F586-4C68-B928-938DD27031C0}
		{3439C5CB-41ED-496D-AAEE-AB1B5FBEDC7E} = {6CA058CE-09C3-44F2-9C0E-FD6AD9A1B323}
		{6795DA21-6BC7-4FFF-8D41-50C819E2E447} = {8AF7FB6C-F586-4C68-B928-938DD27031C0}
		{567C5928-B201-4981-A0E2-3A2B8C52C700} = {6795DA21-6BC7-4FFF-8D41-50C819E2E447}
		{FBDF7376-627E-41F7-A536-444E63A18A81} = {6795DA21-6BC7-4FFF-8D41-50C819E2E447}
		{C980FF9C-8299-456B-B6DE-FC4A99650619} = {8AF7FB6C-F586-4C68-B928-938DD27031C0}
		{4959D788-0ED1-4B97-A710-31FB6BFD9FB9} = {C980FF9C-8299-456B-B6DE-FC4A99650619}
		{5CF8A0B1-7390-461E-AC35-42374B1E1A99} = {C980FF9C-8299-456B-B6DE-FC4A99650619}
		{9A5943A7-458D-45E6-809E-8C12AE1A2534} = {C980FF9C-8299-456B-B6DE-FC4A99650619}
	EndGlobalSection
EndGlobal
