
Microsoft Visual Studio Solution File, Format Version 12.00
# Visual Studio Version 17
VisualStudioVersion = 17.0.31903.59
MinimumVisualStudioVersion = 10.0.40219.1
Project("{2150E333-8FDC-42A3-9474-1A3956D46DE8}") = "src", "src", "{4FE84BB3-4E31-4612-9C6C-348E91C7D4C0}"
EndProject
Project("{FAE04EC0-301F-11D3-BF4B-00C04F79EFBC}") = "XRest", "src\XRest\XRest.csproj", "{AE94823C-9AA4-4A6F-ACEC-E96885BE3D4C}"
EndProject
Project("{2150E333-8FDC-42A3-9474-1A3956D46DE8}") = "clients", "clients", "{81CDBFBC-1C24-48B7-9DBF-E061A3A12412}"
EndProject
Project("{FAE04EC0-301F-11D3-BF4B-00C04F79EFBC}") = "XRest.Clients.Csharp", "src\clients\XRest.Clients.Csharp\XRest.Clients.Csharp.csproj", "{C421C1E3-D471-47E8-8412-CBFBF6736FC8}"
EndProject
Project("{FAE04EC0-301F-11D3-BF4B-00C04F79EFBC}") = "XRest.Clients.TypeScript", "src\clients\XRest.Clients.TypeScript\XRest.Clients.TypeScript.csproj", "{0FDF858C-AE6D-4F95-AA24-1A9929C84854}"
EndProject
Project("{FAE04EC0-301F-11D3-BF4B-00C04F79EFBC}") = "XRest.Core", "src\XRest.Core\XRest.Core.csproj", "{2F7FB02C-BE93-407E-BBB1-28250DE0F59C}"
EndProject
Project("{2150E333-8FDC-42A3-9474-1A3956D46DE8}") = "test", "test", "{2CFECCB2-8A15-4C51-815A-20195611DBE4}"
EndProject
Project("{FAE04EC0-301F-11D3-BF4B-00C04F79EFBC}") = "XRest.Core.Tests", "test\XRest.Core.Tests\XRest.Core.Tests.csproj", "{63510B9F-C4B9-42D0-A11B-97AEC142DD30}"
EndProject
Project("{2150E333-8FDC-42A3-9474-1A3956D46DE8}") = "demo", "demo", "{E8E36B26-4544-4014-AFC2-26608C298B2A}"
EndProject
Project("{FAE04EC0-301F-11D3-BF4B-00C04F79EFBC}") = "XRest.Demo.Client", "demo\XRest.Demo.Client\XRest.Demo.Client.csproj", "{1F64D5AA-37E4-4566-9C33-AFEF0064C447}"
EndProject
Project("{FAE04EC0-301F-11D3-BF4B-00C04F79EFBC}") = "XRest.Demo.Server", "demo\XRest.Demo.Server\XRest.Demo.Server.csproj", "{55F36142-3A51-42A4-B533-429D55108151}"
EndProject
Project("{2150E333-8FDC-42A3-9474-1A3956D46DE8}") = "plugins", "plugins", "{ACDED863-FED0-4ED2-B489-2A7CC5CD0EE5}"
EndProject
Project("{FAE04EC0-301F-11D3-BF4B-00C04F79EFBC}") = "XRest.Plugins.AspNetCore", "src\plugins\XRest.Plugins.AspNetCore\XRest.Plugins.AspNetCore.csproj", "{4259A44B-3017-4B9A-9B3E-7CCE00E11444}"
EndProject
Project("{FAE04EC0-301F-11D3-BF4B-00C04F79EFBC}") = "XRest.Source", "src\XRest.Source\XRest.Source.csproj", "{F9839784-079C-4597-88BC-A4AB92194940}"
EndProject
Global
	GlobalSection(SolutionConfigurationPlatforms) = preSolution
		Debug|Any CPU = Debug|Any CPU
		Release|Any CPU = Release|Any CPU
	EndGlobalSection
	GlobalSection(SolutionProperties) = preSolution
		HideSolutionNode = FALSE
	EndGlobalSection
	GlobalSection(ProjectConfigurationPlatforms) = postSolution
		{AE94823C-9AA4-4A6F-ACEC-E96885BE3D4C}.Debug|Any CPU.ActiveCfg = Debug|Any CPU
		{AE94823C-9AA4-4A6F-ACEC-E96885BE3D4C}.Debug|Any CPU.Build.0 = Debug|Any CPU
		{AE94823C-9AA4-4A6F-ACEC-E96885BE3D4C}.Release|Any CPU.ActiveCfg = Release|Any CPU
		{AE94823C-9AA4-4A6F-ACEC-E96885BE3D4C}.Release|Any CPU.Build.0 = Release|Any CPU
		{C421C1E3-D471-47E8-8412-CBFBF6736FC8}.Debug|Any CPU.ActiveCfg = Debug|Any CPU
		{C421C1E3-D471-47E8-8412-CBFBF6736FC8}.Debug|Any CPU.Build.0 = Debug|Any CPU
		{C421C1E3-D471-47E8-8412-CBFBF6736FC8}.Release|Any CPU.ActiveCfg = Release|Any CPU
		{C421C1E3-D471-47E8-8412-CBFBF6736FC8}.Release|Any CPU.Build.0 = Release|Any CPU
		{0FDF858C-AE6D-4F95-AA24-1A9929C84854}.Debug|Any CPU.ActiveCfg = Debug|Any CPU
		{0FDF858C-AE6D-4F95-AA24-1A9929C84854}.Debug|Any CPU.Build.0 = Debug|Any CPU
		{0FDF858C-AE6D-4F95-AA24-1A9929C84854}.Release|Any CPU.ActiveCfg = Release|Any CPU
		{0FDF858C-AE6D-4F95-AA24-1A9929C84854}.Release|Any CPU.Build.0 = Release|Any CPU
		{2F7FB02C-BE93-407E-BBB1-28250DE0F59C}.Debug|Any CPU.ActiveCfg = Debug|Any CPU
		{2F7FB02C-BE93-407E-BBB1-28250DE0F59C}.Debug|Any CPU.Build.0 = Debug|Any CPU
		{2F7FB02C-BE93-407E-BBB1-28250DE0F59C}.Release|Any CPU.ActiveCfg = Release|Any CPU
		{2F7FB02C-BE93-407E-BBB1-28250DE0F59C}.Release|Any CPU.Build.0 = Release|Any CPU
		{63510B9F-C4B9-42D0-A11B-97AEC142DD30}.Debug|Any CPU.ActiveCfg = Debug|Any CPU
		{63510B9F-C4B9-42D0-A11B-97AEC142DD30}.Debug|Any CPU.Build.0 = Debug|Any CPU
		{63510B9F-C4B9-42D0-A11B-97AEC142DD30}.Release|Any CPU.ActiveCfg = Release|Any CPU
		{63510B9F-C4B9-42D0-A11B-97AEC142DD30}.Release|Any CPU.Build.0 = Release|Any CPU
		{1F64D5AA-37E4-4566-9C33-AFEF0064C447}.Debug|Any CPU.ActiveCfg = Debug|Any CPU
		{1F64D5AA-37E4-4566-9C33-AFEF0064C447}.Debug|Any CPU.Build.0 = Debug|Any CPU
		{1F64D5AA-37E4-4566-9C33-AFEF0064C447}.Release|Any CPU.ActiveCfg = Release|Any CPU
		{1F64D5AA-37E4-4566-9C33-AFEF0064C447}.Release|Any CPU.Build.0 = Release|Any CPU
		{55F36142-3A51-42A4-B533-429D55108151}.Debug|Any CPU.ActiveCfg = Debug|Any CPU
		{55F36142-3A51-42A4-B533-429D55108151}.Debug|Any CPU.Build.0 = Debug|Any CPU
		{55F36142-3A51-42A4-B533-429D55108151}.Release|Any CPU.ActiveCfg = Release|Any CPU
		{55F36142-3A51-42A4-B533-429D55108151}.Release|Any CPU.Build.0 = Release|Any CPU
		{4259A44B-3017-4B9A-9B3E-7CCE00E11444}.Debug|Any CPU.ActiveCfg = Debug|Any CPU
		{4259A44B-3017-4B9A-9B3E-7CCE00E11444}.Debug|Any CPU.Build.0 = Debug|Any CPU
		{4259A44B-3017-4B9A-9B3E-7CCE00E11444}.Release|Any CPU.ActiveCfg = Release|Any CPU
		{4259A44B-3017-4B9A-9B3E-7CCE00E11444}.Release|Any CPU.Build.0 = Release|Any CPU
		{F9839784-079C-4597-88BC-A4AB92194940}.Debug|Any CPU.ActiveCfg = Debug|Any CPU
		{F9839784-079C-4597-88BC-A4AB92194940}.Debug|Any CPU.Build.0 = Debug|Any CPU
		{F9839784-079C-4597-88BC-A4AB92194940}.Release|Any CPU.ActiveCfg = Release|Any CPU
		{F9839784-079C-4597-88BC-A4AB92194940}.Release|Any CPU.Build.0 = Release|Any CPU
	EndGlobalSection
	GlobalSection(NestedProjects) = preSolution
		{AE94823C-9AA4-4A6F-ACEC-E96885BE3D4C} = {4FE84BB3-4E31-4612-9C6C-348E91C7D4C0}
		{81CDBFBC-1C24-48B7-9DBF-E061A3A12412} = {4FE84BB3-4E31-4612-9C6C-348E91C7D4C0}
		{C421C1E3-D471-47E8-8412-CBFBF6736FC8} = {81CDBFBC-1C24-48B7-9DBF-E061A3A12412}
		{0FDF858C-AE6D-4F95-AA24-1A9929C84854} = {81CDBFBC-1C24-48B7-9DBF-E061A3A12412}
		{2F7FB02C-BE93-407E-BBB1-28250DE0F59C} = {4FE84BB3-4E31-4612-9C6C-348E91C7D4C0}
		{63510B9F-C4B9-42D0-A11B-97AEC142DD30} = {2CFECCB2-8A15-4C51-815A-20195611DBE4}
		{1F64D5AA-37E4-4566-9C33-AFEF0064C447} = {E8E36B26-4544-4014-AFC2-26608C298B2A}
		{55F36142-3A51-42A4-B533-429D55108151} = {E8E36B26-4544-4014-AFC2-26608C298B2A}
		{ACDED863-FED0-4ED2-B489-2A7CC5CD0EE5} = {4FE84BB3-4E31-4612-9C6C-348E91C7D4C0}
		{4259A44B-3017-4B9A-9B3E-7CCE00E11444} = {ACDED863-FED0-4ED2-B489-2A7CC5CD0EE5}
		{F9839784-079C-4597-88BC-A4AB92194940} = {4FE84BB3-4E31-4612-9C6C-348E91C7D4C0}
	EndGlobalSection
EndGlobal
