
Microsoft Visual Studio Solution File, Format Version 12.00
# Visual Studio Version 17
VisualStudioVersion = 17.0.31903.59
MinimumVisualStudioVersion = 10.0.40219.1
Project("{2150E333-8FDC-42A3-9474-1A3956D46DE8}") = "Backuper", "Backuper", "{B36DD93C-AB73-44FD-BAC4-F61EE762603E}"
EndProject
Project("{2150E333-8FDC-42A3-9474-1A3956D46DE8}") = "src", "src", "{024BD427-4CE7-427A-A6E0-464E3B5E19A8}"
EndProject
Project("{FAE04EC0-301F-11D3-BF4B-00C04F79EFBC}") = "Backuper.Api", "Backuper\src\Backuper.Api\Backuper.Api.csproj", "{DA08D862-DDAD-4059-BD5F-2DCE87BC2B82}"
EndProject
Project("{FAE04EC0-301F-11D3-BF4B-00C04F79EFBC}") = "Backuper.Connection.Abstract", "Backuper\src\Backuper.Connection.Abstract\Backuper.Connection.Abstract.csproj", "{CE36B158-9CA3-46A1-8EB6-603B7D1CA1D2}"
EndProject
Project("{FAE04EC0-301F-11D3-BF4B-00C04F79EFBC}") = "Backuper.Connection.PostgreSQL", "Backuper\src\Backuper.Connection.PostgreSQL\Backuper.Connection.PostgreSQL.csproj", "{AC687DB6-B45B-421A-9D33-8636EE10A549}"
EndProject
Project("{FAE04EC0-301F-11D3-BF4B-00C04F79EFBC}") = "Backuper.Notification.Abstract", "Backuper\src\Backuper.Notification.Abstract\Backuper.Notification.Abstract.csproj", "{46A000DD-584F-4776-8FF1-3369F5C46ED6}"
EndProject
Project("{FAE04EC0-301F-11D3-BF4B-00C04F79EFBC}") = "Backuper.Notification.Slack", "Backuper\src\Backuper.Notification.Slack\Backuper.Notification.Slack.csproj", "{92542880-29AE-474E-B2CF-2BF08891387D}"
EndProject
Project("{FAE04EC0-301F-11D3-BF4B-00C04F79EFBC}") = "Backuper.Shared", "Backuper\src\Backuper.Shared\Backuper.Shared.csproj", "{14016BD3-AF9B-49C9-869A-A4097266C5A0}"
EndProject
Project("{FAE04EC0-301F-11D3-BF4B-00C04F79EFBC}") = "Backuper.Storage", "Backuper\src\Backuper.Storage\Backuper.Storage.csproj", "{DF233A9A-2554-4C7B-838D-82B6DE7B4725}"
EndProject
Project("{2150E333-8FDC-42A3-9474-1A3956D46DE8}") = "xmg", "xmg", "{CAD1C16C-029A-4417-989C-48E81B3F7019}"
EndProject
Project("{2150E333-8FDC-42A3-9474-1A3956D46DE8}") = "src", "src", "{A77A0C76-74A7-4C80-8A24-9B4E792549FF}"
EndProject
Project("{FAE04EC0-301F-11D3-BF4B-00C04F79EFBC}") = "Debugger", "xmg\src\Debugger\Debugger.csproj", "{8FBA7DF4-F1FD-4912-9ACB-BA55C84B1E1A}"
EndProject
Project("{2150E333-8FDC-42A3-9474-1A3956D46DE8}") = "MessageBus", "MessageBus", "{457FDC6E-5194-4CC4-AFC6-7A5E4695778F}"
EndProject
Project("{2150E333-8FDC-42A3-9474-1A3956D46DE8}") = "src", "src", "{39DFAD5C-8C44-4135-ABD0-E36AB2D3ED2D}"
EndProject
Project("{FAE04EC0-301F-11D3-BF4B-00C04F79EFBC}") = "MessageBus.Proxy", "MessageBus\src\MessageBus.Proxy\MessageBus.Proxy.csproj", "{2885661A-1C41-4A7E-BC3C-47FBD463A1E2}"
EndProject
Project("{FAE04EC0-301F-11D3-BF4B-00C04F79EFBC}") = "MessageBus.Sink", "MessageBus\src\MessageBus.Sink\MessageBus.Sink.csproj", "{C9EF23A9-1769-4EEE-A7DD-21872D26201A}"
EndProject
Project("{2150E333-8FDC-42A3-9474-1A3956D46DE8}") = "xa", "xa", "{87422F23-19B1-41A4-9491-9A7D69AD3F75}"
EndProject
Project("{2150E333-8FDC-42A3-9474-1A3956D46DE8}") = "src", "src", "{058D2BC3-B7C0-459F-8F5D-B87E759994EF}"
EndProject
Project("{FAE04EC0-301F-11D3-BF4B-00C04F79EFBC}") = "Xa", "xa\src\Xa\Xa.csproj", "{243A9B7F-F719-4C41-BABD-D544AF6AD0E9}"
EndProject
Project("{2150E333-8FDC-42A3-9474-1A3956D46DE8}") = "xc", "xc", "{543E5664-06C1-48DA-8537-1FDC5FF2CF35}"
EndProject
Project("{2150E333-8FDC-42A3-9474-1A3956D46DE8}") = "src", "src", "{BBEFC74C-D332-4F9A-8EDB-2E47AFCCC918}"
EndProject
Project("{FAE04EC0-301F-11D3-BF4B-00C04F79EFBC}") = "Xc", "xc\src\Xc\Xc.csproj", "{CEDD569C-0D72-4C7B-B7A2-68AF33EC2052}"
EndProject
Project("{2150E333-8FDC-42A3-9474-1A3956D46DE8}") = "xcert", "xcert", "{42C88E20-DFF0-4599-9157-3E77DD1BDEDA}"
EndProject
Project("{2150E333-8FDC-42A3-9474-1A3956D46DE8}") = "src", "src", "{14594482-7461-4CD5-810B-1A25F6E0D548}"
EndProject
Project("{FAE04EC0-301F-11D3-BF4B-00C04F79EFBC}") = "XCert", "xcert\src\XCert\XCert.csproj", "{0378ABE0-D237-4AFC-AE6E-8729F694167A}"
EndProject
Project("{FAE04EC0-301F-11D3-BF4B-00C04F79EFBC}") = "xdomains", "xdomains\xdomains.csproj", "{2E3702F5-C96D-4E0F-8495-3359906B7B83}"
EndProject
Project("{2150E333-8FDC-42A3-9474-1A3956D46DE8}") = "xfiles", "xfiles", "{F64CC70E-6445-498A-A519-3A0ADCDD55AD}"
EndProject
Project("{2150E333-8FDC-42A3-9474-1A3956D46DE8}") = "src", "src", "{F394044F-0B68-48AC-8A86-88287FF3AFA5}"
EndProject
Project("{FAE04EC0-301F-11D3-BF4B-00C04F79EFBC}") = "Xf", "xfiles\src\Xf\Xf.csproj", "{09FEF41D-BBB8-4F64-BE80-9526FB14F309}"
EndProject
Project("{2150E333-8FDC-42A3-9474-1A3956D46DE8}") = "xlink", "xlink", "{99849B2B-13CB-46BD-93B4-F6115058F477}"
EndProject
Project("{2150E333-8FDC-42A3-9474-1A3956D46DE8}") = "src", "src", "{293BDE54-E520-4A2B-8D62-41E3EBB169B4}"
EndProject
Project("{FAE04EC0-301F-11D3-BF4B-00C04F79EFBC}") = "XLink", "xlink\src\XLink\XLink.csproj", "{7D7C45E0-86AF-4E00-92D7-F96BA26881B3}"
EndProject
Project("{2150E333-8FDC-42A3-9474-1A3956D46DE8}") = "xlog", "xlog", "{DF4A2177-8DDC-496E-A9F9-7B0231C51D69}"
EndProject
Project("{2150E333-8FDC-42A3-9474-1A3956D46DE8}") = "src", "src", "{41F25201-C4FC-478C-9015-D318E86A964D}"
EndProject
Project("{FAE04EC0-301F-11D3-BF4B-00C04F79EFBC}") = "XLog", "xlog\src\XLog\XLog.csproj", "{CD825378-040A-4846-9552-50AA26510D41}"
EndProject
Project("{FAE04EC0-301F-11D3-BF4B-00C04F79EFBC}") = "Xmg", "xmg\src\Xmg\Xmg.csproj", "{71AC40B6-C994-43B9-B96C-B4879AAF0C9F}"
EndProject
Project("{2150E333-8FDC-42A3-9474-1A3956D46DE8}") = "Xmg.Configuration", "Xmg.Configuration", "{0EF9AC40-D398-4491-A0C3-A668C0990D04}"
EndProject
Project("{FAE04EC0-301F-11D3-BF4B-00C04F79EFBC}") = "Xmg.Configuration", "xmg\src\Xmg.Configuration\Xmg.Configuration\Xmg.Configuration.csproj", "{758428E5-BEDE-433E-B9F3-D4CD381E0598}"
EndProject
Project("{FAE04EC0-301F-11D3-BF4B-00C04F79EFBC}") = "Xmg.Configuration.Abstractions", "xmg\src\Xmg.Configuration\Xmg.Configuration.Abstractions\Xmg.Configuration.Abstractions.csproj", "{EAF497D4-D2F0-4A1C-AA05-7F7DCF71136B}"
EndProject
Project("{FAE04EC0-301F-11D3-BF4B-00C04F79EFBC}") = "Xmg.Configuration.linq2db", "xmg\src\Xmg.Configuration\Xmg.Configuration.linq2db\Xmg.Configuration.linq2db.csproj", "{C6366381-0F97-4BB1-98A7-4857E8A33812}"
EndProject
Project("{FAE04EC0-301F-11D3-BF4B-00C04F79EFBC}") = "Xmg.Core", "xmg\src\Xmg.Core\Xmg.Core.csproj", "{01437760-1921-4759-8828-DEA0585ED11C}"
EndProject
Project("{2150E333-8FDC-42A3-9474-1A3956D46DE8}") = "Xmg.Migration", "Xmg.Migration", "{8C2D9AA2-C5D6-4DF6-ACDD-B428D5270807}"
EndProject
Project("{FAE04EC0-301F-11D3-BF4B-00C04F79EFBC}") = "Xmg.Migration", "xmg\src\Xmg.Migration\Xmg.Migration\Xmg.Migration.csproj", "{4A2074AE-5DCF-48EC-A45B-8238271036A5}"
EndProject
Project("{FAE04EC0-301F-11D3-BF4B-00C04F79EFBC}") = "Xmg.Migration.Abstractions", "xmg\src\Xmg.Migration\Xmg.Migration.Abstractions\Xmg.Migration.Abstractions.csproj", "{77F39915-AEA6-4A9B-9C4C-1EE1FB979B8D}"
EndProject
Project("{FAE04EC0-301F-11D3-BF4B-00C04F79EFBC}") = "Xmg.Migration.FluentMigrator", "xmg\src\Xmg.Migration\Xmg.Migration.FluentMigrator\Xmg.Migration.FluentMigrator.csproj", "{90D53F58-784E-4BEB-9BCB-6BC46DB55DCE}"
EndProject
Project("{2150E333-8FDC-42A3-9474-1A3956D46DE8}") = "xrest", "xrest", "{84DE1849-21D2-4A87-9605-B40644CDEB94}"
EndProject
Project("{2150E333-8FDC-42A3-9474-1A3956D46DE8}") = "src", "src", "{28B0CC8E-FB7D-49BA-A25F-6326A95C52C0}"
EndProject
Project("{FAE04EC0-301F-11D3-BF4B-00C04F79EFBC}") = "Annium.XRest", "xrest\src\Annium.XRest\Annium.XRest.csproj", "{B7DA40AA-DBA6-4D0C-AAA5-063FBCBE49B9}"
EndProject
Project("{2150E333-8FDC-42A3-9474-1A3956D46DE8}") = "clients", "clients", "{70E5CA41-C070-4A62-84CA-7FBA18016CCF}"
EndProject
Project("{FAE04EC0-301F-11D3-BF4B-00C04F79EFBC}") = "Annium.XRest.Clients.Csharp", "xrest\src\clients\Annium.XRest.Clients.Csharp\Annium.XRest.Clients.Csharp.csproj", "{8E5D1957-1120-41E9-BD61-7800083C2175}"
EndProject
Project("{FAE04EC0-301F-11D3-BF4B-00C04F79EFBC}") = "Annium.XRest.Clients.Shared", "xrest\src\clients\Annium.XRest.Clients.Shared\Annium.XRest.Clients.Shared.csproj", "{D9C46893-B1FB-4077-8546-D2D5E1069E81}"
EndProject
Project("{FAE04EC0-301F-11D3-BF4B-00C04F79EFBC}") = "Annium.XRest.Clients.TypeScript", "xrest\src\clients\Annium.XRest.Clients.TypeScript\Annium.XRest.Clients.TypeScript.csproj", "{76CD87D3-DC95-44E5-BB10-CDFB7CD98459}"
EndProject
Project("{FAE04EC0-301F-11D3-BF4B-00C04F79EFBC}") = "Annium.XRest.Core", "xrest\src\Annium.XRest.Core\Annium.XRest.Core.csproj", "{1047A02D-AE52-459D-9AD2-7F7E5CA28553}"
EndProject
Project("{2150E333-8FDC-42A3-9474-1A3956D46DE8}") = "demo", "demo", "{6A4A0FBF-0A15-4DC2-B34E-AC7CC799BAA0}"
EndProject
Project("{FAE04EC0-301F-11D3-BF4B-00C04F79EFBC}") = "Annium.XRest.Demo.Client", "xrest\demo\Annium.XRest.Demo.Client\Annium.XRest.Demo.Client.csproj", "{19C43EEC-88B9-4E52-9AE9-C9433AF16B84}"
EndProject
Project("{FAE04EC0-301F-11D3-BF4B-00C04F79EFBC}") = "Annium.XRest.Demo.Server", "xrest\demo\Annium.XRest.Demo.Server\Annium.XRest.Demo.Server.csproj", "{30BD7E25-7227-4D58-AB61-06AC4F415395}"
EndProject
Project("{2150E333-8FDC-42A3-9474-1A3956D46DE8}") = "sources", "sources", "{95A1F6CA-DCAB-4C94-964F-546B9735448C}"
EndProject
Project("{FAE04EC0-301F-11D3-BF4B-00C04F79EFBC}") = "Annium.XRest.Sources.AspNetCore", "xrest\src\sources\Annium.XRest.Sources.AspNetCore\Annium.XRest.Sources.AspNetCore.csproj", "{B3CEA55B-5E47-4376-A01C-B3052403CA24}"
EndProject
Project("{FAE04EC0-301F-11D3-BF4B-00C04F79EFBC}") = "Annium.XRest.Sources.Shared", "xrest\src\sources\Annium.XRest.Sources.Shared\Annium.XRest.Sources.Shared.csproj", "{76569C12-E652-45E0-AA71-9ED511D9C226}"
EndProject
Project("{2150E333-8FDC-42A3-9474-1A3956D46DE8}") = "xsass", "xsass", "{6FF4EAFE-F484-471D-B9BF-A9E3A6EFC001}"
EndProject
Project("{2150E333-8FDC-42A3-9474-1A3956D46DE8}") = "src", "src", "{0F5BEF9A-CEF7-46E3-A1EF-73E5D10E2AAE}"
EndProject
Project("{FAE04EC0-301F-11D3-BF4B-00C04F79EFBC}") = "XSass", "xsass\src\XSass\XSass.csproj", "{59A14A2F-7D57-4BF4-BC9F-E4A647507C02}"
EndProject
Project("{2150E333-8FDC-42A3-9474-1A3956D46DE8}") = "xws", "xws", "{D2C2A33B-D13F-4F2F-ADEB-DC44F80B6135}"
EndProject
Project("{2150E333-8FDC-42A3-9474-1A3956D46DE8}") = "src", "src", "{D099B596-5E52-4023-B627-2B6371ACB120}"
EndProject
Project("{FAE04EC0-301F-11D3-BF4B-00C04F79EFBC}") = "Xws", "xws\src\Xws\Xws.csproj", "{9CF78C21-E474-4733-917A-CD26D2FA7553}"
EndProject
Global
	GlobalSection(SolutionConfigurationPlatforms) = preSolution
		Debug|Any CPU = Debug|Any CPU
		Release|Any CPU = Release|Any CPU
	EndGlobalSection
	GlobalSection(SolutionProperties) = preSolution
		HideSolutionNode = FALSE
	EndGlobalSection
	GlobalSection(ProjectConfigurationPlatforms) = postSolution
		{DA08D862-DDAD-4059-BD5F-2DCE87BC2B82}.Debug|Any CPU.ActiveCfg = Debug|Any CPU
		{DA08D862-DDAD-4059-BD5F-2DCE87BC2B82}.Debug|Any CPU.Build.0 = Debug|Any CPU
		{DA08D862-DDAD-4059-BD5F-2DCE87BC2B82}.Release|Any CPU.ActiveCfg = Release|Any CPU
		{DA08D862-DDAD-4059-BD5F-2DCE87BC2B82}.Release|Any CPU.Build.0 = Release|Any CPU
		{CE36B158-9CA3-46A1-8EB6-603B7D1CA1D2}.Debug|Any CPU.ActiveCfg = Debug|Any CPU
		{CE36B158-9CA3-46A1-8EB6-603B7D1CA1D2}.Debug|Any CPU.Build.0 = Debug|Any CPU
		{CE36B158-9CA3-46A1-8EB6-603B7D1CA1D2}.Release|Any CPU.ActiveCfg = Release|Any CPU
		{CE36B158-9CA3-46A1-8EB6-603B7D1CA1D2}.Release|Any CPU.Build.0 = Release|Any CPU
		{AC687DB6-B45B-421A-9D33-8636EE10A549}.Debug|Any CPU.ActiveCfg = Debug|Any CPU
		{AC687DB6-B45B-421A-9D33-8636EE10A549}.Debug|Any CPU.Build.0 = Debug|Any CPU
		{AC687DB6-B45B-421A-9D33-8636EE10A549}.Release|Any CPU.ActiveCfg = Release|Any CPU
		{AC687DB6-B45B-421A-9D33-8636EE10A549}.Release|Any CPU.Build.0 = Release|Any CPU
		{46A000DD-584F-4776-8FF1-3369F5C46ED6}.Debug|Any CPU.ActiveCfg = Debug|Any CPU
		{46A000DD-584F-4776-8FF1-3369F5C46ED6}.Debug|Any CPU.Build.0 = Debug|Any CPU
		{46A000DD-584F-4776-8FF1-3369F5C46ED6}.Release|Any CPU.ActiveCfg = Release|Any CPU
		{46A000DD-584F-4776-8FF1-3369F5C46ED6}.Release|Any CPU.Build.0 = Release|Any CPU
		{92542880-29AE-474E-B2CF-2BF08891387D}.Debug|Any CPU.ActiveCfg = Debug|Any CPU
		{92542880-29AE-474E-B2CF-2BF08891387D}.Debug|Any CPU.Build.0 = Debug|Any CPU
		{92542880-29AE-474E-B2CF-2BF08891387D}.Release|Any CPU.ActiveCfg = Release|Any CPU
		{92542880-29AE-474E-B2CF-2BF08891387D}.Release|Any CPU.Build.0 = Release|Any CPU
		{14016BD3-AF9B-49C9-869A-A4097266C5A0}.Debug|Any CPU.ActiveCfg = Debug|Any CPU
		{14016BD3-AF9B-49C9-869A-A4097266C5A0}.Debug|Any CPU.Build.0 = Debug|Any CPU
		{14016BD3-AF9B-49C9-869A-A4097266C5A0}.Release|Any CPU.ActiveCfg = Release|Any CPU
		{14016BD3-AF9B-49C9-869A-A4097266C5A0}.Release|Any CPU.Build.0 = Release|Any CPU
		{DF233A9A-2554-4C7B-838D-82B6DE7B4725}.Debug|Any CPU.ActiveCfg = Debug|Any CPU
		{DF233A9A-2554-4C7B-838D-82B6DE7B4725}.Debug|Any CPU.Build.0 = Debug|Any CPU
		{DF233A9A-2554-4C7B-838D-82B6DE7B4725}.Release|Any CPU.ActiveCfg = Release|Any CPU
		{DF233A9A-2554-4C7B-838D-82B6DE7B4725}.Release|Any CPU.Build.0 = Release|Any CPU
		{8FBA7DF4-F1FD-4912-9ACB-BA55C84B1E1A}.Debug|Any CPU.ActiveCfg = Debug|Any CPU
		{8FBA7DF4-F1FD-4912-9ACB-BA55C84B1E1A}.Debug|Any CPU.Build.0 = Debug|Any CPU
		{8FBA7DF4-F1FD-4912-9ACB-BA55C84B1E1A}.Release|Any CPU.ActiveCfg = Release|Any CPU
		{8FBA7DF4-F1FD-4912-9ACB-BA55C84B1E1A}.Release|Any CPU.Build.0 = Release|Any CPU
		{2885661A-1C41-4A7E-BC3C-47FBD463A1E2}.Debug|Any CPU.ActiveCfg = Debug|Any CPU
		{2885661A-1C41-4A7E-BC3C-47FBD463A1E2}.Debug|Any CPU.Build.0 = Debug|Any CPU
		{2885661A-1C41-4A7E-BC3C-47FBD463A1E2}.Release|Any CPU.ActiveCfg = Release|Any CPU
		{2885661A-1C41-4A7E-BC3C-47FBD463A1E2}.Release|Any CPU.Build.0 = Release|Any CPU
		{C9EF23A9-1769-4EEE-A7DD-21872D26201A}.Debug|Any CPU.ActiveCfg = Debug|Any CPU
		{C9EF23A9-1769-4EEE-A7DD-21872D26201A}.Debug|Any CPU.Build.0 = Debug|Any CPU
		{C9EF23A9-1769-4EEE-A7DD-21872D26201A}.Release|Any CPU.ActiveCfg = Release|Any CPU
		{C9EF23A9-1769-4EEE-A7DD-21872D26201A}.Release|Any CPU.Build.0 = Release|Any CPU
		{243A9B7F-F719-4C41-BABD-D544AF6AD0E9}.Debug|Any CPU.ActiveCfg = Debug|Any CPU
		{243A9B7F-F719-4C41-BABD-D544AF6AD0E9}.Debug|Any CPU.Build.0 = Debug|Any CPU
		{243A9B7F-F719-4C41-BABD-D544AF6AD0E9}.Release|Any CPU.ActiveCfg = Release|Any CPU
		{243A9B7F-F719-4C41-BABD-D544AF6AD0E9}.Release|Any CPU.Build.0 = Release|Any CPU
		{CEDD569C-0D72-4C7B-B7A2-68AF33EC2052}.Debug|Any CPU.ActiveCfg = Debug|Any CPU
		{CEDD569C-0D72-4C7B-B7A2-68AF33EC2052}.Debug|Any CPU.Build.0 = Debug|Any CPU
		{CEDD569C-0D72-4C7B-B7A2-68AF33EC2052}.Release|Any CPU.ActiveCfg = Release|Any CPU
		{CEDD569C-0D72-4C7B-B7A2-68AF33EC2052}.Release|Any CPU.Build.0 = Release|Any CPU
		{0378ABE0-D237-4AFC-AE6E-8729F694167A}.Debug|Any CPU.ActiveCfg = Debug|Any CPU
		{0378ABE0-D237-4AFC-AE6E-8729F694167A}.Debug|Any CPU.Build.0 = Debug|Any CPU
		{0378ABE0-D237-4AFC-AE6E-8729F694167A}.Release|Any CPU.ActiveCfg = Release|Any CPU
		{0378ABE0-D237-4AFC-AE6E-8729F694167A}.Release|Any CPU.Build.0 = Release|Any CPU
		{2E3702F5-C96D-4E0F-8495-3359906B7B83}.Debug|Any CPU.ActiveCfg = Debug|Any CPU
		{2E3702F5-C96D-4E0F-8495-3359906B7B83}.Debug|Any CPU.Build.0 = Debug|Any CPU
		{2E3702F5-C96D-4E0F-8495-3359906B7B83}.Release|Any CPU.ActiveCfg = Release|Any CPU
		{2E3702F5-C96D-4E0F-8495-3359906B7B83}.Release|Any CPU.Build.0 = Release|Any CPU
		{09FEF41D-BBB8-4F64-BE80-9526FB14F309}.Debug|Any CPU.ActiveCfg = Debug|Any CPU
		{09FEF41D-BBB8-4F64-BE80-9526FB14F309}.Debug|Any CPU.Build.0 = Debug|Any CPU
		{09FEF41D-BBB8-4F64-BE80-9526FB14F309}.Release|Any CPU.ActiveCfg = Release|Any CPU
		{09FEF41D-BBB8-4F64-BE80-9526FB14F309}.Release|Any CPU.Build.0 = Release|Any CPU
		{7D7C45E0-86AF-4E00-92D7-F96BA26881B3}.Debug|Any CPU.ActiveCfg = Debug|Any CPU
		{7D7C45E0-86AF-4E00-92D7-F96BA26881B3}.Debug|Any CPU.Build.0 = Debug|Any CPU
		{7D7C45E0-86AF-4E00-92D7-F96BA26881B3}.Release|Any CPU.ActiveCfg = Release|Any CPU
		{7D7C45E0-86AF-4E00-92D7-F96BA26881B3}.Release|Any CPU.Build.0 = Release|Any CPU
		{CD825378-040A-4846-9552-50AA26510D41}.Debug|Any CPU.ActiveCfg = Debug|Any CPU
		{CD825378-040A-4846-9552-50AA26510D41}.Debug|Any CPU.Build.0 = Debug|Any CPU
		{CD825378-040A-4846-9552-50AA26510D41}.Release|Any CPU.ActiveCfg = Release|Any CPU
		{CD825378-040A-4846-9552-50AA26510D41}.Release|Any CPU.Build.0 = Release|Any CPU
		{71AC40B6-C994-43B9-B96C-B4879AAF0C9F}.Debug|Any CPU.ActiveCfg = Debug|Any CPU
		{71AC40B6-C994-43B9-B96C-B4879AAF0C9F}.Debug|Any CPU.Build.0 = Debug|Any CPU
		{71AC40B6-C994-43B9-B96C-B4879AAF0C9F}.Release|Any CPU.ActiveCfg = Release|Any CPU
		{71AC40B6-C994-43B9-B96C-B4879AAF0C9F}.Release|Any CPU.Build.0 = Release|Any CPU
		{758428E5-BEDE-433E-B9F3-D4CD381E0598}.Debug|Any CPU.ActiveCfg = Debug|Any CPU
		{758428E5-BEDE-433E-B9F3-D4CD381E0598}.Debug|Any CPU.Build.0 = Debug|Any CPU
		{758428E5-BEDE-433E-B9F3-D4CD381E0598}.Release|Any CPU.ActiveCfg = Release|Any CPU
		{758428E5-BEDE-433E-B9F3-D4CD381E0598}.Release|Any CPU.Build.0 = Release|Any CPU
		{EAF497D4-D2F0-4A1C-AA05-7F7DCF71136B}.Debug|Any CPU.ActiveCfg = Debug|Any CPU
		{EAF497D4-D2F0-4A1C-AA05-7F7DCF71136B}.Debug|Any CPU.Build.0 = Debug|Any CPU
		{EAF497D4-D2F0-4A1C-AA05-7F7DCF71136B}.Release|Any CPU.ActiveCfg = Release|Any CPU
		{EAF497D4-D2F0-4A1C-AA05-7F7DCF71136B}.Release|Any CPU.Build.0 = Release|Any CPU
		{C6366381-0F97-4BB1-98A7-4857E8A33812}.Debug|Any CPU.ActiveCfg = Debug|Any CPU
		{C6366381-0F97-4BB1-98A7-4857E8A33812}.Debug|Any CPU.Build.0 = Debug|Any CPU
		{C6366381-0F97-4BB1-98A7-4857E8A33812}.Release|Any CPU.ActiveCfg = Release|Any CPU
		{C6366381-0F97-4BB1-98A7-4857E8A33812}.Release|Any CPU.Build.0 = Release|Any CPU
		{01437760-1921-4759-8828-DEA0585ED11C}.Debug|Any CPU.ActiveCfg = Debug|Any CPU
		{01437760-1921-4759-8828-DEA0585ED11C}.Debug|Any CPU.Build.0 = Debug|Any CPU
		{01437760-1921-4759-8828-DEA0585ED11C}.Release|Any CPU.ActiveCfg = Release|Any CPU
		{01437760-1921-4759-8828-DEA0585ED11C}.Release|Any CPU.Build.0 = Release|Any CPU
		{4A2074AE-5DCF-48EC-A45B-8238271036A5}.Debug|Any CPU.ActiveCfg = Debug|Any CPU
		{4A2074AE-5DCF-48EC-A45B-8238271036A5}.Debug|Any CPU.Build.0 = Debug|Any CPU
		{4A2074AE-5DCF-48EC-A45B-8238271036A5}.Release|Any CPU.ActiveCfg = Release|Any CPU
		{4A2074AE-5DCF-48EC-A45B-8238271036A5}.Release|Any CPU.Build.0 = Release|Any CPU
		{77F39915-AEA6-4A9B-9C4C-1EE1FB979B8D}.Debug|Any CPU.ActiveCfg = Debug|Any CPU
		{77F39915-AEA6-4A9B-9C4C-1EE1FB979B8D}.Debug|Any CPU.Build.0 = Debug|Any CPU
		{77F39915-AEA6-4A9B-9C4C-1EE1FB979B8D}.Release|Any CPU.ActiveCfg = Release|Any CPU
		{77F39915-AEA6-4A9B-9C4C-1EE1FB979B8D}.Release|Any CPU.Build.0 = Release|Any CPU
		{90D53F58-784E-4BEB-9BCB-6BC46DB55DCE}.Debug|Any CPU.ActiveCfg = Debug|Any CPU
		{90D53F58-784E-4BEB-9BCB-6BC46DB55DCE}.Debug|Any CPU.Build.0 = Debug|Any CPU
		{90D53F58-784E-4BEB-9BCB-6BC46DB55DCE}.Release|Any CPU.ActiveCfg = Release|Any CPU
		{90D53F58-784E-4BEB-9BCB-6BC46DB55DCE}.Release|Any CPU.Build.0 = Release|Any CPU
		{B7DA40AA-DBA6-4D0C-AAA5-063FBCBE49B9}.Debug|Any CPU.ActiveCfg = Debug|Any CPU
		{B7DA40AA-DBA6-4D0C-AAA5-063FBCBE49B9}.Debug|Any CPU.Build.0 = Debug|Any CPU
		{B7DA40AA-DBA6-4D0C-AAA5-063FBCBE49B9}.Release|Any CPU.ActiveCfg = Release|Any CPU
		{B7DA40AA-DBA6-4D0C-AAA5-063FBCBE49B9}.Release|Any CPU.Build.0 = Release|Any CPU
		{8E5D1957-1120-41E9-BD61-7800083C2175}.Debug|Any CPU.ActiveCfg = Debug|Any CPU
		{8E5D1957-1120-41E9-BD61-7800083C2175}.Debug|Any CPU.Build.0 = Debug|Any CPU
		{8E5D1957-1120-41E9-BD61-7800083C2175}.Release|Any CPU.ActiveCfg = Release|Any CPU
		{8E5D1957-1120-41E9-BD61-7800083C2175}.Release|Any CPU.Build.0 = Release|Any CPU
		{D9C46893-B1FB-4077-8546-D2D5E1069E81}.Debug|Any CPU.ActiveCfg = Debug|Any CPU
		{D9C46893-B1FB-4077-8546-D2D5E1069E81}.Debug|Any CPU.Build.0 = Debug|Any CPU
		{D9C46893-B1FB-4077-8546-D2D5E1069E81}.Release|Any CPU.ActiveCfg = Release|Any CPU
		{D9C46893-B1FB-4077-8546-D2D5E1069E81}.Release|Any CPU.Build.0 = Release|Any CPU
		{76CD87D3-DC95-44E5-BB10-CDFB7CD98459}.Debug|Any CPU.ActiveCfg = Debug|Any CPU
		{76CD87D3-DC95-44E5-BB10-CDFB7CD98459}.Debug|Any CPU.Build.0 = Debug|Any CPU
		{76CD87D3-DC95-44E5-BB10-CDFB7CD98459}.Release|Any CPU.ActiveCfg = Release|Any CPU
		{76CD87D3-DC95-44E5-BB10-CDFB7CD98459}.Release|Any CPU.Build.0 = Release|Any CPU
		{1047A02D-AE52-459D-9AD2-7F7E5CA28553}.Debug|Any CPU.ActiveCfg = Debug|Any CPU
		{1047A02D-AE52-459D-9AD2-7F7E5CA28553}.Debug|Any CPU.Build.0 = Debug|Any CPU
		{1047A02D-AE52-459D-9AD2-7F7E5CA28553}.Release|Any CPU.ActiveCfg = Release|Any CPU
		{1047A02D-AE52-459D-9AD2-7F7E5CA28553}.Release|Any CPU.Build.0 = Release|Any CPU
		{19C43EEC-88B9-4E52-9AE9-C9433AF16B84}.Debug|Any CPU.ActiveCfg = Debug|Any CPU
		{19C43EEC-88B9-4E52-9AE9-C9433AF16B84}.Debug|Any CPU.Build.0 = Debug|Any CPU
		{19C43EEC-88B9-4E52-9AE9-C9433AF16B84}.Release|Any CPU.ActiveCfg = Release|Any CPU
		{19C43EEC-88B9-4E52-9AE9-C9433AF16B84}.Release|Any CPU.Build.0 = Release|Any CPU
		{30BD7E25-7227-4D58-AB61-06AC4F415395}.Debug|Any CPU.ActiveCfg = Debug|Any CPU
		{30BD7E25-7227-4D58-AB61-06AC4F415395}.Debug|Any CPU.Build.0 = Debug|Any CPU
		{30BD7E25-7227-4D58-AB61-06AC4F415395}.Release|Any CPU.ActiveCfg = Release|Any CPU
		{30BD7E25-7227-4D58-AB61-06AC4F415395}.Release|Any CPU.Build.0 = Release|Any CPU
		{B3CEA55B-5E47-4376-A01C-B3052403CA24}.Debug|Any CPU.ActiveCfg = Debug|Any CPU
		{B3CEA55B-5E47-4376-A01C-B3052403CA24}.Debug|Any CPU.Build.0 = Debug|Any CPU
		{B3CEA55B-5E47-4376-A01C-B3052403CA24}.Release|Any CPU.ActiveCfg = Release|Any CPU
		{B3CEA55B-5E47-4376-A01C-B3052403CA24}.Release|Any CPU.Build.0 = Release|Any CPU
		{76569C12-E652-45E0-AA71-9ED511D9C226}.Debug|Any CPU.ActiveCfg = Debug|Any CPU
		{76569C12-E652-45E0-AA71-9ED511D9C226}.Debug|Any CPU.Build.0 = Debug|Any CPU
		{76569C12-E652-45E0-AA71-9ED511D9C226}.Release|Any CPU.ActiveCfg = Release|Any CPU
		{76569C12-E652-45E0-AA71-9ED511D9C226}.Release|Any CPU.Build.0 = Release|Any CPU
		{59A14A2F-7D57-4BF4-BC9F-E4A647507C02}.Debug|Any CPU.ActiveCfg = Debug|Any CPU
		{59A14A2F-7D57-4BF4-BC9F-E4A647507C02}.Debug|Any CPU.Build.0 = Debug|Any CPU
		{59A14A2F-7D57-4BF4-BC9F-E4A647507C02}.Release|Any CPU.ActiveCfg = Release|Any CPU
		{59A14A2F-7D57-4BF4-BC9F-E4A647507C02}.Release|Any CPU.Build.0 = Release|Any CPU
		{9CF78C21-E474-4733-917A-CD26D2FA7553}.Debug|Any CPU.ActiveCfg = Debug|Any CPU
		{9CF78C21-E474-4733-917A-CD26D2FA7553}.Debug|Any CPU.Build.0 = Debug|Any CPU
		{9CF78C21-E474-4733-917A-CD26D2FA7553}.Release|Any CPU.ActiveCfg = Release|Any CPU
		{9CF78C21-E474-4733-917A-CD26D2FA7553}.Release|Any CPU.Build.0 = Release|Any CPU
	EndGlobalSection
	GlobalSection(NestedProjects) = preSolution
		{024BD427-4CE7-427A-A6E0-464E3B5E19A8} = {B36DD93C-AB73-44FD-BAC4-F61EE762603E}
		{DA08D862-DDAD-4059-BD5F-2DCE87BC2B82} = {024BD427-4CE7-427A-A6E0-464E3B5E19A8}
		{CE36B158-9CA3-46A1-8EB6-603B7D1CA1D2} = {024BD427-4CE7-427A-A6E0-464E3B5E19A8}
		{AC687DB6-B45B-421A-9D33-8636EE10A549} = {024BD427-4CE7-427A-A6E0-464E3B5E19A8}
		{46A000DD-584F-4776-8FF1-3369F5C46ED6} = {024BD427-4CE7-427A-A6E0-464E3B5E19A8}
		{92542880-29AE-474E-B2CF-2BF08891387D} = {024BD427-4CE7-427A-A6E0-464E3B5E19A8}
		{14016BD3-AF9B-49C9-869A-A4097266C5A0} = {024BD427-4CE7-427A-A6E0-464E3B5E19A8}
		{DF233A9A-2554-4C7B-838D-82B6DE7B4725} = {024BD427-4CE7-427A-A6E0-464E3B5E19A8}
		{A77A0C76-74A7-4C80-8A24-9B4E792549FF} = {CAD1C16C-029A-4417-989C-48E81B3F7019}
		{8FBA7DF4-F1FD-4912-9ACB-BA55C84B1E1A} = {A77A0C76-74A7-4C80-8A24-9B4E792549FF}
		{39DFAD5C-8C44-4135-ABD0-E36AB2D3ED2D} = {457FDC6E-5194-4CC4-AFC6-7A5E4695778F}
		{2885661A-1C41-4A7E-BC3C-47FBD463A1E2} = {39DFAD5C-8C44-4135-ABD0-E36AB2D3ED2D}
		{C9EF23A9-1769-4EEE-A7DD-21872D26201A} = {39DFAD5C-8C44-4135-ABD0-E36AB2D3ED2D}
		{058D2BC3-B7C0-459F-8F5D-B87E759994EF} = {87422F23-19B1-41A4-9491-9A7D69AD3F75}
		{243A9B7F-F719-4C41-BABD-D544AF6AD0E9} = {058D2BC3-B7C0-459F-8F5D-B87E759994EF}
		{BBEFC74C-D332-4F9A-8EDB-2E47AFCCC918} = {543E5664-06C1-48DA-8537-1FDC5FF2CF35}
		{CEDD569C-0D72-4C7B-B7A2-68AF33EC2052} = {BBEFC74C-D332-4F9A-8EDB-2E47AFCCC918}
		{14594482-7461-4CD5-810B-1A25F6E0D548} = {42C88E20-DFF0-4599-9157-3E77DD1BDEDA}
		{0378ABE0-D237-4AFC-AE6E-8729F694167A} = {14594482-7461-4CD5-810B-1A25F6E0D548}
		{F394044F-0B68-48AC-8A86-88287FF3AFA5} = {F64CC70E-6445-498A-A519-3A0ADCDD55AD}
		{09FEF41D-BBB8-4F64-BE80-9526FB14F309} = {F394044F-0B68-48AC-8A86-88287FF3AFA5}
		{293BDE54-E520-4A2B-8D62-41E3EBB169B4} = {99849B2B-13CB-46BD-93B4-F6115058F477}
		{7D7C45E0-86AF-4E00-92D7-F96BA26881B3} = {293BDE54-E520-4A2B-8D62-41E3EBB169B4}
		{41F25201-C4FC-478C-9015-D318E86A964D} = {DF4A2177-8DDC-496E-A9F9-7B0231C51D69}
		{CD825378-040A-4846-9552-50AA26510D41} = {41F25201-C4FC-478C-9015-D318E86A964D}
		{71AC40B6-C994-43B9-B96C-B4879AAF0C9F} = {A77A0C76-74A7-4C80-8A24-9B4E792549FF}
		{0EF9AC40-D398-4491-A0C3-A668C0990D04} = {A77A0C76-74A7-4C80-8A24-9B4E792549FF}
		{758428E5-BEDE-433E-B9F3-D4CD381E0598} = {0EF9AC40-D398-4491-A0C3-A668C0990D04}
		{EAF497D4-D2F0-4A1C-AA05-7F7DCF71136B} = {0EF9AC40-D398-4491-A0C3-A668C0990D04}
		{C6366381-0F97-4BB1-98A7-4857E8A33812} = {0EF9AC40-D398-4491-A0C3-A668C0990D04}
		{01437760-1921-4759-8828-DEA0585ED11C} = {A77A0C76-74A7-4C80-8A24-9B4E792549FF}
		{8C2D9AA2-C5D6-4DF6-ACDD-B428D5270807} = {A77A0C76-74A7-4C80-8A24-9B4E792549FF}
		{4A2074AE-5DCF-48EC-A45B-8238271036A5} = {8C2D9AA2-C5D6-4DF6-ACDD-B428D5270807}
		{77F39915-AEA6-4A9B-9C4C-1EE1FB979B8D} = {8C2D9AA2-C5D6-4DF6-ACDD-B428D5270807}
		{90D53F58-784E-4BEB-9BCB-6BC46DB55DCE} = {8C2D9AA2-C5D6-4DF6-ACDD-B428D5270807}
		{28B0CC8E-FB7D-49BA-A25F-6326A95C52C0} = {84DE1849-21D2-4A87-9605-B40644CDEB94}
		{B7DA40AA-DBA6-4D0C-AAA5-063FBCBE49B9} = {28B0CC8E-FB7D-49BA-A25F-6326A95C52C0}
		{70E5CA41-C070-4A62-84CA-7FBA18016CCF} = {28B0CC8E-FB7D-49BA-A25F-6326A95C52C0}
		{8E5D1957-1120-41E9-BD61-7800083C2175} = {70E5CA41-C070-4A62-84CA-7FBA18016CCF}
		{D9C46893-B1FB-4077-8546-D2D5E1069E81} = {70E5CA41-C070-4A62-84CA-7FBA18016CCF}
		{76CD87D3-DC95-44E5-BB10-CDFB7CD98459} = {70E5CA41-C070-4A62-84CA-7FBA18016CCF}
		{1047A02D-AE52-459D-9AD2-7F7E5CA28553} = {28B0CC8E-FB7D-49BA-A25F-6326A95C52C0}
		{6A4A0FBF-0A15-4DC2-B34E-AC7CC799BAA0} = {84DE1849-21D2-4A87-9605-B40644CDEB94}
		{19C43EEC-88B9-4E52-9AE9-C9433AF16B84} = {6A4A0FBF-0A15-4DC2-B34E-AC7CC799BAA0}
		{30BD7E25-7227-4D58-AB61-06AC4F415395} = {6A4A0FBF-0A15-4DC2-B34E-AC7CC799BAA0}
		{95A1F6CA-DCAB-4C94-964F-546B9735448C} = {28B0CC8E-FB7D-49BA-A25F-6326A95C52C0}
		{B3CEA55B-5E47-4376-A01C-B3052403CA24} = {95A1F6CA-DCAB-4C94-964F-546B9735448C}
		{76569C12-E652-45E0-AA71-9ED511D9C226} = {95A1F6CA-DCAB-4C94-964F-546B9735448C}
		{0F5BEF9A-CEF7-46E3-A1EF-73E5D10E2AAE} = {6FF4EAFE-F484-471D-B9BF-A9E3A6EFC001}
		{59A14A2F-7D57-4BF4-BC9F-E4A647507C02} = {0F5BEF9A-CEF7-46E3-A1EF-73E5D10E2AAE}
		{D099B596-5E52-4023-B627-2B6371ACB120} = {D2C2A33B-D13F-4F2F-ADEB-DC44F80B6135}
		{9CF78C21-E474-4733-917A-CD26D2FA7553} = {D099B596-5E52-4023-B627-2B6371ACB120}
	EndGlobalSection
EndGlobal
