
Microsoft Visual Studio Solution File, Format Version 12.00
# Visual Studio Version 17
VisualStudioVersion = 17.0.31903.59
MinimumVisualStudioVersion = 10.0.40219.1
Project("{2150E333-8FDC-42A3-9474-1A3956D46DE8}") = "xbackup", "xbackup", "{B36DD93C-AB73-44FD-BAC4-F61EE762603E}"
EndProject
Project("{2150E333-8FDC-42A3-9474-1A3956D46DE8}") = "src", "src", "{024BD427-4CE7-427A-A6E0-464E3B5E19A8}"
EndProject
Project("{FAE04EC0-301F-11D3-BF4B-00C04F79EFBC}") = "Backuper.Api", "xbackup\src\Backuper.Api\Backuper.Api.csproj", "{DA08D862-DDAD-4059-BD5F-2DCE87BC2B82}"
EndProject
Project("{FAE04EC0-301F-11D3-BF4B-00C04F79EFBC}") = "Backuper.Connection.Abstract", "xbackup\src\Backuper.Connection.Abstract\Backuper.Connection.Abstract.csproj", "{CE36B158-9CA3-46A1-8EB6-603B7D1CA1D2}"
EndProject
Project("{FAE04EC0-301F-11D3-BF4B-00C04F79EFBC}") = "Backuper.Connection.PostgreSQL", "xbackup\src\Backuper.Connection.PostgreSQL\Backuper.Connection.PostgreSQL.csproj", "{AC687DB6-B45B-421A-9D33-8636EE10A549}"
EndProject
Project("{FAE04EC0-301F-11D3-BF4B-00C04F79EFBC}") = "Backuper.Notification.Abstract", "xbackup\src\Backuper.Notification.Abstract\Backuper.Notification.Abstract.csproj", "{46A000DD-584F-4776-8FF1-3369F5C46ED6}"
EndProject
Project("{FAE04EC0-301F-11D3-BF4B-00C04F79EFBC}") = "Backuper.Notification.Slack", "xbackup\src\Backuper.Notification.Slack\Backuper.Notification.Slack.csproj", "{92542880-29AE-474E-B2CF-2BF08891387D}"
EndProject
Project("{FAE04EC0-301F-11D3-BF4B-00C04F79EFBC}") = "Backuper.Shared", "xbackup\src\Backuper.Shared\Backuper.Shared.csproj", "{14016BD3-AF9B-49C9-869A-A4097266C5A0}"
EndProject
Project("{FAE04EC0-301F-11D3-BF4B-00C04F79EFBC}") = "Backuper.Storage", "xbackup\src\Backuper.Storage\Backuper.Storage.csproj", "{DF233A9A-2554-4C7B-838D-82B6DE7B4725}"
EndProject
Project("{2150E333-8FDC-42A3-9474-1A3956D46DE8}") = "xrest", "xrest", "{84DE1849-21D2-4A87-9605-B40644CDEB94}"
EndProject
Project("{2150E333-8FDC-42A3-9474-1A3956D46DE8}") = "src", "src", "{28B0CC8E-FB7D-49BA-A25F-6326A95C52C0}"
EndProject
Project("{FAE04EC0-301F-11D3-BF4B-00C04F79EFBC}") = "Annium.XRest", "xrest\src\Annium.XRest\Annium.XRest.csproj", "{B7DA40AA-DBA6-4D0C-AAA5-063FBCBE49B9}"
EndProject
Project("{2150E333-8FDC-42A3-9474-1A3956D46DE8}") = "clients", "clients", "{70E5CA41-C070-4A62-84CA-7FBA18016CCF}"
EndProject
Project("{FAE04EC0-301F-11D3-BF4B-00C04F79EFBC}") = "Annium.XRest.Clients.Csharp", "xrest\src\clients\Annium.XRest.Clients.Csharp\Annium.XRest.Clients.Csharp.csproj", "{8E5D1957-1120-41E9-BD61-7800083C2175}"
EndProject
Project("{FAE04EC0-301F-11D3-BF4B-00C04F79EFBC}") = "Annium.XRest.Clients.Shared", "xrest\src\clients\Annium.XRest.Clients.Shared\Annium.XRest.Clients.Shared.csproj", "{D9C46893-B1FB-4077-8546-D2D5E1069E81}"
EndProject
Project("{FAE04EC0-301F-11D3-BF4B-00C04F79EFBC}") = "Annium.XRest.Clients.TypeScript", "xrest\src\clients\Annium.XRest.Clients.TypeScript\Annium.XRest.Clients.TypeScript.csproj", "{76CD87D3-DC95-44E5-BB10-CDFB7CD98459}"
EndProject
Project("{FAE04EC0-301F-11D3-BF4B-00C04F79EFBC}") = "Annium.XRest.Core", "xrest\src\Annium.XRest.Core\Annium.XRest.Core.csproj", "{1047A02D-AE52-459D-9AD2-7F7E5CA28553}"
EndProject
Project("{2150E333-8FDC-42A3-9474-1A3956D46DE8}") = "demo", "demo", "{6A4A0FBF-0A15-4DC2-B34E-AC7CC799BAA0}"
EndProject
Project("{FAE04EC0-301F-11D3-BF4B-00C04F79EFBC}") = "Annium.XRest.Demo.Client", "xrest\demo\Annium.XRest.Demo.Client\Annium.XRest.Demo.Client.csproj", "{19C43EEC-88B9-4E52-9AE9-C9433AF16B84}"
EndProject
Project("{FAE04EC0-301F-11D3-BF4B-00C04F79EFBC}") = "Annium.XRest.Demo.Server", "xrest\demo\Annium.XRest.Demo.Server\Annium.XRest.Demo.Server.csproj", "{30BD7E25-7227-4D58-AB61-06AC4F415395}"
EndProject
Project("{2150E333-8FDC-42A3-9474-1A3956D46DE8}") = "sources", "sources", "{95A1F6CA-DCAB-4C94-964F-546B9735448C}"
EndProject
Project("{FAE04EC0-301F-11D3-BF4B-00C04F79EFBC}") = "Annium.XRest.Sources.AspNetCore", "xrest\src\sources\Annium.XRest.Sources.AspNetCore\Annium.XRest.Sources.AspNetCore.csproj", "{B3CEA55B-5E47-4376-A01C-B3052403CA24}"
EndProject
Project("{FAE04EC0-301F-11D3-BF4B-00C04F79EFBC}") = "Annium.XRest.Sources.Shared", "xrest\src\sources\Annium.XRest.Sources.Shared\Annium.XRest.Sources.Shared.csproj", "{76569C12-E652-45E0-AA71-9ED511D9C226}"
EndProject
Project("{2150E333-8FDC-42A3-9474-1A3956D46DE8}") = "xws", "xws", "{D2C2A33B-D13F-4F2F-ADEB-DC44F80B6135}"
EndProject
Project("{2150E333-8FDC-42A3-9474-1A3956D46DE8}") = "src", "src", "{D099B596-5E52-4023-B627-2B6371ACB120}"
EndProject
Project("{FAE04EC0-301F-11D3-BF4B-00C04F79EFBC}") = "Xws", "xws\src\Xws\Xws.csproj", "{9CF78C21-E474-4733-917A-CD26D2FA7553}"
EndProject
Project("{2150E333-8FDC-42A3-9474-1A3956D46DE8}") = "doclint", "doclint", "{250D9D27-A79F-4250-AF02-8C032DACD468}"
EndProject
Project("{2150E333-8FDC-42A3-9474-1A3956D46DE8}") = "src", "src", "{17ECE2D3-871B-4229-93B7-9B8BE05F861B}"
EndProject
Project("{FAE04EC0-301F-11D3-BF4B-00C04F79EFBC}") = "Annium.DocLint", "doclint\src\Annium.DocLint\Annium.DocLint.csproj", "{D26EF10E-7E32-4FE9-8AE4-6FD4D2699DC7}"
EndProject
Project("{2150E333-8FDC-42A3-9474-1A3956D46DE8}") = "versioning", "versioning", "{765F4C81-16F8-4FC8-9542-1368AAABC0CE}"
EndProject
Project("{2150E333-8FDC-42A3-9474-1A3956D46DE8}") = "src", "src", "{678D1678-0540-4BBB-9D95-6F35C58C2C89}"
EndProject
Project("{FAE04EC0-301F-11D3-BF4B-00C04F79EFBC}") = "Annium.Versioning", "versioning\src\Annium.Versioning\Annium.Versioning.csproj", "{EA700037-C89B-4CFA-8952-0AEAD9013982}"
EndProject
Project("{FAE04EC0-301F-11D3-BF4B-00C04F79EFBC}") = "Annium.Versioning.Tests", "versioning\tests\Annium.Versioning.Tests\Annium.Versioning.Tests.csproj", "{59E2E5EA-9470-451B-881F-FECE6E819937}"
EndProject
Project("{FAE04EC0-301F-11D3-BF4B-00C04F79EFBC}") = "Annium.DocLint.Tests", "doclint\tests\Annium.DocLint.Tests\Annium.DocLint.Tests.csproj", "{80157460-FD4B-4739-B17A-9039FF3D98B3}"
EndProject
Project("{FAE04EC0-301F-11D3-BF4B-00C04F79EFBC}") = "Annium.XRest.Sources.AspNetCore.Tests", "xrest\tests\Annium.XRest.Sources.AspNetCore.Tests\Annium.XRest.Sources.AspNetCore.Tests.csproj", "{8C5DC49E-7FC2-4799-BCFA-02F1CFFDF4C4}"
EndProject
Global
	GlobalSection(SolutionConfigurationPlatforms) = preSolution
		Debug|Any CPU = Debug|Any CPU
		Debug|x64 = Debug|x64
		Debug|x86 = Debug|x86
		Release|Any CPU = Release|Any CPU
		Release|x64 = Release|x64
		Release|x86 = Release|x86
	EndGlobalSection
	GlobalSection(ProjectConfigurationPlatforms) = postSolution
		{DA08D862-DDAD-4059-BD5F-2DCE87BC2B82}.Debug|Any CPU.ActiveCfg = Debug|Any CPU
		{DA08D862-DDAD-4059-BD5F-2DCE87BC2B82}.Debug|Any CPU.Build.0 = Debug|Any CPU
		{DA08D862-DDAD-4059-BD5F-2DCE87BC2B82}.Debug|x64.ActiveCfg = Debug|Any CPU
		{DA08D862-DDAD-4059-BD5F-2DCE87BC2B82}.Debug|x64.Build.0 = Debug|Any CPU
		{DA08D862-DDAD-4059-BD5F-2DCE87BC2B82}.Debug|x86.ActiveCfg = Debug|Any CPU
		{DA08D862-DDAD-4059-BD5F-2DCE87BC2B82}.Debug|x86.Build.0 = Debug|Any CPU
		{DA08D862-DDAD-4059-BD5F-2DCE87BC2B82}.Release|Any CPU.ActiveCfg = Release|Any CPU
		{DA08D862-DDAD-4059-BD5F-2DCE87BC2B82}.Release|Any CPU.Build.0 = Release|Any CPU
		{DA08D862-DDAD-4059-BD5F-2DCE87BC2B82}.Release|x64.ActiveCfg = Release|Any CPU
		{DA08D862-DDAD-4059-BD5F-2DCE87BC2B82}.Release|x64.Build.0 = Release|Any CPU
		{DA08D862-DDAD-4059-BD5F-2DCE87BC2B82}.Release|x86.ActiveCfg = Release|Any CPU
		{DA08D862-DDAD-4059-BD5F-2DCE87BC2B82}.Release|x86.Build.0 = Release|Any CPU
		{CE36B158-9CA3-46A1-8EB6-603B7D1CA1D2}.Debug|Any CPU.ActiveCfg = Debug|Any CPU
		{CE36B158-9CA3-46A1-8EB6-603B7D1CA1D2}.Debug|Any CPU.Build.0 = Debug|Any CPU
		{CE36B158-9CA3-46A1-8EB6-603B7D1CA1D2}.Debug|x64.ActiveCfg = Debug|Any CPU
		{CE36B158-9CA3-46A1-8EB6-603B7D1CA1D2}.Debug|x64.Build.0 = Debug|Any CPU
		{CE36B158-9CA3-46A1-8EB6-603B7D1CA1D2}.Debug|x86.ActiveCfg = Debug|Any CPU
		{CE36B158-9CA3-46A1-8EB6-603B7D1CA1D2}.Debug|x86.Build.0 = Debug|Any CPU
		{CE36B158-9CA3-46A1-8EB6-603B7D1CA1D2}.Release|Any CPU.ActiveCfg = Release|Any CPU
		{CE36B158-9CA3-46A1-8EB6-603B7D1CA1D2}.Release|Any CPU.Build.0 = Release|Any CPU
		{CE36B158-9CA3-46A1-8EB6-603B7D1CA1D2}.Release|x64.ActiveCfg = Release|Any CPU
		{CE36B158-9CA3-46A1-8EB6-603B7D1CA1D2}.Release|x64.Build.0 = Release|Any CPU
		{CE36B158-9CA3-46A1-8EB6-603B7D1CA1D2}.Release|x86.ActiveCfg = Release|Any CPU
		{CE36B158-9CA3-46A1-8EB6-603B7D1CA1D2}.Release|x86.Build.0 = Release|Any CPU
		{AC687DB6-B45B-421A-9D33-8636EE10A549}.Debug|Any CPU.ActiveCfg = Debug|Any CPU
		{AC687DB6-B45B-421A-9D33-8636EE10A549}.Debug|Any CPU.Build.0 = Debug|Any CPU
		{AC687DB6-B45B-421A-9D33-8636EE10A549}.Debug|x64.ActiveCfg = Debug|Any CPU
		{AC687DB6-B45B-421A-9D33-8636EE10A549}.Debug|x64.Build.0 = Debug|Any CPU
		{AC687DB6-B45B-421A-9D33-8636EE10A549}.Debug|x86.ActiveCfg = Debug|Any CPU
		{AC687DB6-B45B-421A-9D33-8636EE10A549}.Debug|x86.Build.0 = Debug|Any CPU
		{AC687DB6-B45B-421A-9D33-8636EE10A549}.Release|Any CPU.ActiveCfg = Release|Any CPU
		{AC687DB6-B45B-421A-9D33-8636EE10A549}.Release|Any CPU.Build.0 = Release|Any CPU
		{AC687DB6-B45B-421A-9D33-8636EE10A549}.Release|x64.ActiveCfg = Release|Any CPU
		{AC687DB6-B45B-421A-9D33-8636EE10A549}.Release|x64.Build.0 = Release|Any CPU
		{AC687DB6-B45B-421A-9D33-8636EE10A549}.Release|x86.ActiveCfg = Release|Any CPU
		{AC687DB6-B45B-421A-9D33-8636EE10A549}.Release|x86.Build.0 = Release|Any CPU
		{46A000DD-584F-4776-8FF1-3369F5C46ED6}.Debug|Any CPU.ActiveCfg = Debug|Any CPU
		{46A000DD-584F-4776-8FF1-3369F5C46ED6}.Debug|Any CPU.Build.0 = Debug|Any CPU
		{46A000DD-584F-4776-8FF1-3369F5C46ED6}.Debug|x64.ActiveCfg = Debug|Any CPU
		{46A000DD-584F-4776-8FF1-3369F5C46ED6}.Debug|x64.Build.0 = Debug|Any CPU
		{46A000DD-584F-4776-8FF1-3369F5C46ED6}.Debug|x86.ActiveCfg = Debug|Any CPU
		{46A000DD-584F-4776-8FF1-3369F5C46ED6}.Debug|x86.Build.0 = Debug|Any CPU
		{46A000DD-584F-4776-8FF1-3369F5C46ED6}.Release|Any CPU.ActiveCfg = Release|Any CPU
		{46A000DD-584F-4776-8FF1-3369F5C46ED6}.Release|Any CPU.Build.0 = Release|Any CPU
		{46A000DD-584F-4776-8FF1-3369F5C46ED6}.Release|x64.ActiveCfg = Release|Any CPU
		{46A000DD-584F-4776-8FF1-3369F5C46ED6}.Release|x64.Build.0 = Release|Any CPU
		{46A000DD-584F-4776-8FF1-3369F5C46ED6}.Release|x86.ActiveCfg = Release|Any CPU
		{46A000DD-584F-4776-8FF1-3369F5C46ED6}.Release|x86.Build.0 = Release|Any CPU
		{92542880-29AE-474E-B2CF-2BF08891387D}.Debug|Any CPU.ActiveCfg = Debug|Any CPU
		{92542880-29AE-474E-B2CF-2BF08891387D}.Debug|Any CPU.Build.0 = Debug|Any CPU
		{92542880-29AE-474E-B2CF-2BF08891387D}.Debug|x64.ActiveCfg = Debug|Any CPU
		{92542880-29AE-474E-B2CF-2BF08891387D}.Debug|x64.Build.0 = Debug|Any CPU
		{92542880-29AE-474E-B2CF-2BF08891387D}.Debug|x86.ActiveCfg = Debug|Any CPU
		{92542880-29AE-474E-B2CF-2BF08891387D}.Debug|x86.Build.0 = Debug|Any CPU
		{92542880-29AE-474E-B2CF-2BF08891387D}.Release|Any CPU.ActiveCfg = Release|Any CPU
		{92542880-29AE-474E-B2CF-2BF08891387D}.Release|Any CPU.Build.0 = Release|Any CPU
		{92542880-29AE-474E-B2CF-2BF08891387D}.Release|x64.ActiveCfg = Release|Any CPU
		{92542880-29AE-474E-B2CF-2BF08891387D}.Release|x64.Build.0 = Release|Any CPU
		{92542880-29AE-474E-B2CF-2BF08891387D}.Release|x86.ActiveCfg = Release|Any CPU
		{92542880-29AE-474E-B2CF-2BF08891387D}.Release|x86.Build.0 = Release|Any CPU
		{14016BD3-AF9B-49C9-869A-A4097266C5A0}.Debug|Any CPU.ActiveCfg = Debug|Any CPU
		{14016BD3-AF9B-49C9-869A-A4097266C5A0}.Debug|Any CPU.Build.0 = Debug|Any CPU
		{14016BD3-AF9B-49C9-869A-A4097266C5A0}.Debug|x64.ActiveCfg = Debug|Any CPU
		{14016BD3-AF9B-49C9-869A-A4097266C5A0}.Debug|x64.Build.0 = Debug|Any CPU
		{14016BD3-AF9B-49C9-869A-A4097266C5A0}.Debug|x86.ActiveCfg = Debug|Any CPU
		{14016BD3-AF9B-49C9-869A-A4097266C5A0}.Debug|x86.Build.0 = Debug|Any CPU
		{14016BD3-AF9B-49C9-869A-A4097266C5A0}.Release|Any CPU.ActiveCfg = Release|Any CPU
		{14016BD3-AF9B-49C9-869A-A4097266C5A0}.Release|Any CPU.Build.0 = Release|Any CPU
		{14016BD3-AF9B-49C9-869A-A4097266C5A0}.Release|x64.ActiveCfg = Release|Any CPU
		{14016BD3-AF9B-49C9-869A-A4097266C5A0}.Release|x64.Build.0 = Release|Any CPU
		{14016BD3-AF9B-49C9-869A-A4097266C5A0}.Release|x86.ActiveCfg = Release|Any CPU
		{14016BD3-AF9B-49C9-869A-A4097266C5A0}.Release|x86.Build.0 = Release|Any CPU
		{DF233A9A-2554-4C7B-838D-82B6DE7B4725}.Debug|Any CPU.ActiveCfg = Debug|Any CPU
		{DF233A9A-2554-4C7B-838D-82B6DE7B4725}.Debug|Any CPU.Build.0 = Debug|Any CPU
		{DF233A9A-2554-4C7B-838D-82B6DE7B4725}.Debug|x64.ActiveCfg = Debug|Any CPU
		{DF233A9A-2554-4C7B-838D-82B6DE7B4725}.Debug|x64.Build.0 = Debug|Any CPU
		{DF233A9A-2554-4C7B-838D-82B6DE7B4725}.Debug|x86.ActiveCfg = Debug|Any CPU
		{DF233A9A-2554-4C7B-838D-82B6DE7B4725}.Debug|x86.Build.0 = Debug|Any CPU
		{DF233A9A-2554-4C7B-838D-82B6DE7B4725}.Release|Any CPU.ActiveCfg = Release|Any CPU
		{DF233A9A-2554-4C7B-838D-82B6DE7B4725}.Release|Any CPU.Build.0 = Release|Any CPU
		{DF233A9A-2554-4C7B-838D-82B6DE7B4725}.Release|x64.ActiveCfg = Release|Any CPU
		{DF233A9A-2554-4C7B-838D-82B6DE7B4725}.Release|x64.Build.0 = Release|Any CPU
		{DF233A9A-2554-4C7B-838D-82B6DE7B4725}.Release|x86.ActiveCfg = Release|Any CPU
		{DF233A9A-2554-4C7B-838D-82B6DE7B4725}.Release|x86.Build.0 = Release|Any CPU
		{B7DA40AA-DBA6-4D0C-AAA5-063FBCBE49B9}.Debug|Any CPU.ActiveCfg = Debug|Any CPU
		{B7DA40AA-DBA6-4D0C-AAA5-063FBCBE49B9}.Debug|Any CPU.Build.0 = Debug|Any CPU
		{B7DA40AA-DBA6-4D0C-AAA5-063FBCBE49B9}.Debug|x64.ActiveCfg = Debug|Any CPU
		{B7DA40AA-DBA6-4D0C-AAA5-063FBCBE49B9}.Debug|x64.Build.0 = Debug|Any CPU
		{B7DA40AA-DBA6-4D0C-AAA5-063FBCBE49B9}.Debug|x86.ActiveCfg = Debug|Any CPU
		{B7DA40AA-DBA6-4D0C-AAA5-063FBCBE49B9}.Debug|x86.Build.0 = Debug|Any CPU
		{B7DA40AA-DBA6-4D0C-AAA5-063FBCBE49B9}.Release|Any CPU.ActiveCfg = Release|Any CPU
		{B7DA40AA-DBA6-4D0C-AAA5-063FBCBE49B9}.Release|Any CPU.Build.0 = Release|Any CPU
		{B7DA40AA-DBA6-4D0C-AAA5-063FBCBE49B9}.Release|x64.ActiveCfg = Release|Any CPU
		{B7DA40AA-DBA6-4D0C-AAA5-063FBCBE49B9}.Release|x64.Build.0 = Release|Any CPU
		{B7DA40AA-DBA6-4D0C-AAA5-063FBCBE49B9}.Release|x86.ActiveCfg = Release|Any CPU
		{B7DA40AA-DBA6-4D0C-AAA5-063FBCBE49B9}.Release|x86.Build.0 = Release|Any CPU
		{8E5D1957-1120-41E9-BD61-7800083C2175}.Debug|Any CPU.ActiveCfg = Debug|Any CPU
		{8E5D1957-1120-41E9-BD61-7800083C2175}.Debug|Any CPU.Build.0 = Debug|Any CPU
		{8E5D1957-1120-41E9-BD61-7800083C2175}.Debug|x64.ActiveCfg = Debug|Any CPU
		{8E5D1957-1120-41E9-BD61-7800083C2175}.Debug|x64.Build.0 = Debug|Any CPU
		{8E5D1957-1120-41E9-BD61-7800083C2175}.Debug|x86.ActiveCfg = Debug|Any CPU
		{8E5D1957-1120-41E9-BD61-7800083C2175}.Debug|x86.Build.0 = Debug|Any CPU
		{8E5D1957-1120-41E9-BD61-7800083C2175}.Release|Any CPU.ActiveCfg = Release|Any CPU
		{8E5D1957-1120-41E9-BD61-7800083C2175}.Release|Any CPU.Build.0 = Release|Any CPU
		{8E5D1957-1120-41E9-BD61-7800083C2175}.Release|x64.ActiveCfg = Release|Any CPU
		{8E5D1957-1120-41E9-BD61-7800083C2175}.Release|x64.Build.0 = Release|Any CPU
		{8E5D1957-1120-41E9-BD61-7800083C2175}.Release|x86.ActiveCfg = Release|Any CPU
		{8E5D1957-1120-41E9-BD61-7800083C2175}.Release|x86.Build.0 = Release|Any CPU
		{D9C46893-B1FB-4077-8546-D2D5E1069E81}.Debug|Any CPU.ActiveCfg = Debug|Any CPU
		{D9C46893-B1FB-4077-8546-D2D5E1069E81}.Debug|Any CPU.Build.0 = Debug|Any CPU
		{D9C46893-B1FB-4077-8546-D2D5E1069E81}.Debug|x64.ActiveCfg = Debug|Any CPU
		{D9C46893-B1FB-4077-8546-D2D5E1069E81}.Debug|x64.Build.0 = Debug|Any CPU
		{D9C46893-B1FB-4077-8546-D2D5E1069E81}.Debug|x86.ActiveCfg = Debug|Any CPU
		{D9C46893-B1FB-4077-8546-D2D5E1069E81}.Debug|x86.Build.0 = Debug|Any CPU
		{D9C46893-B1FB-4077-8546-D2D5E1069E81}.Release|Any CPU.ActiveCfg = Release|Any CPU
		{D9C46893-B1FB-4077-8546-D2D5E1069E81}.Release|Any CPU.Build.0 = Release|Any CPU
		{D9C46893-B1FB-4077-8546-D2D5E1069E81}.Release|x64.ActiveCfg = Release|Any CPU
		{D9C46893-B1FB-4077-8546-D2D5E1069E81}.Release|x64.Build.0 = Release|Any CPU
		{D9C46893-B1FB-4077-8546-D2D5E1069E81}.Release|x86.ActiveCfg = Release|Any CPU
		{D9C46893-B1FB-4077-8546-D2D5E1069E81}.Release|x86.Build.0 = Release|Any CPU
		{76CD87D3-DC95-44E5-BB10-CDFB7CD98459}.Debug|Any CPU.ActiveCfg = Debug|Any CPU
		{76CD87D3-DC95-44E5-BB10-CDFB7CD98459}.Debug|Any CPU.Build.0 = Debug|Any CPU
		{76CD87D3-DC95-44E5-BB10-CDFB7CD98459}.Debug|x64.ActiveCfg = Debug|Any CPU
		{76CD87D3-DC95-44E5-BB10-CDFB7CD98459}.Debug|x64.Build.0 = Debug|Any CPU
		{76CD87D3-DC95-44E5-BB10-CDFB7CD98459}.Debug|x86.ActiveCfg = Debug|Any CPU
		{76CD87D3-DC95-44E5-BB10-CDFB7CD98459}.Debug|x86.Build.0 = Debug|Any CPU
		{76CD87D3-DC95-44E5-BB10-CDFB7CD98459}.Release|Any CPU.ActiveCfg = Release|Any CPU
		{76CD87D3-DC95-44E5-BB10-CDFB7CD98459}.Release|Any CPU.Build.0 = Release|Any CPU
		{76CD87D3-DC95-44E5-BB10-CDFB7CD98459}.Release|x64.ActiveCfg = Release|Any CPU
		{76CD87D3-DC95-44E5-BB10-CDFB7CD98459}.Release|x64.Build.0 = Release|Any CPU
		{76CD87D3-DC95-44E5-BB10-CDFB7CD98459}.Release|x86.ActiveCfg = Release|Any CPU
		{76CD87D3-DC95-44E5-BB10-CDFB7CD98459}.Release|x86.Build.0 = Release|Any CPU
		{1047A02D-AE52-459D-9AD2-7F7E5CA28553}.Debug|Any CPU.ActiveCfg = Debug|Any CPU
		{1047A02D-AE52-459D-9AD2-7F7E5CA28553}.Debug|Any CPU.Build.0 = Debug|Any CPU
		{1047A02D-AE52-459D-9AD2-7F7E5CA28553}.Debug|x64.ActiveCfg = Debug|Any CPU
		{1047A02D-AE52-459D-9AD2-7F7E5CA28553}.Debug|x64.Build.0 = Debug|Any CPU
		{1047A02D-AE52-459D-9AD2-7F7E5CA28553}.Debug|x86.ActiveCfg = Debug|Any CPU
		{1047A02D-AE52-459D-9AD2-7F7E5CA28553}.Debug|x86.Build.0 = Debug|Any CPU
		{1047A02D-AE52-459D-9AD2-7F7E5CA28553}.Release|Any CPU.ActiveCfg = Release|Any CPU
		{1047A02D-AE52-459D-9AD2-7F7E5CA28553}.Release|Any CPU.Build.0 = Release|Any CPU
		{1047A02D-AE52-459D-9AD2-7F7E5CA28553}.Release|x64.ActiveCfg = Release|Any CPU
		{1047A02D-AE52-459D-9AD2-7F7E5CA28553}.Release|x64.Build.0 = Release|Any CPU
		{1047A02D-AE52-459D-9AD2-7F7E5CA28553}.Release|x86.ActiveCfg = Release|Any CPU
		{1047A02D-AE52-459D-9AD2-7F7E5CA28553}.Release|x86.Build.0 = Release|Any CPU
		{19C43EEC-88B9-4E52-9AE9-C9433AF16B84}.Debug|Any CPU.ActiveCfg = Debug|Any CPU
		{19C43EEC-88B9-4E52-9AE9-C9433AF16B84}.Debug|Any CPU.Build.0 = Debug|Any CPU
		{19C43EEC-88B9-4E52-9AE9-C9433AF16B84}.Debug|x64.ActiveCfg = Debug|Any CPU
		{19C43EEC-88B9-4E52-9AE9-C9433AF16B84}.Debug|x64.Build.0 = Debug|Any CPU
		{19C43EEC-88B9-4E52-9AE9-C9433AF16B84}.Debug|x86.ActiveCfg = Debug|Any CPU
		{19C43EEC-88B9-4E52-9AE9-C9433AF16B84}.Debug|x86.Build.0 = Debug|Any CPU
		{19C43EEC-88B9-4E52-9AE9-C9433AF16B84}.Release|Any CPU.ActiveCfg = Release|Any CPU
		{19C43EEC-88B9-4E52-9AE9-C9433AF16B84}.Release|Any CPU.Build.0 = Release|Any CPU
		{19C43EEC-88B9-4E52-9AE9-C9433AF16B84}.Release|x64.ActiveCfg = Release|Any CPU
		{19C43EEC-88B9-4E52-9AE9-C9433AF16B84}.Release|x64.Build.0 = Release|Any CPU
		{19C43EEC-88B9-4E52-9AE9-C9433AF16B84}.Release|x86.ActiveCfg = Release|Any CPU
		{19C43EEC-88B9-4E52-9AE9-C9433AF16B84}.Release|x86.Build.0 = Release|Any CPU
		{30BD7E25-7227-4D58-AB61-06AC4F415395}.Debug|Any CPU.ActiveCfg = Debug|Any CPU
		{30BD7E25-7227-4D58-AB61-06AC4F415395}.Debug|Any CPU.Build.0 = Debug|Any CPU
		{30BD7E25-7227-4D58-AB61-06AC4F415395}.Debug|x64.ActiveCfg = Debug|Any CPU
		{30BD7E25-7227-4D58-AB61-06AC4F415395}.Debug|x64.Build.0 = Debug|Any CPU
		{30BD7E25-7227-4D58-AB61-06AC4F415395}.Debug|x86.ActiveCfg = Debug|Any CPU
		{30BD7E25-7227-4D58-AB61-06AC4F415395}.Debug|x86.Build.0 = Debug|Any CPU
		{30BD7E25-7227-4D58-AB61-06AC4F415395}.Release|Any CPU.ActiveCfg = Release|Any CPU
		{30BD7E25-7227-4D58-AB61-06AC4F415395}.Release|Any CPU.Build.0 = Release|Any CPU
		{30BD7E25-7227-4D58-AB61-06AC4F415395}.Release|x64.ActiveCfg = Release|Any CPU
		{30BD7E25-7227-4D58-AB61-06AC4F415395}.Release|x64.Build.0 = Release|Any CPU
		{30BD7E25-7227-4D58-AB61-06AC4F415395}.Release|x86.ActiveCfg = Release|Any CPU
		{30BD7E25-7227-4D58-AB61-06AC4F415395}.Release|x86.Build.0 = Release|Any CPU
		{B3CEA55B-5E47-4376-A01C-B3052403CA24}.Debug|Any CPU.ActiveCfg = Debug|Any CPU
		{B3CEA55B-5E47-4376-A01C-B3052403CA24}.Debug|Any CPU.Build.0 = Debug|Any CPU
		{B3CEA55B-5E47-4376-A01C-B3052403CA24}.Debug|x64.ActiveCfg = Debug|Any CPU
		{B3CEA55B-5E47-4376-A01C-B3052403CA24}.Debug|x64.Build.0 = Debug|Any CPU
		{B3CEA55B-5E47-4376-A01C-B3052403CA24}.Debug|x86.ActiveCfg = Debug|Any CPU
		{B3CEA55B-5E47-4376-A01C-B3052403CA24}.Debug|x86.Build.0 = Debug|Any CPU
		{B3CEA55B-5E47-4376-A01C-B3052403CA24}.Release|Any CPU.ActiveCfg = Release|Any CPU
		{B3CEA55B-5E47-4376-A01C-B3052403CA24}.Release|Any CPU.Build.0 = Release|Any CPU
		{B3CEA55B-5E47-4376-A01C-B3052403CA24}.Release|x64.ActiveCfg = Release|Any CPU
		{B3CEA55B-5E47-4376-A01C-B3052403CA24}.Release|x64.Build.0 = Release|Any CPU
		{B3CEA55B-5E47-4376-A01C-B3052403CA24}.Release|x86.ActiveCfg = Release|Any CPU
		{B3CEA55B-5E47-4376-A01C-B3052403CA24}.Release|x86.Build.0 = Release|Any CPU
		{76569C12-E652-45E0-AA71-9ED511D9C226}.Debug|Any CPU.ActiveCfg = Debug|Any CPU
		{76569C12-E652-45E0-AA71-9ED511D9C226}.Debug|Any CPU.Build.0 = Debug|Any CPU
		{76569C12-E652-45E0-AA71-9ED511D9C226}.Debug|x64.ActiveCfg = Debug|Any CPU
		{76569C12-E652-45E0-AA71-9ED511D9C226}.Debug|x64.Build.0 = Debug|Any CPU
		{76569C12-E652-45E0-AA71-9ED511D9C226}.Debug|x86.ActiveCfg = Debug|Any CPU
		{76569C12-E652-45E0-AA71-9ED511D9C226}.Debug|x86.Build.0 = Debug|Any CPU
		{76569C12-E652-45E0-AA71-9ED511D9C226}.Release|Any CPU.ActiveCfg = Release|Any CPU
		{76569C12-E652-45E0-AA71-9ED511D9C226}.Release|Any CPU.Build.0 = Release|Any CPU
		{76569C12-E652-45E0-AA71-9ED511D9C226}.Release|x64.ActiveCfg = Release|Any CPU
		{76569C12-E652-45E0-AA71-9ED511D9C226}.Release|x64.Build.0 = Release|Any CPU
		{76569C12-E652-45E0-AA71-9ED511D9C226}.Release|x86.ActiveCfg = Release|Any CPU
		{76569C12-E652-45E0-AA71-9ED511D9C226}.Release|x86.Build.0 = Release|Any CPU
		{9CF78C21-E474-4733-917A-CD26D2FA7553}.Debug|Any CPU.ActiveCfg = Debug|Any CPU
		{9CF78C21-E474-4733-917A-CD26D2FA7553}.Debug|Any CPU.Build.0 = Debug|Any CPU
		{9CF78C21-E474-4733-917A-CD26D2FA7553}.Debug|x64.ActiveCfg = Debug|Any CPU
		{9CF78C21-E474-4733-917A-CD26D2FA7553}.Debug|x64.Build.0 = Debug|Any CPU
		{9CF78C21-E474-4733-917A-CD26D2FA7553}.Debug|x86.ActiveCfg = Debug|Any CPU
		{9CF78C21-E474-4733-917A-CD26D2FA7553}.Debug|x86.Build.0 = Debug|Any CPU
		{9CF78C21-E474-4733-917A-CD26D2FA7553}.Release|Any CPU.ActiveCfg = Release|Any CPU
		{9CF78C21-E474-4733-917A-CD26D2FA7553}.Release|Any CPU.Build.0 = Release|Any CPU
		{9CF78C21-E474-4733-917A-CD26D2FA7553}.Release|x64.ActiveCfg = Release|Any CPU
		{9CF78C21-E474-4733-917A-CD26D2FA7553}.Release|x64.Build.0 = Release|Any CPU
		{9CF78C21-E474-4733-917A-CD26D2FA7553}.Release|x86.ActiveCfg = Release|Any CPU
		{9CF78C21-E474-4733-917A-CD26D2FA7553}.Release|x86.Build.0 = Release|Any CPU
		{D26EF10E-7E32-4FE9-8AE4-6FD4D2699DC7}.Debug|Any CPU.ActiveCfg = Debug|Any CPU
		{D26EF10E-7E32-4FE9-8AE4-6FD4D2699DC7}.Debug|Any CPU.Build.0 = Debug|Any CPU
		{D26EF10E-7E32-4FE9-8AE4-6FD4D2699DC7}.Debug|x64.ActiveCfg = Debug|Any CPU
		{D26EF10E-7E32-4FE9-8AE4-6FD4D2699DC7}.Debug|x64.Build.0 = Debug|Any CPU
		{D26EF10E-7E32-4FE9-8AE4-6FD4D2699DC7}.Debug|x86.ActiveCfg = Debug|Any CPU
		{D26EF10E-7E32-4FE9-8AE4-6FD4D2699DC7}.Debug|x86.Build.0 = Debug|Any CPU
		{D26EF10E-7E32-4FE9-8AE4-6FD4D2699DC7}.Release|Any CPU.ActiveCfg = Release|Any CPU
		{D26EF10E-7E32-4FE9-8AE4-6FD4D2699DC7}.Release|Any CPU.Build.0 = Release|Any CPU
		{D26EF10E-7E32-4FE9-8AE4-6FD4D2699DC7}.Release|x64.ActiveCfg = Release|Any CPU
		{D26EF10E-7E32-4FE9-8AE4-6FD4D2699DC7}.Release|x64.Build.0 = Release|Any CPU
		{D26EF10E-7E32-4FE9-8AE4-6FD4D2699DC7}.Release|x86.ActiveCfg = Release|Any CPU
		{D26EF10E-7E32-4FE9-8AE4-6FD4D2699DC7}.Release|x86.Build.0 = Release|Any CPU
		{EA700037-C89B-4CFA-8952-0AEAD9013982}.Debug|Any CPU.ActiveCfg = Debug|Any CPU
		{EA700037-C89B-4CFA-8952-0AEAD9013982}.Debug|Any CPU.Build.0 = Debug|Any CPU
		{EA700037-C89B-4CFA-8952-0AEAD9013982}.Debug|x64.ActiveCfg = Debug|Any CPU
		{EA700037-C89B-4CFA-8952-0AEAD9013982}.Debug|x64.Build.0 = Debug|Any CPU
		{EA700037-C89B-4CFA-8952-0AEAD9013982}.Debug|x86.ActiveCfg = Debug|Any CPU
		{EA700037-C89B-4CFA-8952-0AEAD9013982}.Debug|x86.Build.0 = Debug|Any CPU
		{EA700037-C89B-4CFA-8952-0AEAD9013982}.Release|Any CPU.ActiveCfg = Release|Any CPU
		{EA700037-C89B-4CFA-8952-0AEAD9013982}.Release|Any CPU.Build.0 = Release|Any CPU
		{EA700037-C89B-4CFA-8952-0AEAD9013982}.Release|x64.ActiveCfg = Release|Any CPU
		{EA700037-C89B-4CFA-8952-0AEAD9013982}.Release|x64.Build.0 = Release|Any CPU
		{EA700037-C89B-4CFA-8952-0AEAD9013982}.Release|x86.ActiveCfg = Release|Any CPU
		{EA700037-C89B-4CFA-8952-0AEAD9013982}.Release|x86.Build.0 = Release|Any CPU
		{59E2E5EA-9470-451B-881F-FECE6E819937}.Debug|Any CPU.ActiveCfg = Debug|Any CPU
		{59E2E5EA-9470-451B-881F-FECE6E819937}.Debug|Any CPU.Build.0 = Debug|Any CPU
		{59E2E5EA-9470-451B-881F-FECE6E819937}.Debug|x64.ActiveCfg = Debug|Any CPU
		{59E2E5EA-9470-451B-881F-FECE6E819937}.Debug|x64.Build.0 = Debug|Any CPU
		{59E2E5EA-9470-451B-881F-FECE6E819937}.Debug|x86.ActiveCfg = Debug|Any CPU
		{59E2E5EA-9470-451B-881F-FECE6E819937}.Debug|x86.Build.0 = Debug|Any CPU
		{59E2E5EA-9470-451B-881F-FECE6E819937}.Release|Any CPU.ActiveCfg = Release|Any CPU
		{59E2E5EA-9470-451B-881F-FECE6E819937}.Release|Any CPU.Build.0 = Release|Any CPU
		{59E2E5EA-9470-451B-881F-FECE6E819937}.Release|x64.ActiveCfg = Release|Any CPU
		{59E2E5EA-9470-451B-881F-FECE6E819937}.Release|x64.Build.0 = Release|Any CPU
		{59E2E5EA-9470-451B-881F-FECE6E819937}.Release|x86.ActiveCfg = Release|Any CPU
		{59E2E5EA-9470-451B-881F-FECE6E819937}.Release|x86.Build.0 = Release|Any CPU
		{80157460-FD4B-4739-B17A-9039FF3D98B3}.Debug|Any CPU.ActiveCfg = Debug|Any CPU
		{80157460-FD4B-4739-B17A-9039FF3D98B3}.Debug|Any CPU.Build.0 = Debug|Any CPU
		{80157460-FD4B-4739-B17A-9039FF3D98B3}.Debug|x64.ActiveCfg = Debug|Any CPU
		{80157460-FD4B-4739-B17A-9039FF3D98B3}.Debug|x64.Build.0 = Debug|Any CPU
		{80157460-FD4B-4739-B17A-9039FF3D98B3}.Debug|x86.ActiveCfg = Debug|Any CPU
		{80157460-FD4B-4739-B17A-9039FF3D98B3}.Debug|x86.Build.0 = Debug|Any CPU
		{80157460-FD4B-4739-B17A-9039FF3D98B3}.Release|Any CPU.ActiveCfg = Release|Any CPU
		{80157460-FD4B-4739-B17A-9039FF3D98B3}.Release|Any CPU.Build.0 = Release|Any CPU
		{80157460-FD4B-4739-B17A-9039FF3D98B3}.Release|x64.ActiveCfg = Release|Any CPU
		{80157460-FD4B-4739-B17A-9039FF3D98B3}.Release|x64.Build.0 = Release|Any CPU
		{80157460-FD4B-4739-B17A-9039FF3D98B3}.Release|x86.ActiveCfg = Release|Any CPU
		{80157460-FD4B-4739-B17A-9039FF3D98B3}.Release|x86.Build.0 = Release|Any CPU
		{8C5DC49E-7FC2-4799-BCFA-02F1CFFDF4C4}.Debug|Any CPU.ActiveCfg = Debug|Any CPU
		{8C5DC49E-7FC2-4799-BCFA-02F1CFFDF4C4}.Debug|Any CPU.Build.0 = Debug|Any CPU
		{8C5DC49E-7FC2-4799-BCFA-02F1CFFDF4C4}.Debug|x64.ActiveCfg = Debug|Any CPU
		{8C5DC49E-7FC2-4799-BCFA-02F1CFFDF4C4}.Debug|x64.Build.0 = Debug|Any CPU
		{8C5DC49E-7FC2-4799-BCFA-02F1CFFDF4C4}.Debug|x86.ActiveCfg = Debug|Any CPU
		{8C5DC49E-7FC2-4799-BCFA-02F1CFFDF4C4}.Debug|x86.Build.0 = Debug|Any CPU
		{8C5DC49E-7FC2-4799-BCFA-02F1CFFDF4C4}.Release|Any CPU.ActiveCfg = Release|Any CPU
		{8C5DC49E-7FC2-4799-BCFA-02F1CFFDF4C4}.Release|Any CPU.Build.0 = Release|Any CPU
		{8C5DC49E-7FC2-4799-BCFA-02F1CFFDF4C4}.Release|x64.ActiveCfg = Release|Any CPU
		{8C5DC49E-7FC2-4799-BCFA-02F1CFFDF4C4}.Release|x64.Build.0 = Release|Any CPU
		{8C5DC49E-7FC2-4799-BCFA-02F1CFFDF4C4}.Release|x86.ActiveCfg = Release|Any CPU
		{8C5DC49E-7FC2-4799-BCFA-02F1CFFDF4C4}.Release|x86.Build.0 = Release|Any CPU
	EndGlobalSection
	GlobalSection(SolutionProperties) = preSolution
		HideSolutionNode = FALSE
	EndGlobalSection
	GlobalSection(NestedProjects) = preSolution
		{024BD427-4CE7-427A-A6E0-464E3B5E19A8} = {B36DD93C-AB73-44FD-BAC4-F61EE762603E}
		{DA08D862-DDAD-4059-BD5F-2DCE87BC2B82} = {024BD427-4CE7-427A-A6E0-464E3B5E19A8}
		{CE36B158-9CA3-46A1-8EB6-603B7D1CA1D2} = {024BD427-4CE7-427A-A6E0-464E3B5E19A8}
		{AC687DB6-B45B-421A-9D33-8636EE10A549} = {024BD427-4CE7-427A-A6E0-464E3B5E19A8}
		{46A000DD-584F-4776-8FF1-3369F5C46ED6} = {024BD427-4CE7-427A-A6E0-464E3B5E19A8}
		{92542880-29AE-474E-B2CF-2BF08891387D} = {024BD427-4CE7-427A-A6E0-464E3B5E19A8}
		{14016BD3-AF9B-49C9-869A-A4097266C5A0} = {024BD427-4CE7-427A-A6E0-464E3B5E19A8}
		{DF233A9A-2554-4C7B-838D-82B6DE7B4725} = {024BD427-4CE7-427A-A6E0-464E3B5E19A8}
		{28B0CC8E-FB7D-49BA-A25F-6326A95C52C0} = {84DE1849-21D2-4A87-9605-B40644CDEB94}
		{B7DA40AA-DBA6-4D0C-AAA5-063FBCBE49B9} = {28B0CC8E-FB7D-49BA-A25F-6326A95C52C0}
		{70E5CA41-C070-4A62-84CA-7FBA18016CCF} = {28B0CC8E-FB7D-49BA-A25F-6326A95C52C0}
		{8E5D1957-1120-41E9-BD61-7800083C2175} = {70E5CA41-C070-4A62-84CA-7FBA18016CCF}
		{D9C46893-B1FB-4077-8546-D2D5E1069E81} = {70E5CA41-C070-4A62-84CA-7FBA18016CCF}
		{76CD87D3-DC95-44E5-BB10-CDFB7CD98459} = {70E5CA41-C070-4A62-84CA-7FBA18016CCF}
		{1047A02D-AE52-459D-9AD2-7F7E5CA28553} = {28B0CC8E-FB7D-49BA-A25F-6326A95C52C0}
		{6A4A0FBF-0A15-4DC2-B34E-AC7CC799BAA0} = {84DE1849-21D2-4A87-9605-B40644CDEB94}
		{19C43EEC-88B9-4E52-9AE9-C9433AF16B84} = {6A4A0FBF-0A15-4DC2-B34E-AC7CC799BAA0}
		{30BD7E25-7227-4D58-AB61-06AC4F415395} = {6A4A0FBF-0A15-4DC2-B34E-AC7CC799BAA0}
		{95A1F6CA-DCAB-4C94-964F-546B9735448C} = {28B0CC8E-FB7D-49BA-A25F-6326A95C52C0}
		{B3CEA55B-5E47-4376-A01C-B3052403CA24} = {95A1F6CA-DCAB-4C94-964F-546B9735448C}
		{76569C12-E652-45E0-AA71-9ED511D9C226} = {95A1F6CA-DCAB-4C94-964F-546B9735448C}
		{D099B596-5E52-4023-B627-2B6371ACB120} = {D2C2A33B-D13F-4F2F-ADEB-DC44F80B6135}
		{9CF78C21-E474-4733-917A-CD26D2FA7553} = {D099B596-5E52-4023-B627-2B6371ACB120}
		{17ECE2D3-871B-4229-93B7-9B8BE05F861B} = {250D9D27-A79F-4250-AF02-8C032DACD468}
		{D26EF10E-7E32-4FE9-8AE4-6FD4D2699DC7} = {17ECE2D3-871B-4229-93B7-9B8BE05F861B}
		{678D1678-0540-4BBB-9D95-6F35C58C2C89} = {765F4C81-16F8-4FC8-9542-1368AAABC0CE}
		{EA700037-C89B-4CFA-8952-0AEAD9013982} = {678D1678-0540-4BBB-9D95-6F35C58C2C89}
		{59E2E5EA-9470-451B-881F-FECE6E819937} = {765F4C81-16F8-4FC8-9542-1368AAABC0CE}
		{80157460-FD4B-4739-B17A-9039FF3D98B3} = {250D9D27-A79F-4250-AF02-8C032DACD468}
		{8C5DC49E-7FC2-4799-BCFA-02F1CFFDF4C4} = {84DE1849-21D2-4A87-9605-B40644CDEB94}
	EndGlobalSection
EndGlobal
