
Microsoft Visual Studio Solution File, Format Version 12.00
# Visual Studio Version 17
VisualStudioVersion = 17.0.31903.59
MinimumVisualStudioVersion = 10.0.40219.1
Project("{2150E333-8FDC-42A3-9474-1A3956D46DE8}") = "Backuper", "Backuper", "{E58FD29D-1F4F-40CA-9CA4-5CD1F3FC9274}"
EndProject
Project("{2150E333-8FDC-42A3-9474-1A3956D46DE8}") = "src", "src", "{82534244-4848-4998-BFCD-A19E934B4755}"
EndProject
Project("{FAE04EC0-301F-11D3-BF4B-00C04F79EFBC}") = "Backuper.Api", "Backuper\src\Backuper.Api\Backuper.Api.csproj", "{DFEC768F-7BDC-47DA-A481-1BABF4E1CFAD}"
EndProject
Project("{FAE04EC0-301F-11D3-BF4B-00C04F79EFBC}") = "Backuper.Connection.Abstract", "Backuper\src\Backuper.Connection.Abstract\Backuper.Connection.Abstract.csproj", "{E93BF8DD-67CF-4A82-801F-48C3C28FADEE}"
EndProject
Project("{FAE04EC0-301F-11D3-BF4B-00C04F79EFBC}") = "Backuper.Connection.PostgreSQL", "Backuper\src\Backuper.Connection.PostgreSQL\Backuper.Connection.PostgreSQL.csproj", "{C1169192-0F3C-4D3F-9955-876E6FCC262A}"
EndProject
Project("{FAE04EC0-301F-11D3-BF4B-00C04F79EFBC}") = "Backuper.Notification.Abstract", "Backuper\src\Backuper.Notification.Abstract\Backuper.Notification.Abstract.csproj", "{DD428903-A91A-430E-A772-94628AF772B6}"
EndProject
Project("{FAE04EC0-301F-11D3-BF4B-00C04F79EFBC}") = "Backuper.Notification.Slack", "Backuper\src\Backuper.Notification.Slack\Backuper.Notification.Slack.csproj", "{CCE35A97-0D80-41D1-B867-88689E8EFBCF}"
EndProject
Project("{FAE04EC0-301F-11D3-BF4B-00C04F79EFBC}") = "Backuper.Shared", "Backuper\src\Backuper.Shared\Backuper.Shared.csproj", "{055B9A59-46C6-4EED-B75D-D69E2B2C9073}"
EndProject
Project("{FAE04EC0-301F-11D3-BF4B-00C04F79EFBC}") = "Backuper.Storage", "Backuper\src\Backuper.Storage\Backuper.Storage.csproj", "{8906CF8F-7C82-4A81-8608-A67529AACE40}"
EndProject
Project("{2150E333-8FDC-42A3-9474-1A3956D46DE8}") = "xmg", "xmg", "{E597F9A3-A421-4AD5-95EB-E634F843CFA7}"
EndProject
Project("{2150E333-8FDC-42A3-9474-1A3956D46DE8}") = "src", "src", "{460C068A-3361-40DD-8659-C576558AC6D0}"
EndProject
Project("{FAE04EC0-301F-11D3-BF4B-00C04F79EFBC}") = "Debugger", "xmg\src\Debugger\Debugger.csproj", "{11438150-03DE-4268-A4F9-4944437337FF}"
EndProject
Project("{2150E333-8FDC-42A3-9474-1A3956D46DE8}") = "MessageBus", "MessageBus", "{F0D73A39-51E6-41A3-8739-B24549FBF84A}"
EndProject
Project("{2150E333-8FDC-42A3-9474-1A3956D46DE8}") = "src", "src", "{50B0B6A1-F7C9-469F-A1A2-0A0FDA45D9CE}"
EndProject
Project("{FAE04EC0-301F-11D3-BF4B-00C04F79EFBC}") = "MessageBus.Proxy", "MessageBus\src\MessageBus.Proxy\MessageBus.Proxy.csproj", "{A5700310-33DB-46E5-AD19-BBF29EDA1A03}"
EndProject
Project("{FAE04EC0-301F-11D3-BF4B-00C04F79EFBC}") = "MessageBus.Sink", "MessageBus\src\MessageBus.Sink\MessageBus.Sink.csproj", "{568C27D3-EA5B-41C0-8F20-A8FA4E5B1B41}"
EndProject
Project("{2150E333-8FDC-42A3-9474-1A3956D46DE8}") = "xa", "xa", "{5C18095F-58D0-4AC6-ADB4-11D6F367FE26}"
EndProject
Project("{2150E333-8FDC-42A3-9474-1A3956D46DE8}") = "src", "src", "{2F3640D5-863F-4C62-BCA1-67AC36DB2361}"
EndProject
Project("{FAE04EC0-301F-11D3-BF4B-00C04F79EFBC}") = "Xa", "xa\src\Xa\Xa.csproj", "{63258B09-533D-42A3-AB66-12AB411F995C}"
EndProject
Project("{2150E333-8FDC-42A3-9474-1A3956D46DE8}") = "xc", "xc", "{D466275A-614A-4A6F-9A0B-06516FBBF3C7}"
EndProject
Project("{2150E333-8FDC-42A3-9474-1A3956D46DE8}") = "src", "src", "{9AFA2357-66E9-46F6-B0E3-7E6BCDCF68CB}"
EndProject
Project("{FAE04EC0-301F-11D3-BF4B-00C04F79EFBC}") = "Xc", "xc\src\Xc\Xc.csproj", "{427A4F5C-7A47-4F8B-A2B2-FC553C956CF5}"
EndProject
Project("{2150E333-8FDC-42A3-9474-1A3956D46DE8}") = "xcert", "xcert", "{1F367BD8-CFD8-46FA-9448-0F23B00B0E85}"
EndProject
Project("{2150E333-8FDC-42A3-9474-1A3956D46DE8}") = "src", "src", "{84A01B4E-BC7A-4F12-9AA8-BEEB73B8EAAC}"
EndProject
Project("{FAE04EC0-301F-11D3-BF4B-00C04F79EFBC}") = "XCert", "xcert\src\XCert\XCert.csproj", "{A0CC42E6-1D36-4F9F-9A30-01292A3DB3D8}"
EndProject
Project("{2150E333-8FDC-42A3-9474-1A3956D46DE8}") = "xdb", "xdb", "{7FA4AF2A-3E39-473A-859D-E0E45FFE30E7}"
EndProject
Project("{2150E333-8FDC-42A3-9474-1A3956D46DE8}") = "src", "src", "{08EE8AD2-0E36-4272-9B60-8262186DCE49}"
EndProject
Project("{FAE04EC0-301F-11D3-BF4B-00C04F79EFBC}") = "Xdb", "xdb\src\Xdb\Xdb.csproj", "{CB9FBE08-BAA1-464A-A199-650434806F96}"
EndProject
Project("{FAE04EC0-301F-11D3-BF4B-00C04F79EFBC}") = "Xdb.Core", "xdb\src\Xdb.Core\Xdb.Core.csproj", "{E11C3F6A-13D9-4D2C-BBD7-4A14769240D9}"
EndProject
Project("{FAE04EC0-301F-11D3-BF4B-00C04F79EFBC}") = "xdomains", "xdomains\xdomains.csproj", "{4D9A39EE-C866-4E2B-8C6F-F3655343A84E}"
EndProject
Project("{2150E333-8FDC-42A3-9474-1A3956D46DE8}") = "xlink", "xlink", "{B44E20BC-B586-4957-B587-88C61B5A768B}"
EndProject
Project("{2150E333-8FDC-42A3-9474-1A3956D46DE8}") = "src", "src", "{F860B4DD-8B6A-409F-B974-25E09DD11560}"
EndProject
Project("{FAE04EC0-301F-11D3-BF4B-00C04F79EFBC}") = "XLink", "xlink\src\XLink\XLink.csproj", "{1375A137-A0B0-4547-9C7F-44769DB84311}"
EndProject
Project("{2150E333-8FDC-42A3-9474-1A3956D46DE8}") = "xlog", "xlog", "{DB349DAF-1282-4A3A-802E-CA45BFA6D4F5}"
EndProject
Project("{2150E333-8FDC-42A3-9474-1A3956D46DE8}") = "src", "src", "{7C2F1C2A-4F8F-4765-8EB5-227F32A103CA}"
EndProject
Project("{FAE04EC0-301F-11D3-BF4B-00C04F79EFBC}") = "XLog", "xlog\src\XLog\XLog.csproj", "{5E824970-AD28-417F-8D77-801D09273966}"
EndProject
Project("{FAE04EC0-301F-11D3-BF4B-00C04F79EFBC}") = "Xmg", "xmg\src\Xmg\Xmg.csproj", "{539984F1-18B6-4816-824D-A01B86B5A1EB}"
EndProject
Project("{2150E333-8FDC-42A3-9474-1A3956D46DE8}") = "Xmg.Configuration", "Xmg.Configuration", "{18C12F86-5FEF-47FD-BD2F-0285D6BFA5E0}"
EndProject
Project("{FAE04EC0-301F-11D3-BF4B-00C04F79EFBC}") = "Xmg.Configuration", "xmg\src\Xmg.Configuration\Xmg.Configuration\Xmg.Configuration.csproj", "{AF5CA086-C21E-4D92-B21E-8A430F62B72B}"
EndProject
Project("{FAE04EC0-301F-11D3-BF4B-00C04F79EFBC}") = "Xmg.Configuration.Abstractions", "xmg\src\Xmg.Configuration\Xmg.Configuration.Abstractions\Xmg.Configuration.Abstractions.csproj", "{4AD1011F-431B-4C3C-82EA-0D48E464416C}"
EndProject
Project("{FAE04EC0-301F-11D3-BF4B-00C04F79EFBC}") = "Xmg.Configuration.linq2db", "xmg\src\Xmg.Configuration\Xmg.Configuration.linq2db\Xmg.Configuration.linq2db.csproj", "{15B12FA1-84F5-426E-BC53-F3C5B70482A9}"
EndProject
Project("{FAE04EC0-301F-11D3-BF4B-00C04F79EFBC}") = "Xmg.Core", "xmg\src\Xmg.Core\Xmg.Core.csproj", "{B092F5F0-9232-4E51-BC18-F51A5E16989A}"
EndProject
Project("{2150E333-8FDC-42A3-9474-1A3956D46DE8}") = "Xmg.Migration", "Xmg.Migration", "{54C93CFE-BA34-44A1-817B-3D0D80B3A8D0}"
EndProject
Project("{FAE04EC0-301F-11D3-BF4B-00C04F79EFBC}") = "Xmg.Migration", "xmg\src\Xmg.Migration\Xmg.Migration\Xmg.Migration.csproj", "{F6A59E8F-A9D0-4F9F-A8D5-10C4C088C68D}"
EndProject
Project("{FAE04EC0-301F-11D3-BF4B-00C04F79EFBC}") = "Xmg.Migration.Abstractions", "xmg\src\Xmg.Migration\Xmg.Migration.Abstractions\Xmg.Migration.Abstractions.csproj", "{E21F6263-8E2E-4C65-8CA1-DAECA242DA2D}"
EndProject
Project("{FAE04EC0-301F-11D3-BF4B-00C04F79EFBC}") = "Xmg.Migration.FluentMigrator", "xmg\src\Xmg.Migration\Xmg.Migration.FluentMigrator\Xmg.Migration.FluentMigrator.csproj", "{18B612B2-3396-4351-AD94-4C9EA829CF44}"
EndProject
Project("{2150E333-8FDC-42A3-9474-1A3956D46DE8}") = "xrest", "xrest", "{4C933BE8-AEC8-4D6D-BE62-92F47A75FE92}"
EndProject
Project("{2150E333-8FDC-42A3-9474-1A3956D46DE8}") = "src", "src", "{523472CD-FEE8-42A9-840E-C110E46B197B}"
EndProject
Project("{FAE04EC0-301F-11D3-BF4B-00C04F79EFBC}") = "XRest", "xrest\src\XRest\XRest.csproj", "{AEBA5780-E8F4-42BB-A8AD-3E2374F0BAEE}"
EndProject
Project("{2150E333-8FDC-42A3-9474-1A3956D46DE8}") = "clients", "clients", "{8B478AF0-47FB-44A9-BD68-D29A6F751653}"
EndProject
Project("{FAE04EC0-301F-11D3-BF4B-00C04F79EFBC}") = "XRest.Clients.Csharp", "xrest\src\clients\XRest.Clients.Csharp\XRest.Clients.Csharp.csproj", "{E5120A19-FC4E-4936-99EA-50F80010189D}"
EndProject
Project("{FAE04EC0-301F-11D3-BF4B-00C04F79EFBC}") = "XRest.Clients.TypeScript", "xrest\src\clients\XRest.Clients.TypeScript\XRest.Clients.TypeScript.csproj", "{C9CC6366-EA61-400F-8E11-FD9C2D6A66C0}"
EndProject
Project("{FAE04EC0-301F-11D3-BF4B-00C04F79EFBC}") = "XRest.Core", "xrest\src\XRest.Core\XRest.Core.csproj", "{5B79405F-40ED-4803-A5FB-0EEF5DB21626}"
EndProject
Project("{2150E333-8FDC-42A3-9474-1A3956D46DE8}") = "test", "test", "{A7675EEF-1A66-424B-8B0A-8537F953545B}"
EndProject
Project("{FAE04EC0-301F-11D3-BF4B-00C04F79EFBC}") = "XRest.Core.Tests", "xrest\test\XRest.Core.Tests\XRest.Core.Tests.csproj", "{59A2C0BE-DCF2-4469-A851-124EC5DDA4FA}"
EndProject
Project("{2150E333-8FDC-42A3-9474-1A3956D46DE8}") = "demo", "demo", "{A8C298B3-A4FC-4339-8A9F-ACE0D723EE78}"
EndProject
Project("{FAE04EC0-301F-11D3-BF4B-00C04F79EFBC}") = "XRest.Demo.Client", "xrest\demo\XRest.Demo.Client\XRest.Demo.Client.csproj", "{0E65C807-4C81-43E4-9A21-82272CB6B750}"
EndProject
Project("{FAE04EC0-301F-11D3-BF4B-00C04F79EFBC}") = "XRest.Demo.Server", "xrest\demo\XRest.Demo.Server\XRest.Demo.Server.csproj", "{190594FF-BE27-42E7-A907-5B8A99F8DAD1}"
EndProject
Project("{2150E333-8FDC-42A3-9474-1A3956D46DE8}") = "plugins", "plugins", "{0F75DEBA-FE67-4E28-B096-E08B9AC51D35}"
EndProject
Project("{FAE04EC0-301F-11D3-BF4B-00C04F79EFBC}") = "XRest.Plugins.AspNetCore", "xrest\src\plugins\XRest.Plugins.AspNetCore\XRest.Plugins.AspNetCore.csproj", "{79317F56-1E45-42F1-A254-F5A1BB806FE0}"
EndProject
Project("{FAE04EC0-301F-11D3-BF4B-00C04F79EFBC}") = "XRest.Source", "xrest\src\XRest.Source\XRest.Source.csproj", "{47997FFA-7253-4171-A403-7A2A5F9341C1}"
EndProject
Project("{2150E333-8FDC-42A3-9474-1A3956D46DE8}") = "sources", "sources", "{EFBDCD0B-7996-415F-A2E9-BEA68D302043}"
EndProject
Project("{FAE04EC0-301F-11D3-BF4B-00C04F79EFBC}") = "XRest.Sources", "xrest\src\sources\XRest.Sources\XRest.Sources.csproj", "{12DA051E-61D3-4CC0-A62A-791DD4063E2E}"
EndProject
Project("{FAE04EC0-301F-11D3-BF4B-00C04F79EFBC}") = "XRest.Sources.Api", "xrest\src\sources\XRest.Sources.Api\XRest.Sources.Api.csproj", "{E43BACE8-CA24-4FE8-9768-3226EB95BF87}"
EndProject
Project("{FAE04EC0-301F-11D3-BF4B-00C04F79EFBC}") = "XRest.Sources.Assembly", "xrest\src\sources\XRest.Sources.Assembly\XRest.Sources.Assembly.csproj", "{9F1F89BE-8C1E-4312-8856-BE67DF7FAED4}"
EndProject
Project("{2150E333-8FDC-42A3-9474-1A3956D46DE8}") = "xsass", "xsass", "{33341D22-A1FC-45D5-926A-4A9E216865F5}"
EndProject
Project("{2150E333-8FDC-42A3-9474-1A3956D46DE8}") = "src", "src", "{1A12E67C-5500-4C14-AAF5-A87D84D30DA1}"
EndProject
Project("{FAE04EC0-301F-11D3-BF4B-00C04F79EFBC}") = "XSass", "xsass\src\XSass\XSass.csproj", "{14650970-9FA4-4329-9EC3-2142F2061305}"
EndProject
Project("{2150E333-8FDC-42A3-9474-1A3956D46DE8}") = "xws", "xws", "{0750F1D3-53E3-447C-A1B4-B98A47331E6D}"
EndProject
Project("{2150E333-8FDC-42A3-9474-1A3956D46DE8}") = "src", "src", "{E217B49A-44A8-4B78-B966-32D115B4183E}"
EndProject
Project("{FAE04EC0-301F-11D3-BF4B-00C04F79EFBC}") = "Xws", "xws\src\Xws\Xws.csproj", "{C48A0955-CA9E-4FF1-B5C6-D9E25D875137}"
EndProject
Global
	GlobalSection(SolutionConfigurationPlatforms) = preSolution
		Debug|Any CPU = Debug|Any CPU
		Release|Any CPU = Release|Any CPU
	EndGlobalSection
	GlobalSection(SolutionProperties) = preSolution
		HideSolutionNode = FALSE
	EndGlobalSection
	GlobalSection(ProjectConfigurationPlatforms) = postSolution
		{DFEC768F-7BDC-47DA-A481-1BABF4E1CFAD}.Debug|Any CPU.ActiveCfg = Debug|Any CPU
		{DFEC768F-7BDC-47DA-A481-1BABF4E1CFAD}.Debug|Any CPU.Build.0 = Debug|Any CPU
		{DFEC768F-7BDC-47DA-A481-1BABF4E1CFAD}.Release|Any CPU.ActiveCfg = Release|Any CPU
		{DFEC768F-7BDC-47DA-A481-1BABF4E1CFAD}.Release|Any CPU.Build.0 = Release|Any CPU
		{E93BF8DD-67CF-4A82-801F-48C3C28FADEE}.Debug|Any CPU.ActiveCfg = Debug|Any CPU
		{E93BF8DD-67CF-4A82-801F-48C3C28FADEE}.Debug|Any CPU.Build.0 = Debug|Any CPU
		{E93BF8DD-67CF-4A82-801F-48C3C28FADEE}.Release|Any CPU.ActiveCfg = Release|Any CPU
		{E93BF8DD-67CF-4A82-801F-48C3C28FADEE}.Release|Any CPU.Build.0 = Release|Any CPU
		{C1169192-0F3C-4D3F-9955-876E6FCC262A}.Debug|Any CPU.ActiveCfg = Debug|Any CPU
		{C1169192-0F3C-4D3F-9955-876E6FCC262A}.Debug|Any CPU.Build.0 = Debug|Any CPU
		{C1169192-0F3C-4D3F-9955-876E6FCC262A}.Release|Any CPU.ActiveCfg = Release|Any CPU
		{C1169192-0F3C-4D3F-9955-876E6FCC262A}.Release|Any CPU.Build.0 = Release|Any CPU
		{DD428903-A91A-430E-A772-94628AF772B6}.Debug|Any CPU.ActiveCfg = Debug|Any CPU
		{DD428903-A91A-430E-A772-94628AF772B6}.Debug|Any CPU.Build.0 = Debug|Any CPU
		{DD428903-A91A-430E-A772-94628AF772B6}.Release|Any CPU.ActiveCfg = Release|Any CPU
		{DD428903-A91A-430E-A772-94628AF772B6}.Release|Any CPU.Build.0 = Release|Any CPU
		{CCE35A97-0D80-41D1-B867-88689E8EFBCF}.Debug|Any CPU.ActiveCfg = Debug|Any CPU
		{CCE35A97-0D80-41D1-B867-88689E8EFBCF}.Debug|Any CPU.Build.0 = Debug|Any CPU
		{CCE35A97-0D80-41D1-B867-88689E8EFBCF}.Release|Any CPU.ActiveCfg = Release|Any CPU
		{CCE35A97-0D80-41D1-B867-88689E8EFBCF}.Release|Any CPU.Build.0 = Release|Any CPU
		{055B9A59-46C6-4EED-B75D-D69E2B2C9073}.Debug|Any CPU.ActiveCfg = Debug|Any CPU
		{055B9A59-46C6-4EED-B75D-D69E2B2C9073}.Debug|Any CPU.Build.0 = Debug|Any CPU
		{055B9A59-46C6-4EED-B75D-D69E2B2C9073}.Release|Any CPU.ActiveCfg = Release|Any CPU
		{055B9A59-46C6-4EED-B75D-D69E2B2C9073}.Release|Any CPU.Build.0 = Release|Any CPU
		{8906CF8F-7C82-4A81-8608-A67529AACE40}.Debug|Any CPU.ActiveCfg = Debug|Any CPU
		{8906CF8F-7C82-4A81-8608-A67529AACE40}.Debug|Any CPU.Build.0 = Debug|Any CPU
		{8906CF8F-7C82-4A81-8608-A67529AACE40}.Release|Any CPU.ActiveCfg = Release|Any CPU
		{8906CF8F-7C82-4A81-8608-A67529AACE40}.Release|Any CPU.Build.0 = Release|Any CPU
		{11438150-03DE-4268-A4F9-4944437337FF}.Debug|Any CPU.ActiveCfg = Debug|Any CPU
		{11438150-03DE-4268-A4F9-4944437337FF}.Debug|Any CPU.Build.0 = Debug|Any CPU
		{11438150-03DE-4268-A4F9-4944437337FF}.Release|Any CPU.ActiveCfg = Release|Any CPU
		{11438150-03DE-4268-A4F9-4944437337FF}.Release|Any CPU.Build.0 = Release|Any CPU
		{A5700310-33DB-46E5-AD19-BBF29EDA1A03}.Debug|Any CPU.ActiveCfg = Debug|Any CPU
		{A5700310-33DB-46E5-AD19-BBF29EDA1A03}.Debug|Any CPU.Build.0 = Debug|Any CPU
		{A5700310-33DB-46E5-AD19-BBF29EDA1A03}.Release|Any CPU.ActiveCfg = Release|Any CPU
		{A5700310-33DB-46E5-AD19-BBF29EDA1A03}.Release|Any CPU.Build.0 = Release|Any CPU
		{568C27D3-EA5B-41C0-8F20-A8FA4E5B1B41}.Debug|Any CPU.ActiveCfg = Debug|Any CPU
		{568C27D3-EA5B-41C0-8F20-A8FA4E5B1B41}.Debug|Any CPU.Build.0 = Debug|Any CPU
		{568C27D3-EA5B-41C0-8F20-A8FA4E5B1B41}.Release|Any CPU.ActiveCfg = Release|Any CPU
		{568C27D3-EA5B-41C0-8F20-A8FA4E5B1B41}.Release|Any CPU.Build.0 = Release|Any CPU
		{63258B09-533D-42A3-AB66-12AB411F995C}.Debug|Any CPU.ActiveCfg = Debug|Any CPU
		{63258B09-533D-42A3-AB66-12AB411F995C}.Debug|Any CPU.Build.0 = Debug|Any CPU
		{63258B09-533D-42A3-AB66-12AB411F995C}.Release|Any CPU.ActiveCfg = Release|Any CPU
		{63258B09-533D-42A3-AB66-12AB411F995C}.Release|Any CPU.Build.0 = Release|Any CPU
		{427A4F5C-7A47-4F8B-A2B2-FC553C956CF5}.Debug|Any CPU.ActiveCfg = Debug|Any CPU
		{427A4F5C-7A47-4F8B-A2B2-FC553C956CF5}.Debug|Any CPU.Build.0 = Debug|Any CPU
		{427A4F5C-7A47-4F8B-A2B2-FC553C956CF5}.Release|Any CPU.ActiveCfg = Release|Any CPU
		{427A4F5C-7A47-4F8B-A2B2-FC553C956CF5}.Release|Any CPU.Build.0 = Release|Any CPU
		{A0CC42E6-1D36-4F9F-9A30-01292A3DB3D8}.Debug|Any CPU.ActiveCfg = Debug|Any CPU
		{A0CC42E6-1D36-4F9F-9A30-01292A3DB3D8}.Debug|Any CPU.Build.0 = Debug|Any CPU
		{A0CC42E6-1D36-4F9F-9A30-01292A3DB3D8}.Release|Any CPU.ActiveCfg = Release|Any CPU
		{A0CC42E6-1D36-4F9F-9A30-01292A3DB3D8}.Release|Any CPU.Build.0 = Release|Any CPU
		{CB9FBE08-BAA1-464A-A199-650434806F96}.Debug|Any CPU.ActiveCfg = Debug|Any CPU
		{CB9FBE08-BAA1-464A-A199-650434806F96}.Debug|Any CPU.Build.0 = Debug|Any CPU
		{CB9FBE08-BAA1-464A-A199-650434806F96}.Release|Any CPU.ActiveCfg = Release|Any CPU
		{CB9FBE08-BAA1-464A-A199-650434806F96}.Release|Any CPU.Build.0 = Release|Any CPU
		{E11C3F6A-13D9-4D2C-BBD7-4A14769240D9}.Debug|Any CPU.ActiveCfg = Debug|Any CPU
		{E11C3F6A-13D9-4D2C-BBD7-4A14769240D9}.Debug|Any CPU.Build.0 = Debug|Any CPU
		{E11C3F6A-13D9-4D2C-BBD7-4A14769240D9}.Release|Any CPU.ActiveCfg = Release|Any CPU
		{E11C3F6A-13D9-4D2C-BBD7-4A14769240D9}.Release|Any CPU.Build.0 = Release|Any CPU
		{4D9A39EE-C866-4E2B-8C6F-F3655343A84E}.Debug|Any CPU.ActiveCfg = Debug|Any CPU
		{4D9A39EE-C866-4E2B-8C6F-F3655343A84E}.Debug|Any CPU.Build.0 = Debug|Any CPU
		{4D9A39EE-C866-4E2B-8C6F-F3655343A84E}.Release|Any CPU.ActiveCfg = Release|Any CPU
		{4D9A39EE-C866-4E2B-8C6F-F3655343A84E}.Release|Any CPU.Build.0 = Release|Any CPU
		{1375A137-A0B0-4547-9C7F-44769DB84311}.Debug|Any CPU.ActiveCfg = Debug|Any CPU
		{1375A137-A0B0-4547-9C7F-44769DB84311}.Debug|Any CPU.Build.0 = Debug|Any CPU
		{1375A137-A0B0-4547-9C7F-44769DB84311}.Release|Any CPU.ActiveCfg = Release|Any CPU
		{1375A137-A0B0-4547-9C7F-44769DB84311}.Release|Any CPU.Build.0 = Release|Any CPU
		{5E824970-AD28-417F-8D77-801D09273966}.Debug|Any CPU.ActiveCfg = Debug|Any CPU
		{5E824970-AD28-417F-8D77-801D09273966}.Debug|Any CPU.Build.0 = Debug|Any CPU
		{5E824970-AD28-417F-8D77-801D09273966}.Release|Any CPU.ActiveCfg = Release|Any CPU
		{5E824970-AD28-417F-8D77-801D09273966}.Release|Any CPU.Build.0 = Release|Any CPU
		{539984F1-18B6-4816-824D-A01B86B5A1EB}.Debug|Any CPU.ActiveCfg = Debug|Any CPU
		{539984F1-18B6-4816-824D-A01B86B5A1EB}.Debug|Any CPU.Build.0 = Debug|Any CPU
		{539984F1-18B6-4816-824D-A01B86B5A1EB}.Release|Any CPU.ActiveCfg = Release|Any CPU
		{539984F1-18B6-4816-824D-A01B86B5A1EB}.Release|Any CPU.Build.0 = Release|Any CPU
		{AF5CA086-C21E-4D92-B21E-8A430F62B72B}.Debug|Any CPU.ActiveCfg = Debug|Any CPU
		{AF5CA086-C21E-4D92-B21E-8A430F62B72B}.Debug|Any CPU.Build.0 = Debug|Any CPU
		{AF5CA086-C21E-4D92-B21E-8A430F62B72B}.Release|Any CPU.ActiveCfg = Release|Any CPU
		{AF5CA086-C21E-4D92-B21E-8A430F62B72B}.Release|Any CPU.Build.0 = Release|Any CPU
		{4AD1011F-431B-4C3C-82EA-0D48E464416C}.Debug|Any CPU.ActiveCfg = Debug|Any CPU
		{4AD1011F-431B-4C3C-82EA-0D48E464416C}.Debug|Any CPU.Build.0 = Debug|Any CPU
		{4AD1011F-431B-4C3C-82EA-0D48E464416C}.Release|Any CPU.ActiveCfg = Release|Any CPU
		{4AD1011F-431B-4C3C-82EA-0D48E464416C}.Release|Any CPU.Build.0 = Release|Any CPU
		{15B12FA1-84F5-426E-BC53-F3C5B70482A9}.Debug|Any CPU.ActiveCfg = Debug|Any CPU
		{15B12FA1-84F5-426E-BC53-F3C5B70482A9}.Debug|Any CPU.Build.0 = Debug|Any CPU
		{15B12FA1-84F5-426E-BC53-F3C5B70482A9}.Release|Any CPU.ActiveCfg = Release|Any CPU
		{15B12FA1-84F5-426E-BC53-F3C5B70482A9}.Release|Any CPU.Build.0 = Release|Any CPU
		{B092F5F0-9232-4E51-BC18-F51A5E16989A}.Debug|Any CPU.ActiveCfg = Debug|Any CPU
		{B092F5F0-9232-4E51-BC18-F51A5E16989A}.Debug|Any CPU.Build.0 = Debug|Any CPU
		{B092F5F0-9232-4E51-BC18-F51A5E16989A}.Release|Any CPU.ActiveCfg = Release|Any CPU
		{B092F5F0-9232-4E51-BC18-F51A5E16989A}.Release|Any CPU.Build.0 = Release|Any CPU
		{F6A59E8F-A9D0-4F9F-A8D5-10C4C088C68D}.Debug|Any CPU.ActiveCfg = Debug|Any CPU
		{F6A59E8F-A9D0-4F9F-A8D5-10C4C088C68D}.Debug|Any CPU.Build.0 = Debug|Any CPU
		{F6A59E8F-A9D0-4F9F-A8D5-10C4C088C68D}.Release|Any CPU.ActiveCfg = Release|Any CPU
		{F6A59E8F-A9D0-4F9F-A8D5-10C4C088C68D}.Release|Any CPU.Build.0 = Release|Any CPU
		{E21F6263-8E2E-4C65-8CA1-DAECA242DA2D}.Debug|Any CPU.ActiveCfg = Debug|Any CPU
		{E21F6263-8E2E-4C65-8CA1-DAECA242DA2D}.Debug|Any CPU.Build.0 = Debug|Any CPU
		{E21F6263-8E2E-4C65-8CA1-DAECA242DA2D}.Release|Any CPU.ActiveCfg = Release|Any CPU
		{E21F6263-8E2E-4C65-8CA1-DAECA242DA2D}.Release|Any CPU.Build.0 = Release|Any CPU
		{18B612B2-3396-4351-AD94-4C9EA829CF44}.Debug|Any CPU.ActiveCfg = Debug|Any CPU
		{18B612B2-3396-4351-AD94-4C9EA829CF44}.Debug|Any CPU.Build.0 = Debug|Any CPU
		{18B612B2-3396-4351-AD94-4C9EA829CF44}.Release|Any CPU.ActiveCfg = Release|Any CPU
		{18B612B2-3396-4351-AD94-4C9EA829CF44}.Release|Any CPU.Build.0 = Release|Any CPU
		{AEBA5780-E8F4-42BB-A8AD-3E2374F0BAEE}.Debug|Any CPU.ActiveCfg = Debug|Any CPU
		{AEBA5780-E8F4-42BB-A8AD-3E2374F0BAEE}.Debug|Any CPU.Build.0 = Debug|Any CPU
		{AEBA5780-E8F4-42BB-A8AD-3E2374F0BAEE}.Release|Any CPU.ActiveCfg = Release|Any CPU
		{AEBA5780-E8F4-42BB-A8AD-3E2374F0BAEE}.Release|Any CPU.Build.0 = Release|Any CPU
		{E5120A19-FC4E-4936-99EA-50F80010189D}.Debug|Any CPU.ActiveCfg = Debug|Any CPU
		{E5120A19-FC4E-4936-99EA-50F80010189D}.Debug|Any CPU.Build.0 = Debug|Any CPU
		{E5120A19-FC4E-4936-99EA-50F80010189D}.Release|Any CPU.ActiveCfg = Release|Any CPU
		{E5120A19-FC4E-4936-99EA-50F80010189D}.Release|Any CPU.Build.0 = Release|Any CPU
		{C9CC6366-EA61-400F-8E11-FD9C2D6A66C0}.Debug|Any CPU.ActiveCfg = Debug|Any CPU
		{C9CC6366-EA61-400F-8E11-FD9C2D6A66C0}.Debug|Any CPU.Build.0 = Debug|Any CPU
		{C9CC6366-EA61-400F-8E11-FD9C2D6A66C0}.Release|Any CPU.ActiveCfg = Release|Any CPU
		{C9CC6366-EA61-400F-8E11-FD9C2D6A66C0}.Release|Any CPU.Build.0 = Release|Any CPU
		{5B79405F-40ED-4803-A5FB-0EEF5DB21626}.Debug|Any CPU.ActiveCfg = Debug|Any CPU
		{5B79405F-40ED-4803-A5FB-0EEF5DB21626}.Debug|Any CPU.Build.0 = Debug|Any CPU
		{5B79405F-40ED-4803-A5FB-0EEF5DB21626}.Release|Any CPU.ActiveCfg = Release|Any CPU
		{5B79405F-40ED-4803-A5FB-0EEF5DB21626}.Release|Any CPU.Build.0 = Release|Any CPU
		{59A2C0BE-DCF2-4469-A851-124EC5DDA4FA}.Debug|Any CPU.ActiveCfg = Debug|Any CPU
		{59A2C0BE-DCF2-4469-A851-124EC5DDA4FA}.Debug|Any CPU.Build.0 = Debug|Any CPU
		{59A2C0BE-DCF2-4469-A851-124EC5DDA4FA}.Release|Any CPU.ActiveCfg = Release|Any CPU
		{59A2C0BE-DCF2-4469-A851-124EC5DDA4FA}.Release|Any CPU.Build.0 = Release|Any CPU
		{0E65C807-4C81-43E4-9A21-82272CB6B750}.Debug|Any CPU.ActiveCfg = Debug|Any CPU
		{0E65C807-4C81-43E4-9A21-82272CB6B750}.Debug|Any CPU.Build.0 = Debug|Any CPU
		{0E65C807-4C81-43E4-9A21-82272CB6B750}.Release|Any CPU.ActiveCfg = Release|Any CPU
		{0E65C807-4C81-43E4-9A21-82272CB6B750}.Release|Any CPU.Build.0 = Release|Any CPU
		{190594FF-BE27-42E7-A907-5B8A99F8DAD1}.Debug|Any CPU.ActiveCfg = Debug|Any CPU
		{190594FF-BE27-42E7-A907-5B8A99F8DAD1}.Debug|Any CPU.Build.0 = Debug|Any CPU
		{190594FF-BE27-42E7-A907-5B8A99F8DAD1}.Release|Any CPU.ActiveCfg = Release|Any CPU
		{190594FF-BE27-42E7-A907-5B8A99F8DAD1}.Release|Any CPU.Build.0 = Release|Any CPU
		{79317F56-1E45-42F1-A254-F5A1BB806FE0}.Debug|Any CPU.ActiveCfg = Debug|Any CPU
		{79317F56-1E45-42F1-A254-F5A1BB806FE0}.Debug|Any CPU.Build.0 = Debug|Any CPU
		{79317F56-1E45-42F1-A254-F5A1BB806FE0}.Release|Any CPU.ActiveCfg = Release|Any CPU
		{79317F56-1E45-42F1-A254-F5A1BB806FE0}.Release|Any CPU.Build.0 = Release|Any CPU
		{47997FFA-7253-4171-A403-7A2A5F9341C1}.Debug|Any CPU.ActiveCfg = Debug|Any CPU
		{47997FFA-7253-4171-A403-7A2A5F9341C1}.Debug|Any CPU.Build.0 = Debug|Any CPU
		{47997FFA-7253-4171-A403-7A2A5F9341C1}.Release|Any CPU.ActiveCfg = Release|Any CPU
		{47997FFA-7253-4171-A403-7A2A5F9341C1}.Release|Any CPU.Build.0 = Release|Any CPU
		{12DA051E-61D3-4CC0-A62A-791DD4063E2E}.Debug|Any CPU.ActiveCfg = Debug|Any CPU
		{12DA051E-61D3-4CC0-A62A-791DD4063E2E}.Debug|Any CPU.Build.0 = Debug|Any CPU
		{12DA051E-61D3-4CC0-A62A-791DD4063E2E}.Release|Any CPU.ActiveCfg = Release|Any CPU
		{12DA051E-61D3-4CC0-A62A-791DD4063E2E}.Release|Any CPU.Build.0 = Release|Any CPU
		{E43BACE8-CA24-4FE8-9768-3226EB95BF87}.Debug|Any CPU.ActiveCfg = Debug|Any CPU
		{E43BACE8-CA24-4FE8-9768-3226EB95BF87}.Debug|Any CPU.Build.0 = Debug|Any CPU
		{E43BACE8-CA24-4FE8-9768-3226EB95BF87}.Release|Any CPU.ActiveCfg = Release|Any CPU
		{E43BACE8-CA24-4FE8-9768-3226EB95BF87}.Release|Any CPU.Build.0 = Release|Any CPU
		{9F1F89BE-8C1E-4312-8856-BE67DF7FAED4}.Debug|Any CPU.ActiveCfg = Debug|Any CPU
		{9F1F89BE-8C1E-4312-8856-BE67DF7FAED4}.Debug|Any CPU.Build.0 = Debug|Any CPU
		{9F1F89BE-8C1E-4312-8856-BE67DF7FAED4}.Release|Any CPU.ActiveCfg = Release|Any CPU
		{9F1F89BE-8C1E-4312-8856-BE67DF7FAED4}.Release|Any CPU.Build.0 = Release|Any CPU
		{14650970-9FA4-4329-9EC3-2142F2061305}.Debug|Any CPU.ActiveCfg = Debug|Any CPU
		{14650970-9FA4-4329-9EC3-2142F2061305}.Debug|Any CPU.Build.0 = Debug|Any CPU
		{14650970-9FA4-4329-9EC3-2142F2061305}.Release|Any CPU.ActiveCfg = Release|Any CPU
		{14650970-9FA4-4329-9EC3-2142F2061305}.Release|Any CPU.Build.0 = Release|Any CPU
		{C48A0955-CA9E-4FF1-B5C6-D9E25D875137}.Debug|Any CPU.ActiveCfg = Debug|Any CPU
		{C48A0955-CA9E-4FF1-B5C6-D9E25D875137}.Debug|Any CPU.Build.0 = Debug|Any CPU
		{C48A0955-CA9E-4FF1-B5C6-D9E25D875137}.Release|Any CPU.ActiveCfg = Release|Any CPU
		{C48A0955-CA9E-4FF1-B5C6-D9E25D875137}.Release|Any CPU.Build.0 = Release|Any CPU
	EndGlobalSection
	GlobalSection(NestedProjects) = preSolution
		{82534244-4848-4998-BFCD-A19E934B4755} = {E58FD29D-1F4F-40CA-9CA4-5CD1F3FC9274}
		{DFEC768F-7BDC-47DA-A481-1BABF4E1CFAD} = {82534244-4848-4998-BFCD-A19E934B4755}
		{E93BF8DD-67CF-4A82-801F-48C3C28FADEE} = {82534244-4848-4998-BFCD-A19E934B4755}
		{C1169192-0F3C-4D3F-9955-876E6FCC262A} = {82534244-4848-4998-BFCD-A19E934B4755}
		{DD428903-A91A-430E-A772-94628AF772B6} = {82534244-4848-4998-BFCD-A19E934B4755}
		{CCE35A97-0D80-41D1-B867-88689E8EFBCF} = {82534244-4848-4998-BFCD-A19E934B4755}
		{055B9A59-46C6-4EED-B75D-D69E2B2C9073} = {82534244-4848-4998-BFCD-A19E934B4755}
		{8906CF8F-7C82-4A81-8608-A67529AACE40} = {82534244-4848-4998-BFCD-A19E934B4755}
		{460C068A-3361-40DD-8659-C576558AC6D0} = {E597F9A3-A421-4AD5-95EB-E634F843CFA7}
		{11438150-03DE-4268-A4F9-4944437337FF} = {460C068A-3361-40DD-8659-C576558AC6D0}
		{50B0B6A1-F7C9-469F-A1A2-0A0FDA45D9CE} = {F0D73A39-51E6-41A3-8739-B24549FBF84A}
		{A5700310-33DB-46E5-AD19-BBF29EDA1A03} = {50B0B6A1-F7C9-469F-A1A2-0A0FDA45D9CE}
		{568C27D3-EA5B-41C0-8F20-A8FA4E5B1B41} = {50B0B6A1-F7C9-469F-A1A2-0A0FDA45D9CE}
		{2F3640D5-863F-4C62-BCA1-67AC36DB2361} = {5C18095F-58D0-4AC6-ADB4-11D6F367FE26}
		{63258B09-533D-42A3-AB66-12AB411F995C} = {2F3640D5-863F-4C62-BCA1-67AC36DB2361}
		{9AFA2357-66E9-46F6-B0E3-7E6BCDCF68CB} = {D466275A-614A-4A6F-9A0B-06516FBBF3C7}
		{427A4F5C-7A47-4F8B-A2B2-FC553C956CF5} = {9AFA2357-66E9-46F6-B0E3-7E6BCDCF68CB}
		{84A01B4E-BC7A-4F12-9AA8-BEEB73B8EAAC} = {1F367BD8-CFD8-46FA-9448-0F23B00B0E85}
		{A0CC42E6-1D36-4F9F-9A30-01292A3DB3D8} = {84A01B4E-BC7A-4F12-9AA8-BEEB73B8EAAC}
		{08EE8AD2-0E36-4272-9B60-8262186DCE49} = {7FA4AF2A-3E39-473A-859D-E0E45FFE30E7}
		{CB9FBE08-BAA1-464A-A199-650434806F96} = {08EE8AD2-0E36-4272-9B60-8262186DCE49}
		{E11C3F6A-13D9-4D2C-BBD7-4A14769240D9} = {08EE8AD2-0E36-4272-9B60-8262186DCE49}
		{F860B4DD-8B6A-409F-B974-25E09DD11560} = {B44E20BC-B586-4957-B587-88C61B5A768B}
		{1375A137-A0B0-4547-9C7F-44769DB84311} = {F860B4DD-8B6A-409F-B974-25E09DD11560}
		{7C2F1C2A-4F8F-4765-8EB5-227F32A103CA} = {DB349DAF-1282-4A3A-802E-CA45BFA6D4F5}
		{5E824970-AD28-417F-8D77-801D09273966} = {7C2F1C2A-4F8F-4765-8EB5-227F32A103CA}
		{539984F1-18B6-4816-824D-A01B86B5A1EB} = {460C068A-3361-40DD-8659-C576558AC6D0}
		{18C12F86-5FEF-47FD-BD2F-0285D6BFA5E0} = {460C068A-3361-40DD-8659-C576558AC6D0}
		{AF5CA086-C21E-4D92-B21E-8A430F62B72B} = {18C12F86-5FEF-47FD-BD2F-0285D6BFA5E0}
		{4AD1011F-431B-4C3C-82EA-0D48E464416C} = {18C12F86-5FEF-47FD-BD2F-0285D6BFA5E0}
		{15B12FA1-84F5-426E-BC53-F3C5B70482A9} = {18C12F86-5FEF-47FD-BD2F-0285D6BFA5E0}
		{B092F5F0-9232-4E51-BC18-F51A5E16989A} = {460C068A-3361-40DD-8659-C576558AC6D0}
		{54C93CFE-BA34-44A1-817B-3D0D80B3A8D0} = {460C068A-3361-40DD-8659-C576558AC6D0}
		{F6A59E8F-A9D0-4F9F-A8D5-10C4C088C68D} = {54C93CFE-BA34-44A1-817B-3D0D80B3A8D0}
		{E21F6263-8E2E-4C65-8CA1-DAECA242DA2D} = {54C93CFE-BA34-44A1-817B-3D0D80B3A8D0}
		{18B612B2-3396-4351-AD94-4C9EA829CF44} = {54C93CFE-BA34-44A1-817B-3D0D80B3A8D0}
		{523472CD-FEE8-42A9-840E-C110E46B197B} = {4C933BE8-AEC8-4D6D-BE62-92F47A75FE92}
		{AEBA5780-E8F4-42BB-A8AD-3E2374F0BAEE} = {523472CD-FEE8-42A9-840E-C110E46B197B}
		{8B478AF0-47FB-44A9-BD68-D29A6F751653} = {523472CD-FEE8-42A9-840E-C110E46B197B}
		{E5120A19-FC4E-4936-99EA-50F80010189D} = {8B478AF0-47FB-44A9-BD68-D29A6F751653}
		{C9CC6366-EA61-400F-8E11-FD9C2D6A66C0} = {8B478AF0-47FB-44A9-BD68-D29A6F751653}
		{5B79405F-40ED-4803-A5FB-0EEF5DB21626} = {523472CD-FEE8-42A9-840E-C110E46B197B}
		{A7675EEF-1A66-424B-8B0A-8537F953545B} = {4C933BE8-AEC8-4D6D-BE62-92F47A75FE92}
		{59A2C0BE-DCF2-4469-A851-124EC5DDA4FA} = {A7675EEF-1A66-424B-8B0A-8537F953545B}
		{A8C298B3-A4FC-4339-8A9F-ACE0D723EE78} = {4C933BE8-AEC8-4D6D-BE62-92F47A75FE92}
		{0E65C807-4C81-43E4-9A21-82272CB6B750} = {A8C298B3-A4FC-4339-8A9F-ACE0D723EE78}
		{190594FF-BE27-42E7-A907-5B8A99F8DAD1} = {A8C298B3-A4FC-4339-8A9F-ACE0D723EE78}
		{0F75DEBA-FE67-4E28-B096-E08B9AC51D35} = {523472CD-FEE8-42A9-840E-C110E46B197B}
		{79317F56-1E45-42F1-A254-F5A1BB806FE0} = {0F75DEBA-FE67-4E28-B096-E08B9AC51D35}
		{47997FFA-7253-4171-A403-7A2A5F9341C1} = {523472CD-FEE8-42A9-840E-C110E46B197B}
		{EFBDCD0B-7996-415F-A2E9-BEA68D302043} = {523472CD-FEE8-42A9-840E-C110E46B197B}
		{12DA051E-61D3-4CC0-A62A-791DD4063E2E} = {EFBDCD0B-7996-415F-A2E9-BEA68D302043}
		{E43BACE8-CA24-4FE8-9768-3226EB95BF87} = {EFBDCD0B-7996-415F-A2E9-BEA68D302043}
		{9F1F89BE-8C1E-4312-8856-BE67DF7FAED4} = {EFBDCD0B-7996-415F-A2E9-BEA68D302043}
		{1A12E67C-5500-4C14-AAF5-A87D84D30DA1} = {33341D22-A1FC-45D5-926A-4A9E216865F5}
		{14650970-9FA4-4329-9EC3-2142F2061305} = {1A12E67C-5500-4C14-AAF5-A87D84D30DA1}
		{E217B49A-44A8-4B78-B966-32D115B4183E} = {0750F1D3-53E3-447C-A1B4-B98A47331E6D}
		{C48A0955-CA9E-4FF1-B5C6-D9E25D875137} = {E217B49A-44A8-4B78-B966-32D115B4183E}
	EndGlobalSection
EndGlobal
