
Microsoft Visual Studio Solution File, Format Version 12.00
# Visual Studio 15
VisualStudioVersion = 15.0.26124.0
MinimumVisualStudioVersion = 15.0.26124.0
Project("{2150E333-8FDC-42A3-9474-1A3956D46DE8}") = "Backuper", "Backuper", "{769031A4-EA13-4A4A-AF32-C254B5D1D689}"
EndProject
Project("{2150E333-8FDC-42A3-9474-1A3956D46DE8}") = "src", "src", "{D1343260-B904-41D3-A6EA-090288348582}"
EndProject
Project("{FAE04EC0-301F-11D3-BF4B-00C04F79EFBC}") = "Backuper.Api", "Backuper\src\Backuper.Api\Backuper.Api.csproj", "{19C9490D-9036-45DE-A3FA-5F5122EBB5EA}"
EndProject
Project("{FAE04EC0-301F-11D3-BF4B-00C04F79EFBC}") = "Backuper.Connection.Abstract", "Backuper\src\Backuper.Connection.Abstract\Backuper.Connection.Abstract.csproj", "{18C77863-0D38-4872-A35E-1CDCEAE263D2}"
EndProject
Project("{FAE04EC0-301F-11D3-BF4B-00C04F79EFBC}") = "Backuper.Connection.PostgreSQL", "Backuper\src\Backuper.Connection.PostgreSQL\Backuper.Connection.PostgreSQL.csproj", "{67B7E3E7-0034-4ADD-8285-6E49A20A17A3}"
EndProject
Project("{FAE04EC0-301F-11D3-BF4B-00C04F79EFBC}") = "Backuper.Notification.Abstract", "Backuper\src\Backuper.Notification.Abstract\Backuper.Notification.Abstract.csproj", "{C5FE844D-80F0-411F-9AB1-2908E33051DF}"
EndProject
Project("{FAE04EC0-301F-11D3-BF4B-00C04F79EFBC}") = "Backuper.Notification.Slack", "Backuper\src\Backuper.Notification.Slack\Backuper.Notification.Slack.csproj", "{6186CA6F-B2AE-491E-B191-77510EA50183}"
EndProject
Project("{FAE04EC0-301F-11D3-BF4B-00C04F79EFBC}") = "Backuper.Shared", "Backuper\src\Backuper.Shared\Backuper.Shared.csproj", "{C5C22072-34B2-4853-BB2A-AA800E85C839}"
EndProject
Project("{FAE04EC0-301F-11D3-BF4B-00C04F79EFBC}") = "Backuper.Storage", "Backuper\src\Backuper.Storage\Backuper.Storage.csproj", "{FA4A613B-F597-46E0-B7FD-4199785AB1DF}"
EndProject
Project("{2150E333-8FDC-42A3-9474-1A3956D46DE8}") = "xmg", "xmg", "{4A49EA0B-BDBE-4088-9A6C-FB8076D3E47A}"
EndProject
Project("{2150E333-8FDC-42A3-9474-1A3956D46DE8}") = "src", "src", "{D25628B6-FCE7-4037-8E00-829FFE046924}"
EndProject
Project("{FAE04EC0-301F-11D3-BF4B-00C04F79EFBC}") = "Debugger", "xmg\src\Debugger\Debugger.csproj", "{4E4137E4-195D-4EB2-B9C2-5F31872D7DC9}"
EndProject
Project("{2150E333-8FDC-42A3-9474-1A3956D46DE8}") = "MessageBus", "MessageBus", "{1574333C-F2C6-4DEC-8B27-E1D2D127F7B3}"
EndProject
Project("{2150E333-8FDC-42A3-9474-1A3956D46DE8}") = "src", "src", "{9FA29F57-61C2-4EDC-9C99-8FBB4A10CA11}"
EndProject
Project("{FAE04EC0-301F-11D3-BF4B-00C04F79EFBC}") = "MessageBus.Proxy", "MessageBus\src\MessageBus.Proxy\MessageBus.Proxy.csproj", "{01642628-C29C-46D9-83A2-6BEE9961FF85}"
EndProject
Project("{FAE04EC0-301F-11D3-BF4B-00C04F79EFBC}") = "MessageBus.Sink", "MessageBus\src\MessageBus.Sink\MessageBus.Sink.csproj", "{67D2C779-5A18-406F-813E-3D667CBC9E60}"
EndProject
Project("{2150E333-8FDC-42A3-9474-1A3956D46DE8}") = "tcplog", "tcplog", "{108DD1F7-EE36-46AF-BFF0-65F46F5C3EFD}"
EndProject
Project("{2150E333-8FDC-42A3-9474-1A3956D46DE8}") = "src", "src", "{BD1A3927-B8B4-4878-AEF8-C7ADBC81F0C7}"
EndProject
Project("{FAE04EC0-301F-11D3-BF4B-00C04F79EFBC}") = "TcpLog", "tcplog\src\TcpLog\TcpLog.csproj", "{F4241E8D-5CD3-422B-8F16-714A98E5CA10}"
EndProject
Project("{2150E333-8FDC-42A3-9474-1A3956D46DE8}") = "xc", "xc", "{4FECD97F-DA2B-4721-A89A-26E6D898FA54}"
EndProject
Project("{2150E333-8FDC-42A3-9474-1A3956D46DE8}") = "src", "src", "{999951E6-8DD7-4B45-A6CA-18F84F2F7419}"
EndProject
Project("{FAE04EC0-301F-11D3-BF4B-00C04F79EFBC}") = "Xc", "xc\src\Xc\Xc.csproj", "{53AA8644-CECE-4B58-9A43-1FC90DB334D4}"
EndProject
Project("{FAE04EC0-301F-11D3-BF4B-00C04F79EFBC}") = "xdomains", "xdomains\xdomains.csproj", "{2E502FEB-CE23-4A45-910A-C636AF5F691A}"
EndProject
Project("{2150E333-8FDC-42A3-9474-1A3956D46DE8}") = "xlink", "xlink", "{955EBF6F-1D3D-41D0-841D-E1F596566FC0}"
EndProject
Project("{2150E333-8FDC-42A3-9474-1A3956D46DE8}") = "src", "src", "{8C2F4037-B448-4364-8F3A-466ECA880F56}"
EndProject
Project("{FAE04EC0-301F-11D3-BF4B-00C04F79EFBC}") = "XLink", "xlink\src\XLink\XLink.csproj", "{F490E0DB-D12E-4CEA-9DBA-5F7A5B0C1F8D}"
EndProject
Project("{FAE04EC0-301F-11D3-BF4B-00C04F79EFBC}") = "Xmg", "xmg\src\Xmg\Xmg.csproj", "{3629E2EA-8D1F-4566-8794-3DE315336CCA}"
EndProject
Project("{2150E333-8FDC-42A3-9474-1A3956D46DE8}") = "Xmg.Configuration", "Xmg.Configuration", "{BBFEA7AB-0619-45A1-A007-663414106002}"
EndProject
Project("{FAE04EC0-301F-11D3-BF4B-00C04F79EFBC}") = "Xmg.Configuration", "xmg\src\Xmg.Configuration\Xmg.Configuration\Xmg.Configuration.csproj", "{F078D9C2-48C3-420B-BBAF-A754360B605F}"
EndProject
Project("{FAE04EC0-301F-11D3-BF4B-00C04F79EFBC}") = "Xmg.Configuration.Abstractions", "xmg\src\Xmg.Configuration\Xmg.Configuration.Abstractions\Xmg.Configuration.Abstractions.csproj", "{9204D380-1AE9-4109-8901-BAEDF938C086}"
EndProject
Project("{FAE04EC0-301F-11D3-BF4B-00C04F79EFBC}") = "Xmg.Configuration.linq2db", "xmg\src\Xmg.Configuration\Xmg.Configuration.linq2db\Xmg.Configuration.linq2db.csproj", "{7A27410D-8211-406B-91D9-33C80C48ABE0}"
EndProject
Project("{FAE04EC0-301F-11D3-BF4B-00C04F79EFBC}") = "Xmg.Core", "xmg\src\Xmg.Core\Xmg.Core.csproj", "{5E16D670-1DA6-40D7-8BD0-F77747E56773}"
EndProject
Project("{2150E333-8FDC-42A3-9474-1A3956D46DE8}") = "Xmg.Migration", "Xmg.Migration", "{4881DEFD-8005-41B6-9B07-5C11696DDA34}"
EndProject
Project("{FAE04EC0-301F-11D3-BF4B-00C04F79EFBC}") = "Xmg.Migration", "xmg\src\Xmg.Migration\Xmg.Migration\Xmg.Migration.csproj", "{4821F475-076E-477A-82C9-9436FE662F15}"
EndProject
Project("{FAE04EC0-301F-11D3-BF4B-00C04F79EFBC}") = "Xmg.Migration.Abstractions", "xmg\src\Xmg.Migration\Xmg.Migration.Abstractions\Xmg.Migration.Abstractions.csproj", "{CDD88943-05E1-4303-BD31-6113FDF879E8}"
EndProject
Project("{FAE04EC0-301F-11D3-BF4B-00C04F79EFBC}") = "Xmg.Migration.FluentMigrator", "xmg\src\Xmg.Migration\Xmg.Migration.FluentMigrator\Xmg.Migration.FluentMigrator.csproj", "{F33C94DC-19F3-44A2-B3E9-97E69EE1E5E3}"
EndProject
Project("{2150E333-8FDC-42A3-9474-1A3956D46DE8}") = "xrest", "xrest", "{BC01607B-4925-4CA9-BEDB-388CFBA6CFCE}"
EndProject
Project("{2150E333-8FDC-42A3-9474-1A3956D46DE8}") = "src", "src", "{A6BB9E7D-AC41-47C7-B1F8-6AC0132A480B}"
EndProject
Project("{FAE04EC0-301F-11D3-BF4B-00C04F79EFBC}") = "XRest", "xrest\src\XRest\XRest.csproj", "{B5339B68-33D6-4106-81EC-1D769307923A}"
EndProject
Project("{2150E333-8FDC-42A3-9474-1A3956D46DE8}") = "clients", "clients", "{15B9C6EC-BDEF-4C08-BF5E-84914D46A021}"
EndProject
Project("{FAE04EC0-301F-11D3-BF4B-00C04F79EFBC}") = "XRest.Clients.Dotnet", "xrest\src\clients\XRest.Clients.Dotnet\XRest.Clients.Dotnet.csproj", "{24F49338-8A32-4B4D-B22F-14FA995B8FA1}"
EndProject
Project("{FAE04EC0-301F-11D3-BF4B-00C04F79EFBC}") = "XRest.Clients.TypeScript", "xrest\src\clients\XRest.Clients.TypeScript\XRest.Clients.TypeScript.csproj", "{6D317250-B3FD-407C-AF50-D24E4DECD35E}"
EndProject
Project("{FAE04EC0-301F-11D3-BF4B-00C04F79EFBC}") = "XRest.Core", "xrest\src\XRest.Core\XRest.Core.csproj", "{5B7B0BA0-7F31-4915-8C0B-610EDAB43C68}"
EndProject
Project("{2150E333-8FDC-42A3-9474-1A3956D46DE8}") = "plugins", "plugins", "{BEF99865-27EC-4BD6-9758-B52B2F1A4000}"
EndProject
Project("{FAE04EC0-301F-11D3-BF4B-00C04F79EFBC}") = "XRest.Plugins.AspNetCore", "xrest\src\plugins\XRest.Plugins.AspNetCore\XRest.Plugins.AspNetCore.csproj", "{0F0A5EF4-4475-4E76-9387-79170E856335}"
EndProject
Project("{2150E333-8FDC-42A3-9474-1A3956D46DE8}") = "sources", "sources", "{FF4B2EB6-4C54-429F-BFDC-7997231F468C}"
EndProject
Project("{FAE04EC0-301F-11D3-BF4B-00C04F79EFBC}") = "XRest.Sources", "xrest\src\sources\XRest.Sources\XRest.Sources.csproj", "{74972E19-E816-4505-94C6-E3BF4F776C61}"
EndProject
Project("{FAE04EC0-301F-11D3-BF4B-00C04F79EFBC}") = "XRest.Sources.Api", "xrest\src\sources\XRest.Sources.Api\XRest.Sources.Api.csproj", "{97171043-4813-481E-8F20-599BBCA09EF6}"
EndProject
Project("{FAE04EC0-301F-11D3-BF4B-00C04F79EFBC}") = "XRest.Sources.Assembly", "xrest\src\sources\XRest.Sources.Assembly\XRest.Sources.Assembly.csproj", "{EEB24208-27A5-4BA2-A221-CBF16F092FB9}"
EndProject
Project("{2150E333-8FDC-42A3-9474-1A3956D46DE8}") = "xsass", "xsass", "{89BC4D64-31AC-45AA-BED9-ACA684F6D556}"
EndProject
Project("{2150E333-8FDC-42A3-9474-1A3956D46DE8}") = "src", "src", "{08FE5DCE-C352-42CD-890F-A161FCA8C9A6}"
EndProject
Project("{FAE04EC0-301F-11D3-BF4B-00C04F79EFBC}") = "XSass", "xsass\src\XSass\XSass.csproj", "{3056D1E3-922B-454A-B22D-51076FEAE370}"
EndProject
Project("{2150E333-8FDC-42A3-9474-1A3956D46DE8}") = "xws", "xws", "{523804FE-9097-4A1D-91F9-C6A23D18D099}"
EndProject
Project("{2150E333-8FDC-42A3-9474-1A3956D46DE8}") = "src", "src", "{D05182BF-1878-4155-89B9-A2439FD29284}"
EndProject
Project("{FAE04EC0-301F-11D3-BF4B-00C04F79EFBC}") = "Xws", "xws\src\Xws\Xws.csproj", "{58724066-B94C-41A3-A77B-E508529266C1}"
EndProject
Global
	GlobalSection(SolutionConfigurationPlatforms) = preSolution
		Debug|Any CPU = Debug|Any CPU
		Debug|x64 = Debug|x64
		Debug|x86 = Debug|x86
		Release|Any CPU = Release|Any CPU
		Release|x64 = Release|x64
		Release|x86 = Release|x86
	EndGlobalSection
	GlobalSection(SolutionProperties) = preSolution
		HideSolutionNode = FALSE
	EndGlobalSection
	GlobalSection(ProjectConfigurationPlatforms) = postSolution
		{19C9490D-9036-45DE-A3FA-5F5122EBB5EA}.Debug|Any CPU.ActiveCfg = Debug|Any CPU
		{19C9490D-9036-45DE-A3FA-5F5122EBB5EA}.Debug|Any CPU.Build.0 = Debug|Any CPU
		{19C9490D-9036-45DE-A3FA-5F5122EBB5EA}.Debug|x64.ActiveCfg = Debug|Any CPU
		{19C9490D-9036-45DE-A3FA-5F5122EBB5EA}.Debug|x64.Build.0 = Debug|Any CPU
		{19C9490D-9036-45DE-A3FA-5F5122EBB5EA}.Debug|x86.ActiveCfg = Debug|Any CPU
		{19C9490D-9036-45DE-A3FA-5F5122EBB5EA}.Debug|x86.Build.0 = Debug|Any CPU
		{19C9490D-9036-45DE-A3FA-5F5122EBB5EA}.Release|Any CPU.ActiveCfg = Release|Any CPU
		{19C9490D-9036-45DE-A3FA-5F5122EBB5EA}.Release|Any CPU.Build.0 = Release|Any CPU
		{19C9490D-9036-45DE-A3FA-5F5122EBB5EA}.Release|x64.ActiveCfg = Release|Any CPU
		{19C9490D-9036-45DE-A3FA-5F5122EBB5EA}.Release|x64.Build.0 = Release|Any CPU
		{19C9490D-9036-45DE-A3FA-5F5122EBB5EA}.Release|x86.ActiveCfg = Release|Any CPU
		{19C9490D-9036-45DE-A3FA-5F5122EBB5EA}.Release|x86.Build.0 = Release|Any CPU
		{18C77863-0D38-4872-A35E-1CDCEAE263D2}.Debug|Any CPU.ActiveCfg = Debug|Any CPU
		{18C77863-0D38-4872-A35E-1CDCEAE263D2}.Debug|Any CPU.Build.0 = Debug|Any CPU
		{18C77863-0D38-4872-A35E-1CDCEAE263D2}.Debug|x64.ActiveCfg = Debug|Any CPU
		{18C77863-0D38-4872-A35E-1CDCEAE263D2}.Debug|x64.Build.0 = Debug|Any CPU
		{18C77863-0D38-4872-A35E-1CDCEAE263D2}.Debug|x86.ActiveCfg = Debug|Any CPU
		{18C77863-0D38-4872-A35E-1CDCEAE263D2}.Debug|x86.Build.0 = Debug|Any CPU
		{18C77863-0D38-4872-A35E-1CDCEAE263D2}.Release|Any CPU.ActiveCfg = Release|Any CPU
		{18C77863-0D38-4872-A35E-1CDCEAE263D2}.Release|Any CPU.Build.0 = Release|Any CPU
		{18C77863-0D38-4872-A35E-1CDCEAE263D2}.Release|x64.ActiveCfg = Release|Any CPU
		{18C77863-0D38-4872-A35E-1CDCEAE263D2}.Release|x64.Build.0 = Release|Any CPU
		{18C77863-0D38-4872-A35E-1CDCEAE263D2}.Release|x86.ActiveCfg = Release|Any CPU
		{18C77863-0D38-4872-A35E-1CDCEAE263D2}.Release|x86.Build.0 = Release|Any CPU
		{67B7E3E7-0034-4ADD-8285-6E49A20A17A3}.Debug|Any CPU.ActiveCfg = Debug|Any CPU
		{67B7E3E7-0034-4ADD-8285-6E49A20A17A3}.Debug|Any CPU.Build.0 = Debug|Any CPU
		{67B7E3E7-0034-4ADD-8285-6E49A20A17A3}.Debug|x64.ActiveCfg = Debug|Any CPU
		{67B7E3E7-0034-4ADD-8285-6E49A20A17A3}.Debug|x64.Build.0 = Debug|Any CPU
		{67B7E3E7-0034-4ADD-8285-6E49A20A17A3}.Debug|x86.ActiveCfg = Debug|Any CPU
		{67B7E3E7-0034-4ADD-8285-6E49A20A17A3}.Debug|x86.Build.0 = Debug|Any CPU
		{67B7E3E7-0034-4ADD-8285-6E49A20A17A3}.Release|Any CPU.ActiveCfg = Release|Any CPU
		{67B7E3E7-0034-4ADD-8285-6E49A20A17A3}.Release|Any CPU.Build.0 = Release|Any CPU
		{67B7E3E7-0034-4ADD-8285-6E49A20A17A3}.Release|x64.ActiveCfg = Release|Any CPU
		{67B7E3E7-0034-4ADD-8285-6E49A20A17A3}.Release|x64.Build.0 = Release|Any CPU
		{67B7E3E7-0034-4ADD-8285-6E49A20A17A3}.Release|x86.ActiveCfg = Release|Any CPU
		{67B7E3E7-0034-4ADD-8285-6E49A20A17A3}.Release|x86.Build.0 = Release|Any CPU
		{C5FE844D-80F0-411F-9AB1-2908E33051DF}.Debug|Any CPU.ActiveCfg = Debug|Any CPU
		{C5FE844D-80F0-411F-9AB1-2908E33051DF}.Debug|Any CPU.Build.0 = Debug|Any CPU
		{C5FE844D-80F0-411F-9AB1-2908E33051DF}.Debug|x64.ActiveCfg = Debug|Any CPU
		{C5FE844D-80F0-411F-9AB1-2908E33051DF}.Debug|x64.Build.0 = Debug|Any CPU
		{C5FE844D-80F0-411F-9AB1-2908E33051DF}.Debug|x86.ActiveCfg = Debug|Any CPU
		{C5FE844D-80F0-411F-9AB1-2908E33051DF}.Debug|x86.Build.0 = Debug|Any CPU
		{C5FE844D-80F0-411F-9AB1-2908E33051DF}.Release|Any CPU.ActiveCfg = Release|Any CPU
		{C5FE844D-80F0-411F-9AB1-2908E33051DF}.Release|Any CPU.Build.0 = Release|Any CPU
		{C5FE844D-80F0-411F-9AB1-2908E33051DF}.Release|x64.ActiveCfg = Release|Any CPU
		{C5FE844D-80F0-411F-9AB1-2908E33051DF}.Release|x64.Build.0 = Release|Any CPU
		{C5FE844D-80F0-411F-9AB1-2908E33051DF}.Release|x86.ActiveCfg = Release|Any CPU
		{C5FE844D-80F0-411F-9AB1-2908E33051DF}.Release|x86.Build.0 = Release|Any CPU
		{6186CA6F-B2AE-491E-B191-77510EA50183}.Debug|Any CPU.ActiveCfg = Debug|Any CPU
		{6186CA6F-B2AE-491E-B191-77510EA50183}.Debug|Any CPU.Build.0 = Debug|Any CPU
		{6186CA6F-B2AE-491E-B191-77510EA50183}.Debug|x64.ActiveCfg = Debug|Any CPU
		{6186CA6F-B2AE-491E-B191-77510EA50183}.Debug|x64.Build.0 = Debug|Any CPU
		{6186CA6F-B2AE-491E-B191-77510EA50183}.Debug|x86.ActiveCfg = Debug|Any CPU
		{6186CA6F-B2AE-491E-B191-77510EA50183}.Debug|x86.Build.0 = Debug|Any CPU
		{6186CA6F-B2AE-491E-B191-77510EA50183}.Release|Any CPU.ActiveCfg = Release|Any CPU
		{6186CA6F-B2AE-491E-B191-77510EA50183}.Release|Any CPU.Build.0 = Release|Any CPU
		{6186CA6F-B2AE-491E-B191-77510EA50183}.Release|x64.ActiveCfg = Release|Any CPU
		{6186CA6F-B2AE-491E-B191-77510EA50183}.Release|x64.Build.0 = Release|Any CPU
		{6186CA6F-B2AE-491E-B191-77510EA50183}.Release|x86.ActiveCfg = Release|Any CPU
		{6186CA6F-B2AE-491E-B191-77510EA50183}.Release|x86.Build.0 = Release|Any CPU
		{C5C22072-34B2-4853-BB2A-AA800E85C839}.Debug|Any CPU.ActiveCfg = Debug|Any CPU
		{C5C22072-34B2-4853-BB2A-AA800E85C839}.Debug|Any CPU.Build.0 = Debug|Any CPU
		{C5C22072-34B2-4853-BB2A-AA800E85C839}.Debug|x64.ActiveCfg = Debug|Any CPU
		{C5C22072-34B2-4853-BB2A-AA800E85C839}.Debug|x64.Build.0 = Debug|Any CPU
		{C5C22072-34B2-4853-BB2A-AA800E85C839}.Debug|x86.ActiveCfg = Debug|Any CPU
		{C5C22072-34B2-4853-BB2A-AA800E85C839}.Debug|x86.Build.0 = Debug|Any CPU
		{C5C22072-34B2-4853-BB2A-AA800E85C839}.Release|Any CPU.ActiveCfg = Release|Any CPU
		{C5C22072-34B2-4853-BB2A-AA800E85C839}.Release|Any CPU.Build.0 = Release|Any CPU
		{C5C22072-34B2-4853-BB2A-AA800E85C839}.Release|x64.ActiveCfg = Release|Any CPU
		{C5C22072-34B2-4853-BB2A-AA800E85C839}.Release|x64.Build.0 = Release|Any CPU
		{C5C22072-34B2-4853-BB2A-AA800E85C839}.Release|x86.ActiveCfg = Release|Any CPU
		{C5C22072-34B2-4853-BB2A-AA800E85C839}.Release|x86.Build.0 = Release|Any CPU
		{FA4A613B-F597-46E0-B7FD-4199785AB1DF}.Debug|Any CPU.ActiveCfg = Debug|Any CPU
		{FA4A613B-F597-46E0-B7FD-4199785AB1DF}.Debug|Any CPU.Build.0 = Debug|Any CPU
		{FA4A613B-F597-46E0-B7FD-4199785AB1DF}.Debug|x64.ActiveCfg = Debug|Any CPU
		{FA4A613B-F597-46E0-B7FD-4199785AB1DF}.Debug|x64.Build.0 = Debug|Any CPU
		{FA4A613B-F597-46E0-B7FD-4199785AB1DF}.Debug|x86.ActiveCfg = Debug|Any CPU
		{FA4A613B-F597-46E0-B7FD-4199785AB1DF}.Debug|x86.Build.0 = Debug|Any CPU
		{FA4A613B-F597-46E0-B7FD-4199785AB1DF}.Release|Any CPU.ActiveCfg = Release|Any CPU
		{FA4A613B-F597-46E0-B7FD-4199785AB1DF}.Release|Any CPU.Build.0 = Release|Any CPU
		{FA4A613B-F597-46E0-B7FD-4199785AB1DF}.Release|x64.ActiveCfg = Release|Any CPU
		{FA4A613B-F597-46E0-B7FD-4199785AB1DF}.Release|x64.Build.0 = Release|Any CPU
		{FA4A613B-F597-46E0-B7FD-4199785AB1DF}.Release|x86.ActiveCfg = Release|Any CPU
		{FA4A613B-F597-46E0-B7FD-4199785AB1DF}.Release|x86.Build.0 = Release|Any CPU
		{4E4137E4-195D-4EB2-B9C2-5F31872D7DC9}.Debug|Any CPU.ActiveCfg = Debug|Any CPU
		{4E4137E4-195D-4EB2-B9C2-5F31872D7DC9}.Debug|Any CPU.Build.0 = Debug|Any CPU
		{4E4137E4-195D-4EB2-B9C2-5F31872D7DC9}.Debug|x64.ActiveCfg = Debug|Any CPU
		{4E4137E4-195D-4EB2-B9C2-5F31872D7DC9}.Debug|x64.Build.0 = Debug|Any CPU
		{4E4137E4-195D-4EB2-B9C2-5F31872D7DC9}.Debug|x86.ActiveCfg = Debug|Any CPU
		{4E4137E4-195D-4EB2-B9C2-5F31872D7DC9}.Debug|x86.Build.0 = Debug|Any CPU
		{4E4137E4-195D-4EB2-B9C2-5F31872D7DC9}.Release|Any CPU.ActiveCfg = Release|Any CPU
		{4E4137E4-195D-4EB2-B9C2-5F31872D7DC9}.Release|Any CPU.Build.0 = Release|Any CPU
		{4E4137E4-195D-4EB2-B9C2-5F31872D7DC9}.Release|x64.ActiveCfg = Release|Any CPU
		{4E4137E4-195D-4EB2-B9C2-5F31872D7DC9}.Release|x64.Build.0 = Release|Any CPU
		{4E4137E4-195D-4EB2-B9C2-5F31872D7DC9}.Release|x86.ActiveCfg = Release|Any CPU
		{4E4137E4-195D-4EB2-B9C2-5F31872D7DC9}.Release|x86.Build.0 = Release|Any CPU
		{01642628-C29C-46D9-83A2-6BEE9961FF85}.Debug|Any CPU.ActiveCfg = Debug|Any CPU
		{01642628-C29C-46D9-83A2-6BEE9961FF85}.Debug|Any CPU.Build.0 = Debug|Any CPU
		{01642628-C29C-46D9-83A2-6BEE9961FF85}.Debug|x64.ActiveCfg = Debug|Any CPU
		{01642628-C29C-46D9-83A2-6BEE9961FF85}.Debug|x64.Build.0 = Debug|Any CPU
		{01642628-C29C-46D9-83A2-6BEE9961FF85}.Debug|x86.ActiveCfg = Debug|Any CPU
		{01642628-C29C-46D9-83A2-6BEE9961FF85}.Debug|x86.Build.0 = Debug|Any CPU
		{01642628-C29C-46D9-83A2-6BEE9961FF85}.Release|Any CPU.ActiveCfg = Release|Any CPU
		{01642628-C29C-46D9-83A2-6BEE9961FF85}.Release|Any CPU.Build.0 = Release|Any CPU
		{01642628-C29C-46D9-83A2-6BEE9961FF85}.Release|x64.ActiveCfg = Release|Any CPU
		{01642628-C29C-46D9-83A2-6BEE9961FF85}.Release|x64.Build.0 = Release|Any CPU
		{01642628-C29C-46D9-83A2-6BEE9961FF85}.Release|x86.ActiveCfg = Release|Any CPU
		{01642628-C29C-46D9-83A2-6BEE9961FF85}.Release|x86.Build.0 = Release|Any CPU
		{67D2C779-5A18-406F-813E-3D667CBC9E60}.Debug|Any CPU.ActiveCfg = Debug|Any CPU
		{67D2C779-5A18-406F-813E-3D667CBC9E60}.Debug|Any CPU.Build.0 = Debug|Any CPU
		{67D2C779-5A18-406F-813E-3D667CBC9E60}.Debug|x64.ActiveCfg = Debug|Any CPU
		{67D2C779-5A18-406F-813E-3D667CBC9E60}.Debug|x64.Build.0 = Debug|Any CPU
		{67D2C779-5A18-406F-813E-3D667CBC9E60}.Debug|x86.ActiveCfg = Debug|Any CPU
		{67D2C779-5A18-406F-813E-3D667CBC9E60}.Debug|x86.Build.0 = Debug|Any CPU
		{67D2C779-5A18-406F-813E-3D667CBC9E60}.Release|Any CPU.ActiveCfg = Release|Any CPU
		{67D2C779-5A18-406F-813E-3D667CBC9E60}.Release|Any CPU.Build.0 = Release|Any CPU
		{67D2C779-5A18-406F-813E-3D667CBC9E60}.Release|x64.ActiveCfg = Release|Any CPU
		{67D2C779-5A18-406F-813E-3D667CBC9E60}.Release|x64.Build.0 = Release|Any CPU
		{67D2C779-5A18-406F-813E-3D667CBC9E60}.Release|x86.ActiveCfg = Release|Any CPU
		{67D2C779-5A18-406F-813E-3D667CBC9E60}.Release|x86.Build.0 = Release|Any CPU
		{F4241E8D-5CD3-422B-8F16-714A98E5CA10}.Debug|Any CPU.ActiveCfg = Debug|Any CPU
		{F4241E8D-5CD3-422B-8F16-714A98E5CA10}.Debug|Any CPU.Build.0 = Debug|Any CPU
		{F4241E8D-5CD3-422B-8F16-714A98E5CA10}.Debug|x64.ActiveCfg = Debug|Any CPU
		{F4241E8D-5CD3-422B-8F16-714A98E5CA10}.Debug|x64.Build.0 = Debug|Any CPU
		{F4241E8D-5CD3-422B-8F16-714A98E5CA10}.Debug|x86.ActiveCfg = Debug|Any CPU
		{F4241E8D-5CD3-422B-8F16-714A98E5CA10}.Debug|x86.Build.0 = Debug|Any CPU
		{F4241E8D-5CD3-422B-8F16-714A98E5CA10}.Release|Any CPU.ActiveCfg = Release|Any CPU
		{F4241E8D-5CD3-422B-8F16-714A98E5CA10}.Release|Any CPU.Build.0 = Release|Any CPU
		{F4241E8D-5CD3-422B-8F16-714A98E5CA10}.Release|x64.ActiveCfg = Release|Any CPU
		{F4241E8D-5CD3-422B-8F16-714A98E5CA10}.Release|x64.Build.0 = Release|Any CPU
		{F4241E8D-5CD3-422B-8F16-714A98E5CA10}.Release|x86.ActiveCfg = Release|Any CPU
		{F4241E8D-5CD3-422B-8F16-714A98E5CA10}.Release|x86.Build.0 = Release|Any CPU
		{53AA8644-CECE-4B58-9A43-1FC90DB334D4}.Debug|Any CPU.ActiveCfg = Debug|Any CPU
		{53AA8644-CECE-4B58-9A43-1FC90DB334D4}.Debug|Any CPU.Build.0 = Debug|Any CPU
		{53AA8644-CECE-4B58-9A43-1FC90DB334D4}.Debug|x64.ActiveCfg = Debug|Any CPU
		{53AA8644-CECE-4B58-9A43-1FC90DB334D4}.Debug|x64.Build.0 = Debug|Any CPU
		{53AA8644-CECE-4B58-9A43-1FC90DB334D4}.Debug|x86.ActiveCfg = Debug|Any CPU
		{53AA8644-CECE-4B58-9A43-1FC90DB334D4}.Debug|x86.Build.0 = Debug|Any CPU
		{53AA8644-CECE-4B58-9A43-1FC90DB334D4}.Release|Any CPU.ActiveCfg = Release|Any CPU
		{53AA8644-CECE-4B58-9A43-1FC90DB334D4}.Release|Any CPU.Build.0 = Release|Any CPU
		{53AA8644-CECE-4B58-9A43-1FC90DB334D4}.Release|x64.ActiveCfg = Release|Any CPU
		{53AA8644-CECE-4B58-9A43-1FC90DB334D4}.Release|x64.Build.0 = Release|Any CPU
		{53AA8644-CECE-4B58-9A43-1FC90DB334D4}.Release|x86.ActiveCfg = Release|Any CPU
		{53AA8644-CECE-4B58-9A43-1FC90DB334D4}.Release|x86.Build.0 = Release|Any CPU
		{2E502FEB-CE23-4A45-910A-C636AF5F691A}.Debug|Any CPU.ActiveCfg = Debug|Any CPU
		{2E502FEB-CE23-4A45-910A-C636AF5F691A}.Debug|Any CPU.Build.0 = Debug|Any CPU
		{2E502FEB-CE23-4A45-910A-C636AF5F691A}.Debug|x64.ActiveCfg = Debug|Any CPU
		{2E502FEB-CE23-4A45-910A-C636AF5F691A}.Debug|x64.Build.0 = Debug|Any CPU
		{2E502FEB-CE23-4A45-910A-C636AF5F691A}.Debug|x86.ActiveCfg = Debug|Any CPU
		{2E502FEB-CE23-4A45-910A-C636AF5F691A}.Debug|x86.Build.0 = Debug|Any CPU
		{2E502FEB-CE23-4A45-910A-C636AF5F691A}.Release|Any CPU.ActiveCfg = Release|Any CPU
		{2E502FEB-CE23-4A45-910A-C636AF5F691A}.Release|Any CPU.Build.0 = Release|Any CPU
		{2E502FEB-CE23-4A45-910A-C636AF5F691A}.Release|x64.ActiveCfg = Release|Any CPU
		{2E502FEB-CE23-4A45-910A-C636AF5F691A}.Release|x64.Build.0 = Release|Any CPU
		{2E502FEB-CE23-4A45-910A-C636AF5F691A}.Release|x86.ActiveCfg = Release|Any CPU
		{2E502FEB-CE23-4A45-910A-C636AF5F691A}.Release|x86.Build.0 = Release|Any CPU
		{F490E0DB-D12E-4CEA-9DBA-5F7A5B0C1F8D}.Debug|Any CPU.ActiveCfg = Debug|Any CPU
		{F490E0DB-D12E-4CEA-9DBA-5F7A5B0C1F8D}.Debug|Any CPU.Build.0 = Debug|Any CPU
		{F490E0DB-D12E-4CEA-9DBA-5F7A5B0C1F8D}.Debug|x64.ActiveCfg = Debug|Any CPU
		{F490E0DB-D12E-4CEA-9DBA-5F7A5B0C1F8D}.Debug|x64.Build.0 = Debug|Any CPU
		{F490E0DB-D12E-4CEA-9DBA-5F7A5B0C1F8D}.Debug|x86.ActiveCfg = Debug|Any CPU
		{F490E0DB-D12E-4CEA-9DBA-5F7A5B0C1F8D}.Debug|x86.Build.0 = Debug|Any CPU
		{F490E0DB-D12E-4CEA-9DBA-5F7A5B0C1F8D}.Release|Any CPU.ActiveCfg = Release|Any CPU
		{F490E0DB-D12E-4CEA-9DBA-5F7A5B0C1F8D}.Release|Any CPU.Build.0 = Release|Any CPU
		{F490E0DB-D12E-4CEA-9DBA-5F7A5B0C1F8D}.Release|x64.ActiveCfg = Release|Any CPU
		{F490E0DB-D12E-4CEA-9DBA-5F7A5B0C1F8D}.Release|x64.Build.0 = Release|Any CPU
		{F490E0DB-D12E-4CEA-9DBA-5F7A5B0C1F8D}.Release|x86.ActiveCfg = Release|Any CPU
		{F490E0DB-D12E-4CEA-9DBA-5F7A5B0C1F8D}.Release|x86.Build.0 = Release|Any CPU
		{3629E2EA-8D1F-4566-8794-3DE315336CCA}.Debug|Any CPU.ActiveCfg = Debug|Any CPU
		{3629E2EA-8D1F-4566-8794-3DE315336CCA}.Debug|Any CPU.Build.0 = Debug|Any CPU
		{3629E2EA-8D1F-4566-8794-3DE315336CCA}.Debug|x64.ActiveCfg = Debug|Any CPU
		{3629E2EA-8D1F-4566-8794-3DE315336CCA}.Debug|x64.Build.0 = Debug|Any CPU
		{3629E2EA-8D1F-4566-8794-3DE315336CCA}.Debug|x86.ActiveCfg = Debug|Any CPU
		{3629E2EA-8D1F-4566-8794-3DE315336CCA}.Debug|x86.Build.0 = Debug|Any CPU
		{3629E2EA-8D1F-4566-8794-3DE315336CCA}.Release|Any CPU.ActiveCfg = Release|Any CPU
		{3629E2EA-8D1F-4566-8794-3DE315336CCA}.Release|Any CPU.Build.0 = Release|Any CPU
		{3629E2EA-8D1F-4566-8794-3DE315336CCA}.Release|x64.ActiveCfg = Release|Any CPU
		{3629E2EA-8D1F-4566-8794-3DE315336CCA}.Release|x64.Build.0 = Release|Any CPU
		{3629E2EA-8D1F-4566-8794-3DE315336CCA}.Release|x86.ActiveCfg = Release|Any CPU
		{3629E2EA-8D1F-4566-8794-3DE315336CCA}.Release|x86.Build.0 = Release|Any CPU
		{F078D9C2-48C3-420B-BBAF-A754360B605F}.Debug|Any CPU.ActiveCfg = Debug|Any CPU
		{F078D9C2-48C3-420B-BBAF-A754360B605F}.Debug|Any CPU.Build.0 = Debug|Any CPU
		{F078D9C2-48C3-420B-BBAF-A754360B605F}.Debug|x64.ActiveCfg = Debug|Any CPU
		{F078D9C2-48C3-420B-BBAF-A754360B605F}.Debug|x64.Build.0 = Debug|Any CPU
		{F078D9C2-48C3-420B-BBAF-A754360B605F}.Debug|x86.ActiveCfg = Debug|Any CPU
		{F078D9C2-48C3-420B-BBAF-A754360B605F}.Debug|x86.Build.0 = Debug|Any CPU
		{F078D9C2-48C3-420B-BBAF-A754360B605F}.Release|Any CPU.ActiveCfg = Release|Any CPU
		{F078D9C2-48C3-420B-BBAF-A754360B605F}.Release|Any CPU.Build.0 = Release|Any CPU
		{F078D9C2-48C3-420B-BBAF-A754360B605F}.Release|x64.ActiveCfg = Release|Any CPU
		{F078D9C2-48C3-420B-BBAF-A754360B605F}.Release|x64.Build.0 = Release|Any CPU
		{F078D9C2-48C3-420B-BBAF-A754360B605F}.Release|x86.ActiveCfg = Release|Any CPU
		{F078D9C2-48C3-420B-BBAF-A754360B605F}.Release|x86.Build.0 = Release|Any CPU
		{9204D380-1AE9-4109-8901-BAEDF938C086}.Debug|Any CPU.ActiveCfg = Debug|Any CPU
		{9204D380-1AE9-4109-8901-BAEDF938C086}.Debug|Any CPU.Build.0 = Debug|Any CPU
		{9204D380-1AE9-4109-8901-BAEDF938C086}.Debug|x64.ActiveCfg = Debug|Any CPU
		{9204D380-1AE9-4109-8901-BAEDF938C086}.Debug|x64.Build.0 = Debug|Any CPU
		{9204D380-1AE9-4109-8901-BAEDF938C086}.Debug|x86.ActiveCfg = Debug|Any CPU
		{9204D380-1AE9-4109-8901-BAEDF938C086}.Debug|x86.Build.0 = Debug|Any CPU
		{9204D380-1AE9-4109-8901-BAEDF938C086}.Release|Any CPU.ActiveCfg = Release|Any CPU
		{9204D380-1AE9-4109-8901-BAEDF938C086}.Release|Any CPU.Build.0 = Release|Any CPU
		{9204D380-1AE9-4109-8901-BAEDF938C086}.Release|x64.ActiveCfg = Release|Any CPU
		{9204D380-1AE9-4109-8901-BAEDF938C086}.Release|x64.Build.0 = Release|Any CPU
		{9204D380-1AE9-4109-8901-BAEDF938C086}.Release|x86.ActiveCfg = Release|Any CPU
		{9204D380-1AE9-4109-8901-BAEDF938C086}.Release|x86.Build.0 = Release|Any CPU
		{7A27410D-8211-406B-91D9-33C80C48ABE0}.Debug|Any CPU.ActiveCfg = Debug|Any CPU
		{7A27410D-8211-406B-91D9-33C80C48ABE0}.Debug|Any CPU.Build.0 = Debug|Any CPU
		{7A27410D-8211-406B-91D9-33C80C48ABE0}.Debug|x64.ActiveCfg = Debug|Any CPU
		{7A27410D-8211-406B-91D9-33C80C48ABE0}.Debug|x64.Build.0 = Debug|Any CPU
		{7A27410D-8211-406B-91D9-33C80C48ABE0}.Debug|x86.ActiveCfg = Debug|Any CPU
		{7A27410D-8211-406B-91D9-33C80C48ABE0}.Debug|x86.Build.0 = Debug|Any CPU
		{7A27410D-8211-406B-91D9-33C80C48ABE0}.Release|Any CPU.ActiveCfg = Release|Any CPU
		{7A27410D-8211-406B-91D9-33C80C48ABE0}.Release|Any CPU.Build.0 = Release|Any CPU
		{7A27410D-8211-406B-91D9-33C80C48ABE0}.Release|x64.ActiveCfg = Release|Any CPU
		{7A27410D-8211-406B-91D9-33C80C48ABE0}.Release|x64.Build.0 = Release|Any CPU
		{7A27410D-8211-406B-91D9-33C80C48ABE0}.Release|x86.ActiveCfg = Release|Any CPU
		{7A27410D-8211-406B-91D9-33C80C48ABE0}.Release|x86.Build.0 = Release|Any CPU
		{5E16D670-1DA6-40D7-8BD0-F77747E56773}.Debug|Any CPU.ActiveCfg = Debug|Any CPU
		{5E16D670-1DA6-40D7-8BD0-F77747E56773}.Debug|Any CPU.Build.0 = Debug|Any CPU
		{5E16D670-1DA6-40D7-8BD0-F77747E56773}.Debug|x64.ActiveCfg = Debug|Any CPU
		{5E16D670-1DA6-40D7-8BD0-F77747E56773}.Debug|x64.Build.0 = Debug|Any CPU
		{5E16D670-1DA6-40D7-8BD0-F77747E56773}.Debug|x86.ActiveCfg = Debug|Any CPU
		{5E16D670-1DA6-40D7-8BD0-F77747E56773}.Debug|x86.Build.0 = Debug|Any CPU
		{5E16D670-1DA6-40D7-8BD0-F77747E56773}.Release|Any CPU.ActiveCfg = Release|Any CPU
		{5E16D670-1DA6-40D7-8BD0-F77747E56773}.Release|Any CPU.Build.0 = Release|Any CPU
		{5E16D670-1DA6-40D7-8BD0-F77747E56773}.Release|x64.ActiveCfg = Release|Any CPU
		{5E16D670-1DA6-40D7-8BD0-F77747E56773}.Release|x64.Build.0 = Release|Any CPU
		{5E16D670-1DA6-40D7-8BD0-F77747E56773}.Release|x86.ActiveCfg = Release|Any CPU
		{5E16D670-1DA6-40D7-8BD0-F77747E56773}.Release|x86.Build.0 = Release|Any CPU
		{4821F475-076E-477A-82C9-9436FE662F15}.Debug|Any CPU.ActiveCfg = Debug|Any CPU
		{4821F475-076E-477A-82C9-9436FE662F15}.Debug|Any CPU.Build.0 = Debug|Any CPU
		{4821F475-076E-477A-82C9-9436FE662F15}.Debug|x64.ActiveCfg = Debug|Any CPU
		{4821F475-076E-477A-82C9-9436FE662F15}.Debug|x64.Build.0 = Debug|Any CPU
		{4821F475-076E-477A-82C9-9436FE662F15}.Debug|x86.ActiveCfg = Debug|Any CPU
		{4821F475-076E-477A-82C9-9436FE662F15}.Debug|x86.Build.0 = Debug|Any CPU
		{4821F475-076E-477A-82C9-9436FE662F15}.Release|Any CPU.ActiveCfg = Release|Any CPU
		{4821F475-076E-477A-82C9-9436FE662F15}.Release|Any CPU.Build.0 = Release|Any CPU
		{4821F475-076E-477A-82C9-9436FE662F15}.Release|x64.ActiveCfg = Release|Any CPU
		{4821F475-076E-477A-82C9-9436FE662F15}.Release|x64.Build.0 = Release|Any CPU
		{4821F475-076E-477A-82C9-9436FE662F15}.Release|x86.ActiveCfg = Release|Any CPU
		{4821F475-076E-477A-82C9-9436FE662F15}.Release|x86.Build.0 = Release|Any CPU
		{CDD88943-05E1-4303-BD31-6113FDF879E8}.Debug|Any CPU.ActiveCfg = Debug|Any CPU
		{CDD88943-05E1-4303-BD31-6113FDF879E8}.Debug|Any CPU.Build.0 = Debug|Any CPU
		{CDD88943-05E1-4303-BD31-6113FDF879E8}.Debug|x64.ActiveCfg = Debug|Any CPU
		{CDD88943-05E1-4303-BD31-6113FDF879E8}.Debug|x64.Build.0 = Debug|Any CPU
		{CDD88943-05E1-4303-BD31-6113FDF879E8}.Debug|x86.ActiveCfg = Debug|Any CPU
		{CDD88943-05E1-4303-BD31-6113FDF879E8}.Debug|x86.Build.0 = Debug|Any CPU
		{CDD88943-05E1-4303-BD31-6113FDF879E8}.Release|Any CPU.ActiveCfg = Release|Any CPU
		{CDD88943-05E1-4303-BD31-6113FDF879E8}.Release|Any CPU.Build.0 = Release|Any CPU
		{CDD88943-05E1-4303-BD31-6113FDF879E8}.Release|x64.ActiveCfg = Release|Any CPU
		{CDD88943-05E1-4303-BD31-6113FDF879E8}.Release|x64.Build.0 = Release|Any CPU
		{CDD88943-05E1-4303-BD31-6113FDF879E8}.Release|x86.ActiveCfg = Release|Any CPU
		{CDD88943-05E1-4303-BD31-6113FDF879E8}.Release|x86.Build.0 = Release|Any CPU
		{F33C94DC-19F3-44A2-B3E9-97E69EE1E5E3}.Debug|Any CPU.ActiveCfg = Debug|Any CPU
		{F33C94DC-19F3-44A2-B3E9-97E69EE1E5E3}.Debug|Any CPU.Build.0 = Debug|Any CPU
		{F33C94DC-19F3-44A2-B3E9-97E69EE1E5E3}.Debug|x64.ActiveCfg = Debug|Any CPU
		{F33C94DC-19F3-44A2-B3E9-97E69EE1E5E3}.Debug|x64.Build.0 = Debug|Any CPU
		{F33C94DC-19F3-44A2-B3E9-97E69EE1E5E3}.Debug|x86.ActiveCfg = Debug|Any CPU
		{F33C94DC-19F3-44A2-B3E9-97E69EE1E5E3}.Debug|x86.Build.0 = Debug|Any CPU
		{F33C94DC-19F3-44A2-B3E9-97E69EE1E5E3}.Release|Any CPU.ActiveCfg = Release|Any CPU
		{F33C94DC-19F3-44A2-B3E9-97E69EE1E5E3}.Release|Any CPU.Build.0 = Release|Any CPU
		{F33C94DC-19F3-44A2-B3E9-97E69EE1E5E3}.Release|x64.ActiveCfg = Release|Any CPU
		{F33C94DC-19F3-44A2-B3E9-97E69EE1E5E3}.Release|x64.Build.0 = Release|Any CPU
		{F33C94DC-19F3-44A2-B3E9-97E69EE1E5E3}.Release|x86.ActiveCfg = Release|Any CPU
		{F33C94DC-19F3-44A2-B3E9-97E69EE1E5E3}.Release|x86.Build.0 = Release|Any CPU
		{B5339B68-33D6-4106-81EC-1D769307923A}.Debug|Any CPU.ActiveCfg = Debug|Any CPU
		{B5339B68-33D6-4106-81EC-1D769307923A}.Debug|Any CPU.Build.0 = Debug|Any CPU
		{B5339B68-33D6-4106-81EC-1D769307923A}.Debug|x64.ActiveCfg = Debug|Any CPU
		{B5339B68-33D6-4106-81EC-1D769307923A}.Debug|x64.Build.0 = Debug|Any CPU
		{B5339B68-33D6-4106-81EC-1D769307923A}.Debug|x86.ActiveCfg = Debug|Any CPU
		{B5339B68-33D6-4106-81EC-1D769307923A}.Debug|x86.Build.0 = Debug|Any CPU
		{B5339B68-33D6-4106-81EC-1D769307923A}.Release|Any CPU.ActiveCfg = Release|Any CPU
		{B5339B68-33D6-4106-81EC-1D769307923A}.Release|Any CPU.Build.0 = Release|Any CPU
		{B5339B68-33D6-4106-81EC-1D769307923A}.Release|x64.ActiveCfg = Release|Any CPU
		{B5339B68-33D6-4106-81EC-1D769307923A}.Release|x64.Build.0 = Release|Any CPU
		{B5339B68-33D6-4106-81EC-1D769307923A}.Release|x86.ActiveCfg = Release|Any CPU
		{B5339B68-33D6-4106-81EC-1D769307923A}.Release|x86.Build.0 = Release|Any CPU
		{24F49338-8A32-4B4D-B22F-14FA995B8FA1}.Debug|Any CPU.ActiveCfg = Debug|Any CPU
		{24F49338-8A32-4B4D-B22F-14FA995B8FA1}.Debug|Any CPU.Build.0 = Debug|Any CPU
		{24F49338-8A32-4B4D-B22F-14FA995B8FA1}.Debug|x64.ActiveCfg = Debug|Any CPU
		{24F49338-8A32-4B4D-B22F-14FA995B8FA1}.Debug|x64.Build.0 = Debug|Any CPU
		{24F49338-8A32-4B4D-B22F-14FA995B8FA1}.Debug|x86.ActiveCfg = Debug|Any CPU
		{24F49338-8A32-4B4D-B22F-14FA995B8FA1}.Debug|x86.Build.0 = Debug|Any CPU
		{24F49338-8A32-4B4D-B22F-14FA995B8FA1}.Release|Any CPU.ActiveCfg = Release|Any CPU
		{24F49338-8A32-4B4D-B22F-14FA995B8FA1}.Release|Any CPU.Build.0 = Release|Any CPU
		{24F49338-8A32-4B4D-B22F-14FA995B8FA1}.Release|x64.ActiveCfg = Release|Any CPU
		{24F49338-8A32-4B4D-B22F-14FA995B8FA1}.Release|x64.Build.0 = Release|Any CPU
		{24F49338-8A32-4B4D-B22F-14FA995B8FA1}.Release|x86.ActiveCfg = Release|Any CPU
		{24F49338-8A32-4B4D-B22F-14FA995B8FA1}.Release|x86.Build.0 = Release|Any CPU
		{6D317250-B3FD-407C-AF50-D24E4DECD35E}.Debug|Any CPU.ActiveCfg = Debug|Any CPU
		{6D317250-B3FD-407C-AF50-D24E4DECD35E}.Debug|Any CPU.Build.0 = Debug|Any CPU
		{6D317250-B3FD-407C-AF50-D24E4DECD35E}.Debug|x64.ActiveCfg = Debug|Any CPU
		{6D317250-B3FD-407C-AF50-D24E4DECD35E}.Debug|x64.Build.0 = Debug|Any CPU
		{6D317250-B3FD-407C-AF50-D24E4DECD35E}.Debug|x86.ActiveCfg = Debug|Any CPU
		{6D317250-B3FD-407C-AF50-D24E4DECD35E}.Debug|x86.Build.0 = Debug|Any CPU
		{6D317250-B3FD-407C-AF50-D24E4DECD35E}.Release|Any CPU.ActiveCfg = Release|Any CPU
		{6D317250-B3FD-407C-AF50-D24E4DECD35E}.Release|Any CPU.Build.0 = Release|Any CPU
		{6D317250-B3FD-407C-AF50-D24E4DECD35E}.Release|x64.ActiveCfg = Release|Any CPU
		{6D317250-B3FD-407C-AF50-D24E4DECD35E}.Release|x64.Build.0 = Release|Any CPU
		{6D317250-B3FD-407C-AF50-D24E4DECD35E}.Release|x86.ActiveCfg = Release|Any CPU
		{6D317250-B3FD-407C-AF50-D24E4DECD35E}.Release|x86.Build.0 = Release|Any CPU
		{5B7B0BA0-7F31-4915-8C0B-610EDAB43C68}.Debug|Any CPU.ActiveCfg = Debug|Any CPU
		{5B7B0BA0-7F31-4915-8C0B-610EDAB43C68}.Debug|Any CPU.Build.0 = Debug|Any CPU
		{5B7B0BA0-7F31-4915-8C0B-610EDAB43C68}.Debug|x64.ActiveCfg = Debug|Any CPU
		{5B7B0BA0-7F31-4915-8C0B-610EDAB43C68}.Debug|x64.Build.0 = Debug|Any CPU
		{5B7B0BA0-7F31-4915-8C0B-610EDAB43C68}.Debug|x86.ActiveCfg = Debug|Any CPU
		{5B7B0BA0-7F31-4915-8C0B-610EDAB43C68}.Debug|x86.Build.0 = Debug|Any CPU
		{5B7B0BA0-7F31-4915-8C0B-610EDAB43C68}.Release|Any CPU.ActiveCfg = Release|Any CPU
		{5B7B0BA0-7F31-4915-8C0B-610EDAB43C68}.Release|Any CPU.Build.0 = Release|Any CPU
		{5B7B0BA0-7F31-4915-8C0B-610EDAB43C68}.Release|x64.ActiveCfg = Release|Any CPU
		{5B7B0BA0-7F31-4915-8C0B-610EDAB43C68}.Release|x64.Build.0 = Release|Any CPU
		{5B7B0BA0-7F31-4915-8C0B-610EDAB43C68}.Release|x86.ActiveCfg = Release|Any CPU
		{5B7B0BA0-7F31-4915-8C0B-610EDAB43C68}.Release|x86.Build.0 = Release|Any CPU
		{0F0A5EF4-4475-4E76-9387-79170E856335}.Debug|Any CPU.ActiveCfg = Debug|Any CPU
		{0F0A5EF4-4475-4E76-9387-79170E856335}.Debug|Any CPU.Build.0 = Debug|Any CPU
		{0F0A5EF4-4475-4E76-9387-79170E856335}.Debug|x64.ActiveCfg = Debug|Any CPU
		{0F0A5EF4-4475-4E76-9387-79170E856335}.Debug|x64.Build.0 = Debug|Any CPU
		{0F0A5EF4-4475-4E76-9387-79170E856335}.Debug|x86.ActiveCfg = Debug|Any CPU
		{0F0A5EF4-4475-4E76-9387-79170E856335}.Debug|x86.Build.0 = Debug|Any CPU
		{0F0A5EF4-4475-4E76-9387-79170E856335}.Release|Any CPU.ActiveCfg = Release|Any CPU
		{0F0A5EF4-4475-4E76-9387-79170E856335}.Release|Any CPU.Build.0 = Release|Any CPU
		{0F0A5EF4-4475-4E76-9387-79170E856335}.Release|x64.ActiveCfg = Release|Any CPU
		{0F0A5EF4-4475-4E76-9387-79170E856335}.Release|x64.Build.0 = Release|Any CPU
		{0F0A5EF4-4475-4E76-9387-79170E856335}.Release|x86.ActiveCfg = Release|Any CPU
		{0F0A5EF4-4475-4E76-9387-79170E856335}.Release|x86.Build.0 = Release|Any CPU
		{74972E19-E816-4505-94C6-E3BF4F776C61}.Debug|Any CPU.ActiveCfg = Debug|Any CPU
		{74972E19-E816-4505-94C6-E3BF4F776C61}.Debug|Any CPU.Build.0 = Debug|Any CPU
		{74972E19-E816-4505-94C6-E3BF4F776C61}.Debug|x64.ActiveCfg = Debug|Any CPU
		{74972E19-E816-4505-94C6-E3BF4F776C61}.Debug|x64.Build.0 = Debug|Any CPU
		{74972E19-E816-4505-94C6-E3BF4F776C61}.Debug|x86.ActiveCfg = Debug|Any CPU
		{74972E19-E816-4505-94C6-E3BF4F776C61}.Debug|x86.Build.0 = Debug|Any CPU
		{74972E19-E816-4505-94C6-E3BF4F776C61}.Release|Any CPU.ActiveCfg = Release|Any CPU
		{74972E19-E816-4505-94C6-E3BF4F776C61}.Release|Any CPU.Build.0 = Release|Any CPU
		{74972E19-E816-4505-94C6-E3BF4F776C61}.Release|x64.ActiveCfg = Release|Any CPU
		{74972E19-E816-4505-94C6-E3BF4F776C61}.Release|x64.Build.0 = Release|Any CPU
		{74972E19-E816-4505-94C6-E3BF4F776C61}.Release|x86.ActiveCfg = Release|Any CPU
		{74972E19-E816-4505-94C6-E3BF4F776C61}.Release|x86.Build.0 = Release|Any CPU
		{97171043-4813-481E-8F20-599BBCA09EF6}.Debug|Any CPU.ActiveCfg = Debug|Any CPU
		{97171043-4813-481E-8F20-599BBCA09EF6}.Debug|Any CPU.Build.0 = Debug|Any CPU
		{97171043-4813-481E-8F20-599BBCA09EF6}.Debug|x64.ActiveCfg = Debug|Any CPU
		{97171043-4813-481E-8F20-599BBCA09EF6}.Debug|x64.Build.0 = Debug|Any CPU
		{97171043-4813-481E-8F20-599BBCA09EF6}.Debug|x86.ActiveCfg = Debug|Any CPU
		{97171043-4813-481E-8F20-599BBCA09EF6}.Debug|x86.Build.0 = Debug|Any CPU
		{97171043-4813-481E-8F20-599BBCA09EF6}.Release|Any CPU.ActiveCfg = Release|Any CPU
		{97171043-4813-481E-8F20-599BBCA09EF6}.Release|Any CPU.Build.0 = Release|Any CPU
		{97171043-4813-481E-8F20-599BBCA09EF6}.Release|x64.ActiveCfg = Release|Any CPU
		{97171043-4813-481E-8F20-599BBCA09EF6}.Release|x64.Build.0 = Release|Any CPU
		{97171043-4813-481E-8F20-599BBCA09EF6}.Release|x86.ActiveCfg = Release|Any CPU
		{97171043-4813-481E-8F20-599BBCA09EF6}.Release|x86.Build.0 = Release|Any CPU
		{EEB24208-27A5-4BA2-A221-CBF16F092FB9}.Debug|Any CPU.ActiveCfg = Debug|Any CPU
		{EEB24208-27A5-4BA2-A221-CBF16F092FB9}.Debug|Any CPU.Build.0 = Debug|Any CPU
		{EEB24208-27A5-4BA2-A221-CBF16F092FB9}.Debug|x64.ActiveCfg = Debug|Any CPU
		{EEB24208-27A5-4BA2-A221-CBF16F092FB9}.Debug|x64.Build.0 = Debug|Any CPU
		{EEB24208-27A5-4BA2-A221-CBF16F092FB9}.Debug|x86.ActiveCfg = Debug|Any CPU
		{EEB24208-27A5-4BA2-A221-CBF16F092FB9}.Debug|x86.Build.0 = Debug|Any CPU
		{EEB24208-27A5-4BA2-A221-CBF16F092FB9}.Release|Any CPU.ActiveCfg = Release|Any CPU
		{EEB24208-27A5-4BA2-A221-CBF16F092FB9}.Release|Any CPU.Build.0 = Release|Any CPU
		{EEB24208-27A5-4BA2-A221-CBF16F092FB9}.Release|x64.ActiveCfg = Release|Any CPU
		{EEB24208-27A5-4BA2-A221-CBF16F092FB9}.Release|x64.Build.0 = Release|Any CPU
		{EEB24208-27A5-4BA2-A221-CBF16F092FB9}.Release|x86.ActiveCfg = Release|Any CPU
		{EEB24208-27A5-4BA2-A221-CBF16F092FB9}.Release|x86.Build.0 = Release|Any CPU
		{3056D1E3-922B-454A-B22D-51076FEAE370}.Debug|Any CPU.ActiveCfg = Debug|Any CPU
		{3056D1E3-922B-454A-B22D-51076FEAE370}.Debug|Any CPU.Build.0 = Debug|Any CPU
		{3056D1E3-922B-454A-B22D-51076FEAE370}.Debug|x64.ActiveCfg = Debug|Any CPU
		{3056D1E3-922B-454A-B22D-51076FEAE370}.Debug|x64.Build.0 = Debug|Any CPU
		{3056D1E3-922B-454A-B22D-51076FEAE370}.Debug|x86.ActiveCfg = Debug|Any CPU
		{3056D1E3-922B-454A-B22D-51076FEAE370}.Debug|x86.Build.0 = Debug|Any CPU
		{3056D1E3-922B-454A-B22D-51076FEAE370}.Release|Any CPU.ActiveCfg = Release|Any CPU
		{3056D1E3-922B-454A-B22D-51076FEAE370}.Release|Any CPU.Build.0 = Release|Any CPU
		{3056D1E3-922B-454A-B22D-51076FEAE370}.Release|x64.ActiveCfg = Release|Any CPU
		{3056D1E3-922B-454A-B22D-51076FEAE370}.Release|x64.Build.0 = Release|Any CPU
		{3056D1E3-922B-454A-B22D-51076FEAE370}.Release|x86.ActiveCfg = Release|Any CPU
		{3056D1E3-922B-454A-B22D-51076FEAE370}.Release|x86.Build.0 = Release|Any CPU
		{58724066-B94C-41A3-A77B-E508529266C1}.Debug|Any CPU.ActiveCfg = Debug|Any CPU
		{58724066-B94C-41A3-A77B-E508529266C1}.Debug|Any CPU.Build.0 = Debug|Any CPU
		{58724066-B94C-41A3-A77B-E508529266C1}.Debug|x64.ActiveCfg = Debug|Any CPU
		{58724066-B94C-41A3-A77B-E508529266C1}.Debug|x64.Build.0 = Debug|Any CPU
		{58724066-B94C-41A3-A77B-E508529266C1}.Debug|x86.ActiveCfg = Debug|Any CPU
		{58724066-B94C-41A3-A77B-E508529266C1}.Debug|x86.Build.0 = Debug|Any CPU
		{58724066-B94C-41A3-A77B-E508529266C1}.Release|Any CPU.ActiveCfg = Release|Any CPU
		{58724066-B94C-41A3-A77B-E508529266C1}.Release|Any CPU.Build.0 = Release|Any CPU
		{58724066-B94C-41A3-A77B-E508529266C1}.Release|x64.ActiveCfg = Release|Any CPU
		{58724066-B94C-41A3-A77B-E508529266C1}.Release|x64.Build.0 = Release|Any CPU
		{58724066-B94C-41A3-A77B-E508529266C1}.Release|x86.ActiveCfg = Release|Any CPU
		{58724066-B94C-41A3-A77B-E508529266C1}.Release|x86.Build.0 = Release|Any CPU
	EndGlobalSection
	GlobalSection(NestedProjects) = preSolution
		{D1343260-B904-41D3-A6EA-090288348582} = {769031A4-EA13-4A4A-AF32-C254B5D1D689}
		{19C9490D-9036-45DE-A3FA-5F5122EBB5EA} = {D1343260-B904-41D3-A6EA-090288348582}
		{18C77863-0D38-4872-A35E-1CDCEAE263D2} = {D1343260-B904-41D3-A6EA-090288348582}
		{67B7E3E7-0034-4ADD-8285-6E49A20A17A3} = {D1343260-B904-41D3-A6EA-090288348582}
		{C5FE844D-80F0-411F-9AB1-2908E33051DF} = {D1343260-B904-41D3-A6EA-090288348582}
		{6186CA6F-B2AE-491E-B191-77510EA50183} = {D1343260-B904-41D3-A6EA-090288348582}
		{C5C22072-34B2-4853-BB2A-AA800E85C839} = {D1343260-B904-41D3-A6EA-090288348582}
		{FA4A613B-F597-46E0-B7FD-4199785AB1DF} = {D1343260-B904-41D3-A6EA-090288348582}
		{D25628B6-FCE7-4037-8E00-829FFE046924} = {4A49EA0B-BDBE-4088-9A6C-FB8076D3E47A}
		{4E4137E4-195D-4EB2-B9C2-5F31872D7DC9} = {D25628B6-FCE7-4037-8E00-829FFE046924}
		{9FA29F57-61C2-4EDC-9C99-8FBB4A10CA11} = {1574333C-F2C6-4DEC-8B27-E1D2D127F7B3}
		{01642628-C29C-46D9-83A2-6BEE9961FF85} = {9FA29F57-61C2-4EDC-9C99-8FBB4A10CA11}
		{67D2C779-5A18-406F-813E-3D667CBC9E60} = {9FA29F57-61C2-4EDC-9C99-8FBB4A10CA11}
		{BD1A3927-B8B4-4878-AEF8-C7ADBC81F0C7} = {108DD1F7-EE36-46AF-BFF0-65F46F5C3EFD}
		{F4241E8D-5CD3-422B-8F16-714A98E5CA10} = {BD1A3927-B8B4-4878-AEF8-C7ADBC81F0C7}
		{999951E6-8DD7-4B45-A6CA-18F84F2F7419} = {4FECD97F-DA2B-4721-A89A-26E6D898FA54}
		{53AA8644-CECE-4B58-9A43-1FC90DB334D4} = {999951E6-8DD7-4B45-A6CA-18F84F2F7419}
		{8C2F4037-B448-4364-8F3A-466ECA880F56} = {955EBF6F-1D3D-41D0-841D-E1F596566FC0}
		{F490E0DB-D12E-4CEA-9DBA-5F7A5B0C1F8D} = {8C2F4037-B448-4364-8F3A-466ECA880F56}
		{3629E2EA-8D1F-4566-8794-3DE315336CCA} = {D25628B6-FCE7-4037-8E00-829FFE046924}
		{BBFEA7AB-0619-45A1-A007-663414106002} = {D25628B6-FCE7-4037-8E00-829FFE046924}
		{F078D9C2-48C3-420B-BBAF-A754360B605F} = {BBFEA7AB-0619-45A1-A007-663414106002}
		{9204D380-1AE9-4109-8901-BAEDF938C086} = {BBFEA7AB-0619-45A1-A007-663414106002}
		{7A27410D-8211-406B-91D9-33C80C48ABE0} = {BBFEA7AB-0619-45A1-A007-663414106002}
		{5E16D670-1DA6-40D7-8BD0-F77747E56773} = {D25628B6-FCE7-4037-8E00-829FFE046924}
		{4881DEFD-8005-41B6-9B07-5C11696DDA34} = {D25628B6-FCE7-4037-8E00-829FFE046924}
		{4821F475-076E-477A-82C9-9436FE662F15} = {4881DEFD-8005-41B6-9B07-5C11696DDA34}
		{CDD88943-05E1-4303-BD31-6113FDF879E8} = {4881DEFD-8005-41B6-9B07-5C11696DDA34}
		{F33C94DC-19F3-44A2-B3E9-97E69EE1E5E3} = {4881DEFD-8005-41B6-9B07-5C11696DDA34}
		{A6BB9E7D-AC41-47C7-B1F8-6AC0132A480B} = {BC01607B-4925-4CA9-BEDB-388CFBA6CFCE}
		{B5339B68-33D6-4106-81EC-1D769307923A} = {A6BB9E7D-AC41-47C7-B1F8-6AC0132A480B}
		{15B9C6EC-BDEF-4C08-BF5E-84914D46A021} = {A6BB9E7D-AC41-47C7-B1F8-6AC0132A480B}
		{24F49338-8A32-4B4D-B22F-14FA995B8FA1} = {15B9C6EC-BDEF-4C08-BF5E-84914D46A021}
		{6D317250-B3FD-407C-AF50-D24E4DECD35E} = {15B9C6EC-BDEF-4C08-BF5E-84914D46A021}
		{5B7B0BA0-7F31-4915-8C0B-610EDAB43C68} = {A6BB9E7D-AC41-47C7-B1F8-6AC0132A480B}
		{BEF99865-27EC-4BD6-9758-B52B2F1A4000} = {A6BB9E7D-AC41-47C7-B1F8-6AC0132A480B}
		{0F0A5EF4-4475-4E76-9387-79170E856335} = {BEF99865-27EC-4BD6-9758-B52B2F1A4000}
		{FF4B2EB6-4C54-429F-BFDC-7997231F468C} = {A6BB9E7D-AC41-47C7-B1F8-6AC0132A480B}
		{74972E19-E816-4505-94C6-E3BF4F776C61} = {FF4B2EB6-4C54-429F-BFDC-7997231F468C}
		{97171043-4813-481E-8F20-599BBCA09EF6} = {FF4B2EB6-4C54-429F-BFDC-7997231F468C}
		{EEB24208-27A5-4BA2-A221-CBF16F092FB9} = {FF4B2EB6-4C54-429F-BFDC-7997231F468C}
		{08FE5DCE-C352-42CD-890F-A161FCA8C9A6} = {89BC4D64-31AC-45AA-BED9-ACA684F6D556}
		{3056D1E3-922B-454A-B22D-51076FEAE370} = {08FE5DCE-C352-42CD-890F-A161FCA8C9A6}
		{D05182BF-1878-4155-89B9-A2439FD29284} = {523804FE-9097-4A1D-91F9-C6A23D18D099}
		{58724066-B94C-41A3-A77B-E508529266C1} = {D05182BF-1878-4155-89B9-A2439FD29284}
	EndGlobalSection
EndGlobal
