
Microsoft Visual Studio Solution File, Format Version 12.00
# Visual Studio Version 17
VisualStudioVersion = 17.0.31903.59
MinimumVisualStudioVersion = 10.0.40219.1
Project("{2150E333-8FDC-42A3-9474-1A3956D46DE8}") = "Backuper", "Backuper", "{B01E0D64-175D-4D1E-B9A1-783F34BCF247}"
EndProject
Project("{2150E333-8FDC-42A3-9474-1A3956D46DE8}") = "src", "src", "{3EEA0455-DF16-4F8A-A461-8BA978113624}"
EndProject
Project("{FAE04EC0-301F-11D3-BF4B-00C04F79EFBC}") = "Backuper.Api", "Backuper\src\Backuper.Api\Backuper.Api.csproj", "{28F50AC1-DE30-4824-A98B-C34DF0EACBF4}"
EndProject
Project("{FAE04EC0-301F-11D3-BF4B-00C04F79EFBC}") = "Backuper.Connection.Abstract", "Backuper\src\Backuper.Connection.Abstract\Backuper.Connection.Abstract.csproj", "{DF62866B-0210-4305-BFD8-643D364758CD}"
EndProject
Project("{FAE04EC0-301F-11D3-BF4B-00C04F79EFBC}") = "Backuper.Connection.PostgreSQL", "Backuper\src\Backuper.Connection.PostgreSQL\Backuper.Connection.PostgreSQL.csproj", "{E94BEBE1-ADDA-40B3-994F-ECC0A870B6CE}"
EndProject
Project("{FAE04EC0-301F-11D3-BF4B-00C04F79EFBC}") = "Backuper.Notification.Abstract", "Backuper\src\Backuper.Notification.Abstract\Backuper.Notification.Abstract.csproj", "{09C493BB-AF08-4D3A-9936-5921442FCF3B}"
EndProject
Project("{FAE04EC0-301F-11D3-BF4B-00C04F79EFBC}") = "Backuper.Notification.Slack", "Backuper\src\Backuper.Notification.Slack\Backuper.Notification.Slack.csproj", "{35A6E884-4A0F-4DE5-B2C3-01AD41B3BDA5}"
EndProject
Project("{FAE04EC0-301F-11D3-BF4B-00C04F79EFBC}") = "Backuper.Shared", "Backuper\src\Backuper.Shared\Backuper.Shared.csproj", "{804F6B17-8997-486A-8551-73DA74627098}"
EndProject
Project("{FAE04EC0-301F-11D3-BF4B-00C04F79EFBC}") = "Backuper.Storage", "Backuper\src\Backuper.Storage\Backuper.Storage.csproj", "{26F8FD3A-7A7D-4B23-93AF-BE1DFDBF60CF}"
EndProject
Project("{2150E333-8FDC-42A3-9474-1A3956D46DE8}") = "xmg", "xmg", "{74A442B3-379A-4283-B250-190F9139AAE0}"
EndProject
Project("{2150E333-8FDC-42A3-9474-1A3956D46DE8}") = "src", "src", "{5B054B92-8397-4506-81CC-A05162776AA6}"
EndProject
Project("{FAE04EC0-301F-11D3-BF4B-00C04F79EFBC}") = "Debugger", "xmg\src\Debugger\Debugger.csproj", "{EF42E256-E0B9-43C7-B2BE-14B5F8AB2FDC}"
EndProject
Project("{2150E333-8FDC-42A3-9474-1A3956D46DE8}") = "MessageBus", "MessageBus", "{3E9DEE17-264F-47FC-A542-1F59D5A2A0F4}"
EndProject
Project("{2150E333-8FDC-42A3-9474-1A3956D46DE8}") = "src", "src", "{13ABACAF-20EA-4D5F-9CE7-A91AF65D3FEA}"
EndProject
Project("{FAE04EC0-301F-11D3-BF4B-00C04F79EFBC}") = "MessageBus.Proxy", "MessageBus\src\MessageBus.Proxy\MessageBus.Proxy.csproj", "{0AF58010-2091-4802-B6F7-EF5B4EC80FF4}"
EndProject
Project("{FAE04EC0-301F-11D3-BF4B-00C04F79EFBC}") = "MessageBus.Sink", "MessageBus\src\MessageBus.Sink\MessageBus.Sink.csproj", "{C66D3BA0-AA50-426F-8A49-6FAE982F47E7}"
EndProject
Project("{2150E333-8FDC-42A3-9474-1A3956D46DE8}") = "xa", "xa", "{874B42B7-7757-44D6-A5E9-CF5921D89499}"
EndProject
Project("{2150E333-8FDC-42A3-9474-1A3956D46DE8}") = "src", "src", "{19365675-780C-4996-9AE3-D1C41E54728C}"
EndProject
Project("{FAE04EC0-301F-11D3-BF4B-00C04F79EFBC}") = "Xa", "xa\src\Xa\Xa.csproj", "{0F8A79E0-329D-40A9-BA58-EF8B78873D3C}"
EndProject
Project("{2150E333-8FDC-42A3-9474-1A3956D46DE8}") = "xc", "xc", "{14978593-4BCB-4B78-8677-CCC534AB1ACB}"
EndProject
Project("{2150E333-8FDC-42A3-9474-1A3956D46DE8}") = "src", "src", "{56755FF5-0E79-4BD5-BC9F-262BF4377144}"
EndProject
Project("{FAE04EC0-301F-11D3-BF4B-00C04F79EFBC}") = "Xc", "xc\src\Xc\Xc.csproj", "{C93294B6-F589-461F-9DA0-793D2DF8B7C2}"
EndProject
Project("{2150E333-8FDC-42A3-9474-1A3956D46DE8}") = "xcert", "xcert", "{8EEDA89C-AE45-4E37-A4FA-D43C1D1EBE08}"
EndProject
Project("{2150E333-8FDC-42A3-9474-1A3956D46DE8}") = "src", "src", "{D709FACF-5296-46CF-84E7-1EFD361ADF78}"
EndProject
Project("{FAE04EC0-301F-11D3-BF4B-00C04F79EFBC}") = "XCert", "xcert\src\XCert\XCert.csproj", "{FDAE9CE0-0ABB-4427-8212-DE7276139F54}"
EndProject
Project("{2150E333-8FDC-42A3-9474-1A3956D46DE8}") = "xdb", "xdb", "{BFA4FF09-54F9-4915-9D70-2A9C766E6A69}"
EndProject
Project("{2150E333-8FDC-42A3-9474-1A3956D46DE8}") = "src", "src", "{AC660A46-01C1-4188-AB2D-81B6150A17B2}"
EndProject
Project("{FAE04EC0-301F-11D3-BF4B-00C04F79EFBC}") = "Xdb", "xdb\src\Xdb\Xdb.csproj", "{E675000E-AADF-49BC-85A4-5881178A61B6}"
EndProject
Project("{FAE04EC0-301F-11D3-BF4B-00C04F79EFBC}") = "Xdb.Core", "xdb\src\Xdb.Core\Xdb.Core.csproj", "{DF79458D-7BED-4F3E-BB9D-48B1E1DCC87A}"
EndProject
Project("{FAE04EC0-301F-11D3-BF4B-00C04F79EFBC}") = "xdomains", "xdomains\xdomains.csproj", "{7651515E-8E30-4DB8-80C4-62CE017818D5}"
EndProject
Project("{2150E333-8FDC-42A3-9474-1A3956D46DE8}") = "xfiles", "xfiles", "{82E45899-D979-43F4-B3C9-09392161403A}"
EndProject
Project("{2150E333-8FDC-42A3-9474-1A3956D46DE8}") = "src", "src", "{E452A77C-9A5B-498D-9017-44C21FC1831C}"
EndProject
Project("{FAE04EC0-301F-11D3-BF4B-00C04F79EFBC}") = "Xf", "xfiles\src\Xf\Xf.csproj", "{D9AD5745-91C7-47C2-9CE9-F257ED69A2DA}"
EndProject
Project("{2150E333-8FDC-42A3-9474-1A3956D46DE8}") = "xlink", "xlink", "{862A0E66-F062-4F29-B1FC-68D6AB6463A1}"
EndProject
Project("{2150E333-8FDC-42A3-9474-1A3956D46DE8}") = "src", "src", "{CF82A53B-D3E0-4AE9-ACDB-53B760ED9730}"
EndProject
Project("{FAE04EC0-301F-11D3-BF4B-00C04F79EFBC}") = "XLink", "xlink\src\XLink\XLink.csproj", "{05E90593-4F82-4998-BCE7-F774E3336563}"
EndProject
Project("{2150E333-8FDC-42A3-9474-1A3956D46DE8}") = "xlog", "xlog", "{00170663-DEF1-4828-827D-E16AC8068D99}"
EndProject
Project("{2150E333-8FDC-42A3-9474-1A3956D46DE8}") = "src", "src", "{96DDBBB5-DA8B-4842-9CC4-E5A12B0A948A}"
EndProject
Project("{FAE04EC0-301F-11D3-BF4B-00C04F79EFBC}") = "XLog", "xlog\src\XLog\XLog.csproj", "{5AC479C6-1F15-4F48-A84D-8686E33E7F25}"
EndProject
Project("{FAE04EC0-301F-11D3-BF4B-00C04F79EFBC}") = "Xmg", "xmg\src\Xmg\Xmg.csproj", "{160A8213-8FDD-4B81-A631-EAB18A2B096C}"
EndProject
Project("{2150E333-8FDC-42A3-9474-1A3956D46DE8}") = "Xmg.Configuration", "Xmg.Configuration", "{EE520348-DE2E-4AEF-B86F-1D0C90E04F12}"
EndProject
Project("{FAE04EC0-301F-11D3-BF4B-00C04F79EFBC}") = "Xmg.Configuration", "xmg\src\Xmg.Configuration\Xmg.Configuration\Xmg.Configuration.csproj", "{F6D2BA2F-94C6-43CC-9FBC-8C748DCE23FA}"
EndProject
Project("{FAE04EC0-301F-11D3-BF4B-00C04F79EFBC}") = "Xmg.Configuration.Abstractions", "xmg\src\Xmg.Configuration\Xmg.Configuration.Abstractions\Xmg.Configuration.Abstractions.csproj", "{3EC491EA-5A8E-4DF1-8DBE-FC151540ABF3}"
EndProject
Project("{FAE04EC0-301F-11D3-BF4B-00C04F79EFBC}") = "Xmg.Configuration.linq2db", "xmg\src\Xmg.Configuration\Xmg.Configuration.linq2db\Xmg.Configuration.linq2db.csproj", "{3A27E1E9-2F08-4D35-9F0C-72F58B2ED105}"
EndProject
Project("{FAE04EC0-301F-11D3-BF4B-00C04F79EFBC}") = "Xmg.Core", "xmg\src\Xmg.Core\Xmg.Core.csproj", "{6387862D-A946-465A-BBB9-0D14760247D2}"
EndProject
Project("{2150E333-8FDC-42A3-9474-1A3956D46DE8}") = "Xmg.Migration", "Xmg.Migration", "{193E9B0D-9E90-4493-98C8-E721466EA2B9}"
EndProject
Project("{FAE04EC0-301F-11D3-BF4B-00C04F79EFBC}") = "Xmg.Migration", "xmg\src\Xmg.Migration\Xmg.Migration\Xmg.Migration.csproj", "{13E62965-CCE8-4B77-9D17-BD5C8718D74D}"
EndProject
Project("{FAE04EC0-301F-11D3-BF4B-00C04F79EFBC}") = "Xmg.Migration.Abstractions", "xmg\src\Xmg.Migration\Xmg.Migration.Abstractions\Xmg.Migration.Abstractions.csproj", "{78EEC214-DDC1-4AE7-9A47-53E9C5160464}"
EndProject
Project("{FAE04EC0-301F-11D3-BF4B-00C04F79EFBC}") = "Xmg.Migration.FluentMigrator", "xmg\src\Xmg.Migration\Xmg.Migration.FluentMigrator\Xmg.Migration.FluentMigrator.csproj", "{0590877A-9589-4691-A3A0-4855731AB081}"
EndProject
Project("{2150E333-8FDC-42A3-9474-1A3956D46DE8}") = "xrest", "xrest", "{2EE8048B-C8DA-4F28-8D94-F3B000E98F01}"
EndProject
Project("{2150E333-8FDC-42A3-9474-1A3956D46DE8}") = "src", "src", "{82058554-CCCC-4D96-A807-02141C30CBE1}"
EndProject
Project("{FAE04EC0-301F-11D3-BF4B-00C04F79EFBC}") = "XRest", "xrest\src\XRest\XRest.csproj", "{3B7A177A-2A84-4752-8930-360964F6F91D}"
EndProject
Project("{2150E333-8FDC-42A3-9474-1A3956D46DE8}") = "clients", "clients", "{E74C11AC-1706-40B8-B3FF-ACD50F6586C3}"
EndProject
Project("{FAE04EC0-301F-11D3-BF4B-00C04F79EFBC}") = "XRest.Clients.Csharp", "xrest\src\clients\XRest.Clients.Csharp\XRest.Clients.Csharp.csproj", "{6B32C5EB-0A8F-4690-841A-7C4DDF9D5C12}"
EndProject
Project("{FAE04EC0-301F-11D3-BF4B-00C04F79EFBC}") = "XRest.Clients.Shared", "xrest\src\clients\XRest.Clients.Shared\XRest.Clients.Shared.csproj", "{BEF0BFBB-1C2C-4FC7-A3F1-A06AA1D4A93E}"
EndProject
Project("{FAE04EC0-301F-11D3-BF4B-00C04F79EFBC}") = "XRest.Clients.TypeScript", "xrest\src\clients\XRest.Clients.TypeScript\XRest.Clients.TypeScript.csproj", "{68C5FF4A-18BA-4ECF-93D1-5E8C3D7D9826}"
EndProject
Project("{FAE04EC0-301F-11D3-BF4B-00C04F79EFBC}") = "XRest.Core", "xrest\src\XRest.Core\XRest.Core.csproj", "{2A8E3045-C756-4307-9A1F-8891A90C5418}"
EndProject
Project("{2150E333-8FDC-42A3-9474-1A3956D46DE8}") = "demo", "demo", "{C6720E35-C2B6-410E-95A0-815CAB942192}"
EndProject
Project("{FAE04EC0-301F-11D3-BF4B-00C04F79EFBC}") = "XRest.Demo.Client", "xrest\demo\XRest.Demo.Client\XRest.Demo.Client.csproj", "{A496405C-E1DE-4C4D-ABE0-EA4286E55269}"
EndProject
Project("{FAE04EC0-301F-11D3-BF4B-00C04F79EFBC}") = "XRest.Demo.Server", "xrest\demo\XRest.Demo.Server\XRest.Demo.Server.csproj", "{9486EE97-C67C-451F-883F-61595DD8CFE3}"
EndProject
Project("{2150E333-8FDC-42A3-9474-1A3956D46DE8}") = "sources", "sources", "{22DC1A2B-DB40-4D11-8E93-BDAE54A1965D}"
EndProject
Project("{FAE04EC0-301F-11D3-BF4B-00C04F79EFBC}") = "XRest.Sources.AspNetCore", "xrest\src\sources\XRest.Sources.AspNetCore\XRest.Sources.AspNetCore.csproj", "{2AF7096C-0B91-4E00-BBB4-ACAC4BF6F7A8}"
EndProject
Project("{FAE04EC0-301F-11D3-BF4B-00C04F79EFBC}") = "XRest.Sources.Shared", "xrest\src\sources\XRest.Sources.Shared\XRest.Sources.Shared.csproj", "{A417009A-8431-4F7D-8763-0B97C4EE12DF}"
EndProject
Project("{2150E333-8FDC-42A3-9474-1A3956D46DE8}") = "xsass", "xsass", "{AE4E2BB8-178C-45C7-873B-1021DEBDA684}"
EndProject
Project("{2150E333-8FDC-42A3-9474-1A3956D46DE8}") = "src", "src", "{F67F41DF-20F1-4664-BB2C-A8E6560ABE64}"
EndProject
Project("{FAE04EC0-301F-11D3-BF4B-00C04F79EFBC}") = "XSass", "xsass\src\XSass\XSass.csproj", "{97156487-31A7-40ED-9AE6-CCB7A8225FB2}"
EndProject
Project("{2150E333-8FDC-42A3-9474-1A3956D46DE8}") = "xws", "xws", "{91D400A7-55D9-4064-BC22-4C6D515DC778}"
EndProject
Project("{2150E333-8FDC-42A3-9474-1A3956D46DE8}") = "src", "src", "{D843C961-3EB4-490C-AFD2-531EF1ED25B9}"
EndProject
Project("{FAE04EC0-301F-11D3-BF4B-00C04F79EFBC}") = "Xws", "xws\src\Xws\Xws.csproj", "{58433FF2-764F-46B0-9FDA-A6A14528D119}"
EndProject
Global
	GlobalSection(SolutionConfigurationPlatforms) = preSolution
		Debug|Any CPU = Debug|Any CPU
		Release|Any CPU = Release|Any CPU
	EndGlobalSection
	GlobalSection(SolutionProperties) = preSolution
		HideSolutionNode = FALSE
	EndGlobalSection
	GlobalSection(ProjectConfigurationPlatforms) = postSolution
		{28F50AC1-DE30-4824-A98B-C34DF0EACBF4}.Debug|Any CPU.ActiveCfg = Debug|Any CPU
		{28F50AC1-DE30-4824-A98B-C34DF0EACBF4}.Debug|Any CPU.Build.0 = Debug|Any CPU
		{28F50AC1-DE30-4824-A98B-C34DF0EACBF4}.Release|Any CPU.ActiveCfg = Release|Any CPU
		{28F50AC1-DE30-4824-A98B-C34DF0EACBF4}.Release|Any CPU.Build.0 = Release|Any CPU
		{DF62866B-0210-4305-BFD8-643D364758CD}.Debug|Any CPU.ActiveCfg = Debug|Any CPU
		{DF62866B-0210-4305-BFD8-643D364758CD}.Debug|Any CPU.Build.0 = Debug|Any CPU
		{DF62866B-0210-4305-BFD8-643D364758CD}.Release|Any CPU.ActiveCfg = Release|Any CPU
		{DF62866B-0210-4305-BFD8-643D364758CD}.Release|Any CPU.Build.0 = Release|Any CPU
		{E94BEBE1-ADDA-40B3-994F-ECC0A870B6CE}.Debug|Any CPU.ActiveCfg = Debug|Any CPU
		{E94BEBE1-ADDA-40B3-994F-ECC0A870B6CE}.Debug|Any CPU.Build.0 = Debug|Any CPU
		{E94BEBE1-ADDA-40B3-994F-ECC0A870B6CE}.Release|Any CPU.ActiveCfg = Release|Any CPU
		{E94BEBE1-ADDA-40B3-994F-ECC0A870B6CE}.Release|Any CPU.Build.0 = Release|Any CPU
		{09C493BB-AF08-4D3A-9936-5921442FCF3B}.Debug|Any CPU.ActiveCfg = Debug|Any CPU
		{09C493BB-AF08-4D3A-9936-5921442FCF3B}.Debug|Any CPU.Build.0 = Debug|Any CPU
		{09C493BB-AF08-4D3A-9936-5921442FCF3B}.Release|Any CPU.ActiveCfg = Release|Any CPU
		{09C493BB-AF08-4D3A-9936-5921442FCF3B}.Release|Any CPU.Build.0 = Release|Any CPU
		{35A6E884-4A0F-4DE5-B2C3-01AD41B3BDA5}.Debug|Any CPU.ActiveCfg = Debug|Any CPU
		{35A6E884-4A0F-4DE5-B2C3-01AD41B3BDA5}.Debug|Any CPU.Build.0 = Debug|Any CPU
		{35A6E884-4A0F-4DE5-B2C3-01AD41B3BDA5}.Release|Any CPU.ActiveCfg = Release|Any CPU
		{35A6E884-4A0F-4DE5-B2C3-01AD41B3BDA5}.Release|Any CPU.Build.0 = Release|Any CPU
		{804F6B17-8997-486A-8551-73DA74627098}.Debug|Any CPU.ActiveCfg = Debug|Any CPU
		{804F6B17-8997-486A-8551-73DA74627098}.Debug|Any CPU.Build.0 = Debug|Any CPU
		{804F6B17-8997-486A-8551-73DA74627098}.Release|Any CPU.ActiveCfg = Release|Any CPU
		{804F6B17-8997-486A-8551-73DA74627098}.Release|Any CPU.Build.0 = Release|Any CPU
		{26F8FD3A-7A7D-4B23-93AF-BE1DFDBF60CF}.Debug|Any CPU.ActiveCfg = Debug|Any CPU
		{26F8FD3A-7A7D-4B23-93AF-BE1DFDBF60CF}.Debug|Any CPU.Build.0 = Debug|Any CPU
		{26F8FD3A-7A7D-4B23-93AF-BE1DFDBF60CF}.Release|Any CPU.ActiveCfg = Release|Any CPU
		{26F8FD3A-7A7D-4B23-93AF-BE1DFDBF60CF}.Release|Any CPU.Build.0 = Release|Any CPU
		{EF42E256-E0B9-43C7-B2BE-14B5F8AB2FDC}.Debug|Any CPU.ActiveCfg = Debug|Any CPU
		{EF42E256-E0B9-43C7-B2BE-14B5F8AB2FDC}.Debug|Any CPU.Build.0 = Debug|Any CPU
		{EF42E256-E0B9-43C7-B2BE-14B5F8AB2FDC}.Release|Any CPU.ActiveCfg = Release|Any CPU
		{EF42E256-E0B9-43C7-B2BE-14B5F8AB2FDC}.Release|Any CPU.Build.0 = Release|Any CPU
		{0AF58010-2091-4802-B6F7-EF5B4EC80FF4}.Debug|Any CPU.ActiveCfg = Debug|Any CPU
		{0AF58010-2091-4802-B6F7-EF5B4EC80FF4}.Debug|Any CPU.Build.0 = Debug|Any CPU
		{0AF58010-2091-4802-B6F7-EF5B4EC80FF4}.Release|Any CPU.ActiveCfg = Release|Any CPU
		{0AF58010-2091-4802-B6F7-EF5B4EC80FF4}.Release|Any CPU.Build.0 = Release|Any CPU
		{C66D3BA0-AA50-426F-8A49-6FAE982F47E7}.Debug|Any CPU.ActiveCfg = Debug|Any CPU
		{C66D3BA0-AA50-426F-8A49-6FAE982F47E7}.Debug|Any CPU.Build.0 = Debug|Any CPU
		{C66D3BA0-AA50-426F-8A49-6FAE982F47E7}.Release|Any CPU.ActiveCfg = Release|Any CPU
		{C66D3BA0-AA50-426F-8A49-6FAE982F47E7}.Release|Any CPU.Build.0 = Release|Any CPU
		{0F8A79E0-329D-40A9-BA58-EF8B78873D3C}.Debug|Any CPU.ActiveCfg = Debug|Any CPU
		{0F8A79E0-329D-40A9-BA58-EF8B78873D3C}.Debug|Any CPU.Build.0 = Debug|Any CPU
		{0F8A79E0-329D-40A9-BA58-EF8B78873D3C}.Release|Any CPU.ActiveCfg = Release|Any CPU
		{0F8A79E0-329D-40A9-BA58-EF8B78873D3C}.Release|Any CPU.Build.0 = Release|Any CPU
		{C93294B6-F589-461F-9DA0-793D2DF8B7C2}.Debug|Any CPU.ActiveCfg = Debug|Any CPU
		{C93294B6-F589-461F-9DA0-793D2DF8B7C2}.Debug|Any CPU.Build.0 = Debug|Any CPU
		{C93294B6-F589-461F-9DA0-793D2DF8B7C2}.Release|Any CPU.ActiveCfg = Release|Any CPU
		{C93294B6-F589-461F-9DA0-793D2DF8B7C2}.Release|Any CPU.Build.0 = Release|Any CPU
		{FDAE9CE0-0ABB-4427-8212-DE7276139F54}.Debug|Any CPU.ActiveCfg = Debug|Any CPU
		{FDAE9CE0-0ABB-4427-8212-DE7276139F54}.Debug|Any CPU.Build.0 = Debug|Any CPU
		{FDAE9CE0-0ABB-4427-8212-DE7276139F54}.Release|Any CPU.ActiveCfg = Release|Any CPU
		{FDAE9CE0-0ABB-4427-8212-DE7276139F54}.Release|Any CPU.Build.0 = Release|Any CPU
		{E675000E-AADF-49BC-85A4-5881178A61B6}.Debug|Any CPU.ActiveCfg = Debug|Any CPU
		{E675000E-AADF-49BC-85A4-5881178A61B6}.Debug|Any CPU.Build.0 = Debug|Any CPU
		{E675000E-AADF-49BC-85A4-5881178A61B6}.Release|Any CPU.ActiveCfg = Release|Any CPU
		{E675000E-AADF-49BC-85A4-5881178A61B6}.Release|Any CPU.Build.0 = Release|Any CPU
		{DF79458D-7BED-4F3E-BB9D-48B1E1DCC87A}.Debug|Any CPU.ActiveCfg = Debug|Any CPU
		{DF79458D-7BED-4F3E-BB9D-48B1E1DCC87A}.Debug|Any CPU.Build.0 = Debug|Any CPU
		{DF79458D-7BED-4F3E-BB9D-48B1E1DCC87A}.Release|Any CPU.ActiveCfg = Release|Any CPU
		{DF79458D-7BED-4F3E-BB9D-48B1E1DCC87A}.Release|Any CPU.Build.0 = Release|Any CPU
		{7651515E-8E30-4DB8-80C4-62CE017818D5}.Debug|Any CPU.ActiveCfg = Debug|Any CPU
		{7651515E-8E30-4DB8-80C4-62CE017818D5}.Debug|Any CPU.Build.0 = Debug|Any CPU
		{7651515E-8E30-4DB8-80C4-62CE017818D5}.Release|Any CPU.ActiveCfg = Release|Any CPU
		{7651515E-8E30-4DB8-80C4-62CE017818D5}.Release|Any CPU.Build.0 = Release|Any CPU
		{D9AD5745-91C7-47C2-9CE9-F257ED69A2DA}.Debug|Any CPU.ActiveCfg = Debug|Any CPU
		{D9AD5745-91C7-47C2-9CE9-F257ED69A2DA}.Debug|Any CPU.Build.0 = Debug|Any CPU
		{D9AD5745-91C7-47C2-9CE9-F257ED69A2DA}.Release|Any CPU.ActiveCfg = Release|Any CPU
		{D9AD5745-91C7-47C2-9CE9-F257ED69A2DA}.Release|Any CPU.Build.0 = Release|Any CPU
		{05E90593-4F82-4998-BCE7-F774E3336563}.Debug|Any CPU.ActiveCfg = Debug|Any CPU
		{05E90593-4F82-4998-BCE7-F774E3336563}.Debug|Any CPU.Build.0 = Debug|Any CPU
		{05E90593-4F82-4998-BCE7-F774E3336563}.Release|Any CPU.ActiveCfg = Release|Any CPU
		{05E90593-4F82-4998-BCE7-F774E3336563}.Release|Any CPU.Build.0 = Release|Any CPU
		{5AC479C6-1F15-4F48-A84D-8686E33E7F25}.Debug|Any CPU.ActiveCfg = Debug|Any CPU
		{5AC479C6-1F15-4F48-A84D-8686E33E7F25}.Debug|Any CPU.Build.0 = Debug|Any CPU
		{5AC479C6-1F15-4F48-A84D-8686E33E7F25}.Release|Any CPU.ActiveCfg = Release|Any CPU
		{5AC479C6-1F15-4F48-A84D-8686E33E7F25}.Release|Any CPU.Build.0 = Release|Any CPU
		{160A8213-8FDD-4B81-A631-EAB18A2B096C}.Debug|Any CPU.ActiveCfg = Debug|Any CPU
		{160A8213-8FDD-4B81-A631-EAB18A2B096C}.Debug|Any CPU.Build.0 = Debug|Any CPU
		{160A8213-8FDD-4B81-A631-EAB18A2B096C}.Release|Any CPU.ActiveCfg = Release|Any CPU
		{160A8213-8FDD-4B81-A631-EAB18A2B096C}.Release|Any CPU.Build.0 = Release|Any CPU
		{F6D2BA2F-94C6-43CC-9FBC-8C748DCE23FA}.Debug|Any CPU.ActiveCfg = Debug|Any CPU
		{F6D2BA2F-94C6-43CC-9FBC-8C748DCE23FA}.Debug|Any CPU.Build.0 = Debug|Any CPU
		{F6D2BA2F-94C6-43CC-9FBC-8C748DCE23FA}.Release|Any CPU.ActiveCfg = Release|Any CPU
		{F6D2BA2F-94C6-43CC-9FBC-8C748DCE23FA}.Release|Any CPU.Build.0 = Release|Any CPU
		{3EC491EA-5A8E-4DF1-8DBE-FC151540ABF3}.Debug|Any CPU.ActiveCfg = Debug|Any CPU
		{3EC491EA-5A8E-4DF1-8DBE-FC151540ABF3}.Debug|Any CPU.Build.0 = Debug|Any CPU
		{3EC491EA-5A8E-4DF1-8DBE-FC151540ABF3}.Release|Any CPU.ActiveCfg = Release|Any CPU
		{3EC491EA-5A8E-4DF1-8DBE-FC151540ABF3}.Release|Any CPU.Build.0 = Release|Any CPU
		{3A27E1E9-2F08-4D35-9F0C-72F58B2ED105}.Debug|Any CPU.ActiveCfg = Debug|Any CPU
		{3A27E1E9-2F08-4D35-9F0C-72F58B2ED105}.Debug|Any CPU.Build.0 = Debug|Any CPU
		{3A27E1E9-2F08-4D35-9F0C-72F58B2ED105}.Release|Any CPU.ActiveCfg = Release|Any CPU
		{3A27E1E9-2F08-4D35-9F0C-72F58B2ED105}.Release|Any CPU.Build.0 = Release|Any CPU
		{6387862D-A946-465A-BBB9-0D14760247D2}.Debug|Any CPU.ActiveCfg = Debug|Any CPU
		{6387862D-A946-465A-BBB9-0D14760247D2}.Debug|Any CPU.Build.0 = Debug|Any CPU
		{6387862D-A946-465A-BBB9-0D14760247D2}.Release|Any CPU.ActiveCfg = Release|Any CPU
		{6387862D-A946-465A-BBB9-0D14760247D2}.Release|Any CPU.Build.0 = Release|Any CPU
		{13E62965-CCE8-4B77-9D17-BD5C8718D74D}.Debug|Any CPU.ActiveCfg = Debug|Any CPU
		{13E62965-CCE8-4B77-9D17-BD5C8718D74D}.Debug|Any CPU.Build.0 = Debug|Any CPU
		{13E62965-CCE8-4B77-9D17-BD5C8718D74D}.Release|Any CPU.ActiveCfg = Release|Any CPU
		{13E62965-CCE8-4B77-9D17-BD5C8718D74D}.Release|Any CPU.Build.0 = Release|Any CPU
		{78EEC214-DDC1-4AE7-9A47-53E9C5160464}.Debug|Any CPU.ActiveCfg = Debug|Any CPU
		{78EEC214-DDC1-4AE7-9A47-53E9C5160464}.Debug|Any CPU.Build.0 = Debug|Any CPU
		{78EEC214-DDC1-4AE7-9A47-53E9C5160464}.Release|Any CPU.ActiveCfg = Release|Any CPU
		{78EEC214-DDC1-4AE7-9A47-53E9C5160464}.Release|Any CPU.Build.0 = Release|Any CPU
		{0590877A-9589-4691-A3A0-4855731AB081}.Debug|Any CPU.ActiveCfg = Debug|Any CPU
		{0590877A-9589-4691-A3A0-4855731AB081}.Debug|Any CPU.Build.0 = Debug|Any CPU
		{0590877A-9589-4691-A3A0-4855731AB081}.Release|Any CPU.ActiveCfg = Release|Any CPU
		{0590877A-9589-4691-A3A0-4855731AB081}.Release|Any CPU.Build.0 = Release|Any CPU
		{3B7A177A-2A84-4752-8930-360964F6F91D}.Debug|Any CPU.ActiveCfg = Debug|Any CPU
		{3B7A177A-2A84-4752-8930-360964F6F91D}.Debug|Any CPU.Build.0 = Debug|Any CPU
		{3B7A177A-2A84-4752-8930-360964F6F91D}.Release|Any CPU.ActiveCfg = Release|Any CPU
		{3B7A177A-2A84-4752-8930-360964F6F91D}.Release|Any CPU.Build.0 = Release|Any CPU
		{6B32C5EB-0A8F-4690-841A-7C4DDF9D5C12}.Debug|Any CPU.ActiveCfg = Debug|Any CPU
		{6B32C5EB-0A8F-4690-841A-7C4DDF9D5C12}.Debug|Any CPU.Build.0 = Debug|Any CPU
		{6B32C5EB-0A8F-4690-841A-7C4DDF9D5C12}.Release|Any CPU.ActiveCfg = Release|Any CPU
		{6B32C5EB-0A8F-4690-841A-7C4DDF9D5C12}.Release|Any CPU.Build.0 = Release|Any CPU
		{BEF0BFBB-1C2C-4FC7-A3F1-A06AA1D4A93E}.Debug|Any CPU.ActiveCfg = Debug|Any CPU
		{BEF0BFBB-1C2C-4FC7-A3F1-A06AA1D4A93E}.Debug|Any CPU.Build.0 = Debug|Any CPU
		{BEF0BFBB-1C2C-4FC7-A3F1-A06AA1D4A93E}.Release|Any CPU.ActiveCfg = Release|Any CPU
		{BEF0BFBB-1C2C-4FC7-A3F1-A06AA1D4A93E}.Release|Any CPU.Build.0 = Release|Any CPU
		{68C5FF4A-18BA-4ECF-93D1-5E8C3D7D9826}.Debug|Any CPU.ActiveCfg = Debug|Any CPU
		{68C5FF4A-18BA-4ECF-93D1-5E8C3D7D9826}.Debug|Any CPU.Build.0 = Debug|Any CPU
		{68C5FF4A-18BA-4ECF-93D1-5E8C3D7D9826}.Release|Any CPU.ActiveCfg = Release|Any CPU
		{68C5FF4A-18BA-4ECF-93D1-5E8C3D7D9826}.Release|Any CPU.Build.0 = Release|Any CPU
		{2A8E3045-C756-4307-9A1F-8891A90C5418}.Debug|Any CPU.ActiveCfg = Debug|Any CPU
		{2A8E3045-C756-4307-9A1F-8891A90C5418}.Debug|Any CPU.Build.0 = Debug|Any CPU
		{2A8E3045-C756-4307-9A1F-8891A90C5418}.Release|Any CPU.ActiveCfg = Release|Any CPU
		{2A8E3045-C756-4307-9A1F-8891A90C5418}.Release|Any CPU.Build.0 = Release|Any CPU
		{A496405C-E1DE-4C4D-ABE0-EA4286E55269}.Debug|Any CPU.ActiveCfg = Debug|Any CPU
		{A496405C-E1DE-4C4D-ABE0-EA4286E55269}.Debug|Any CPU.Build.0 = Debug|Any CPU
		{A496405C-E1DE-4C4D-ABE0-EA4286E55269}.Release|Any CPU.ActiveCfg = Release|Any CPU
		{A496405C-E1DE-4C4D-ABE0-EA4286E55269}.Release|Any CPU.Build.0 = Release|Any CPU
		{9486EE97-C67C-451F-883F-61595DD8CFE3}.Debug|Any CPU.ActiveCfg = Debug|Any CPU
		{9486EE97-C67C-451F-883F-61595DD8CFE3}.Debug|Any CPU.Build.0 = Debug|Any CPU
		{9486EE97-C67C-451F-883F-61595DD8CFE3}.Release|Any CPU.ActiveCfg = Release|Any CPU
		{9486EE97-C67C-451F-883F-61595DD8CFE3}.Release|Any CPU.Build.0 = Release|Any CPU
		{2AF7096C-0B91-4E00-BBB4-ACAC4BF6F7A8}.Debug|Any CPU.ActiveCfg = Debug|Any CPU
		{2AF7096C-0B91-4E00-BBB4-ACAC4BF6F7A8}.Debug|Any CPU.Build.0 = Debug|Any CPU
		{2AF7096C-0B91-4E00-BBB4-ACAC4BF6F7A8}.Release|Any CPU.ActiveCfg = Release|Any CPU
		{2AF7096C-0B91-4E00-BBB4-ACAC4BF6F7A8}.Release|Any CPU.Build.0 = Release|Any CPU
		{A417009A-8431-4F7D-8763-0B97C4EE12DF}.Debug|Any CPU.ActiveCfg = Debug|Any CPU
		{A417009A-8431-4F7D-8763-0B97C4EE12DF}.Debug|Any CPU.Build.0 = Debug|Any CPU
		{A417009A-8431-4F7D-8763-0B97C4EE12DF}.Release|Any CPU.ActiveCfg = Release|Any CPU
		{A417009A-8431-4F7D-8763-0B97C4EE12DF}.Release|Any CPU.Build.0 = Release|Any CPU
		{97156487-31A7-40ED-9AE6-CCB7A8225FB2}.Debug|Any CPU.ActiveCfg = Debug|Any CPU
		{97156487-31A7-40ED-9AE6-CCB7A8225FB2}.Debug|Any CPU.Build.0 = Debug|Any CPU
		{97156487-31A7-40ED-9AE6-CCB7A8225FB2}.Release|Any CPU.ActiveCfg = Release|Any CPU
		{97156487-31A7-40ED-9AE6-CCB7A8225FB2}.Release|Any CPU.Build.0 = Release|Any CPU
		{58433FF2-764F-46B0-9FDA-A6A14528D119}.Debug|Any CPU.ActiveCfg = Debug|Any CPU
		{58433FF2-764F-46B0-9FDA-A6A14528D119}.Debug|Any CPU.Build.0 = Debug|Any CPU
		{58433FF2-764F-46B0-9FDA-A6A14528D119}.Release|Any CPU.ActiveCfg = Release|Any CPU
		{58433FF2-764F-46B0-9FDA-A6A14528D119}.Release|Any CPU.Build.0 = Release|Any CPU
	EndGlobalSection
	GlobalSection(NestedProjects) = preSolution
		{3EEA0455-DF16-4F8A-A461-8BA978113624} = {B01E0D64-175D-4D1E-B9A1-783F34BCF247}
		{28F50AC1-DE30-4824-A98B-C34DF0EACBF4} = {3EEA0455-DF16-4F8A-A461-8BA978113624}
		{DF62866B-0210-4305-BFD8-643D364758CD} = {3EEA0455-DF16-4F8A-A461-8BA978113624}
		{E94BEBE1-ADDA-40B3-994F-ECC0A870B6CE} = {3EEA0455-DF16-4F8A-A461-8BA978113624}
		{09C493BB-AF08-4D3A-9936-5921442FCF3B} = {3EEA0455-DF16-4F8A-A461-8BA978113624}
		{35A6E884-4A0F-4DE5-B2C3-01AD41B3BDA5} = {3EEA0455-DF16-4F8A-A461-8BA978113624}
		{804F6B17-8997-486A-8551-73DA74627098} = {3EEA0455-DF16-4F8A-A461-8BA978113624}
		{26F8FD3A-7A7D-4B23-93AF-BE1DFDBF60CF} = {3EEA0455-DF16-4F8A-A461-8BA978113624}
		{5B054B92-8397-4506-81CC-A05162776AA6} = {74A442B3-379A-4283-B250-190F9139AAE0}
		{EF42E256-E0B9-43C7-B2BE-14B5F8AB2FDC} = {5B054B92-8397-4506-81CC-A05162776AA6}
		{13ABACAF-20EA-4D5F-9CE7-A91AF65D3FEA} = {3E9DEE17-264F-47FC-A542-1F59D5A2A0F4}
		{0AF58010-2091-4802-B6F7-EF5B4EC80FF4} = {13ABACAF-20EA-4D5F-9CE7-A91AF65D3FEA}
		{C66D3BA0-AA50-426F-8A49-6FAE982F47E7} = {13ABACAF-20EA-4D5F-9CE7-A91AF65D3FEA}
		{19365675-780C-4996-9AE3-D1C41E54728C} = {874B42B7-7757-44D6-A5E9-CF5921D89499}
		{0F8A79E0-329D-40A9-BA58-EF8B78873D3C} = {19365675-780C-4996-9AE3-D1C41E54728C}
		{56755FF5-0E79-4BD5-BC9F-262BF4377144} = {14978593-4BCB-4B78-8677-CCC534AB1ACB}
		{C93294B6-F589-461F-9DA0-793D2DF8B7C2} = {56755FF5-0E79-4BD5-BC9F-262BF4377144}
		{D709FACF-5296-46CF-84E7-1EFD361ADF78} = {8EEDA89C-AE45-4E37-A4FA-D43C1D1EBE08}
		{FDAE9CE0-0ABB-4427-8212-DE7276139F54} = {D709FACF-5296-46CF-84E7-1EFD361ADF78}
		{AC660A46-01C1-4188-AB2D-81B6150A17B2} = {BFA4FF09-54F9-4915-9D70-2A9C766E6A69}
		{E675000E-AADF-49BC-85A4-5881178A61B6} = {AC660A46-01C1-4188-AB2D-81B6150A17B2}
		{DF79458D-7BED-4F3E-BB9D-48B1E1DCC87A} = {AC660A46-01C1-4188-AB2D-81B6150A17B2}
		{E452A77C-9A5B-498D-9017-44C21FC1831C} = {82E45899-D979-43F4-B3C9-09392161403A}
		{D9AD5745-91C7-47C2-9CE9-F257ED69A2DA} = {E452A77C-9A5B-498D-9017-44C21FC1831C}
		{CF82A53B-D3E0-4AE9-ACDB-53B760ED9730} = {862A0E66-F062-4F29-B1FC-68D6AB6463A1}
		{05E90593-4F82-4998-BCE7-F774E3336563} = {CF82A53B-D3E0-4AE9-ACDB-53B760ED9730}
		{96DDBBB5-DA8B-4842-9CC4-E5A12B0A948A} = {00170663-DEF1-4828-827D-E16AC8068D99}
		{5AC479C6-1F15-4F48-A84D-8686E33E7F25} = {96DDBBB5-DA8B-4842-9CC4-E5A12B0A948A}
		{160A8213-8FDD-4B81-A631-EAB18A2B096C} = {5B054B92-8397-4506-81CC-A05162776AA6}
		{EE520348-DE2E-4AEF-B86F-1D0C90E04F12} = {5B054B92-8397-4506-81CC-A05162776AA6}
		{F6D2BA2F-94C6-43CC-9FBC-8C748DCE23FA} = {EE520348-DE2E-4AEF-B86F-1D0C90E04F12}
		{3EC491EA-5A8E-4DF1-8DBE-FC151540ABF3} = {EE520348-DE2E-4AEF-B86F-1D0C90E04F12}
		{3A27E1E9-2F08-4D35-9F0C-72F58B2ED105} = {EE520348-DE2E-4AEF-B86F-1D0C90E04F12}
		{6387862D-A946-465A-BBB9-0D14760247D2} = {5B054B92-8397-4506-81CC-A05162776AA6}
		{193E9B0D-9E90-4493-98C8-E721466EA2B9} = {5B054B92-8397-4506-81CC-A05162776AA6}
		{13E62965-CCE8-4B77-9D17-BD5C8718D74D} = {193E9B0D-9E90-4493-98C8-E721466EA2B9}
		{78EEC214-DDC1-4AE7-9A47-53E9C5160464} = {193E9B0D-9E90-4493-98C8-E721466EA2B9}
		{0590877A-9589-4691-A3A0-4855731AB081} = {193E9B0D-9E90-4493-98C8-E721466EA2B9}
		{82058554-CCCC-4D96-A807-02141C30CBE1} = {2EE8048B-C8DA-4F28-8D94-F3B000E98F01}
		{3B7A177A-2A84-4752-8930-360964F6F91D} = {82058554-CCCC-4D96-A807-02141C30CBE1}
		{E74C11AC-1706-40B8-B3FF-ACD50F6586C3} = {82058554-CCCC-4D96-A807-02141C30CBE1}
		{6B32C5EB-0A8F-4690-841A-7C4DDF9D5C12} = {E74C11AC-1706-40B8-B3FF-ACD50F6586C3}
		{BEF0BFBB-1C2C-4FC7-A3F1-A06AA1D4A93E} = {E74C11AC-1706-40B8-B3FF-ACD50F6586C3}
		{68C5FF4A-18BA-4ECF-93D1-5E8C3D7D9826} = {E74C11AC-1706-40B8-B3FF-ACD50F6586C3}
		{2A8E3045-C756-4307-9A1F-8891A90C5418} = {82058554-CCCC-4D96-A807-02141C30CBE1}
		{C6720E35-C2B6-410E-95A0-815CAB942192} = {2EE8048B-C8DA-4F28-8D94-F3B000E98F01}
		{A496405C-E1DE-4C4D-ABE0-EA4286E55269} = {C6720E35-C2B6-410E-95A0-815CAB942192}
		{9486EE97-C67C-451F-883F-61595DD8CFE3} = {C6720E35-C2B6-410E-95A0-815CAB942192}
		{22DC1A2B-DB40-4D11-8E93-BDAE54A1965D} = {82058554-CCCC-4D96-A807-02141C30CBE1}
		{2AF7096C-0B91-4E00-BBB4-ACAC4BF6F7A8} = {22DC1A2B-DB40-4D11-8E93-BDAE54A1965D}
		{A417009A-8431-4F7D-8763-0B97C4EE12DF} = {22DC1A2B-DB40-4D11-8E93-BDAE54A1965D}
		{F67F41DF-20F1-4664-BB2C-A8E6560ABE64} = {AE4E2BB8-178C-45C7-873B-1021DEBDA684}
		{97156487-31A7-40ED-9AE6-CCB7A8225FB2} = {F67F41DF-20F1-4664-BB2C-A8E6560ABE64}
		{D843C961-3EB4-490C-AFD2-531EF1ED25B9} = {91D400A7-55D9-4064-BC22-4C6D515DC778}
		{58433FF2-764F-46B0-9FDA-A6A14528D119} = {D843C961-3EB4-490C-AFD2-531EF1ED25B9}
	EndGlobalSection
EndGlobal
