
Microsoft Visual Studio Solution File, Format Version 12.00
# Visual Studio 15
VisualStudioVersion = 15.0.26124.0
MinimumVisualStudioVersion = 15.0.26124.0
Project("{2150E333-8FDC-42A3-9474-1A3956D46DE8}") = "src", "src", "{31E843EF-5508-4CE6-8D94-AA764D0A51C9}"
EndProject
Project("{FAE04EC0-301F-11D3-BF4B-00C04F79EFBC}") = "Xmg", "src\Xmg\Xmg.csproj", "{7CF0C513-C9C4-4970-8E81-283314B29AC4}"
EndProject
Project("{FAE04EC0-301F-11D3-BF4B-00C04F79EFBC}") = "Xmg.Core", "src\Xmg.Core\Xmg.Core.csproj", "{CD2DFEEB-7A04-4889-9A68-D588BA06527C}"
EndProject
Project("{2150E333-8FDC-42A3-9474-1A3956D46DE8}") = "Xmg.Configuration", "Xmg.Configuration", "{30DDABC8-1CBA-4FA4-B206-1934E3B52738}"
EndProject
Project("{FAE04EC0-301F-11D3-BF4B-00C04F79EFBC}") = "Xmg.Configuration.Abstractions", "src\Xmg.Configuration\Xmg.Configuration.Abstractions\Xmg.Configuration.Abstractions.csproj", "{9F2A7CC5-E772-4571-ACCE-5F39A3E2A7B9}"
EndProject
Project("{FAE04EC0-301F-11D3-BF4B-00C04F79EFBC}") = "Xmg.Configuration.linq2db", "src\Xmg.Configuration\Xmg.Configuration.linq2db\Xmg.Configuration.linq2db.csproj", "{5C52B669-0EE0-4592-90B2-8471D18305CD}"
EndProject
Project("{2150E333-8FDC-42A3-9474-1A3956D46DE8}") = "Xmg.Migration", "Xmg.Migration", "{18B47902-1439-4344-B39C-CF83BC4B157D}"
EndProject
Project("{FAE04EC0-301F-11D3-BF4B-00C04F79EFBC}") = "Xmg.Migration.Abstractions", "src\Xmg.Migration\Xmg.Migration.Abstractions\Xmg.Migration.Abstractions.csproj", "{9F39CDC3-8E64-4494-8047-B56C29DBA7FD}"
EndProject
Project("{FAE04EC0-301F-11D3-BF4B-00C04F79EFBC}") = "Xmg.Migration.FluentMigrator", "src\Xmg.Migration\Xmg.Migration.FluentMigrator\Xmg.Migration.FluentMigrator.csproj", "{F68686C3-4427-43AC-9E20-4D2958521714}"
EndProject
Project("{FAE04EC0-301F-11D3-BF4B-00C04F79EFBC}") = "Xmg.Configuration", "src\Xmg.Configuration\Xmg.Configuration\Xmg.Configuration.csproj", "{D70FC669-F853-4E88-836B-6C5D39210AB8}"
EndProject
Project("{FAE04EC0-301F-11D3-BF4B-00C04F79EFBC}") = "Xmg.Migration", "src\Xmg.Migration\Xmg.Migration\Xmg.Migration.csproj", "{790C25B8-F1FB-4134-BBB3-7F5C310CE3E7}"
EndProject
Project("{FAE04EC0-301F-11D3-BF4B-00C04F79EFBC}") = "Debugger", "src\Debugger\Debugger.csproj", "{24F1AB9E-AE36-4171-BFED-C709BB7508BC}"
EndProject
Global
	GlobalSection(SolutionConfigurationPlatforms) = preSolution
		Debug|Any CPU = Debug|Any CPU
		Debug|x64 = Debug|x64
		Debug|x86 = Debug|x86
		Release|Any CPU = Release|Any CPU
		Release|x64 = Release|x64
		Release|x86 = Release|x86
	EndGlobalSection
	GlobalSection(SolutionProperties) = preSolution
		HideSolutionNode = FALSE
	EndGlobalSection
	GlobalSection(ProjectConfigurationPlatforms) = postSolution
		{7CF0C513-C9C4-4970-8E81-283314B29AC4}.Debug|Any CPU.ActiveCfg = Debug|Any CPU
		{7CF0C513-C9C4-4970-8E81-283314B29AC4}.Debug|Any CPU.Build.0 = Debug|Any CPU
		{7CF0C513-C9C4-4970-8E81-283314B29AC4}.Debug|x64.ActiveCfg = Debug|Any CPU
		{7CF0C513-C9C4-4970-8E81-283314B29AC4}.Debug|x64.Build.0 = Debug|Any CPU
		{7CF0C513-C9C4-4970-8E81-283314B29AC4}.Debug|x86.ActiveCfg = Debug|Any CPU
		{7CF0C513-C9C4-4970-8E81-283314B29AC4}.Debug|x86.Build.0 = Debug|Any CPU
		{7CF0C513-C9C4-4970-8E81-283314B29AC4}.Release|Any CPU.ActiveCfg = Release|Any CPU
		{7CF0C513-C9C4-4970-8E81-283314B29AC4}.Release|Any CPU.Build.0 = Release|Any CPU
		{7CF0C513-C9C4-4970-8E81-283314B29AC4}.Release|x64.ActiveCfg = Release|Any CPU
		{7CF0C513-C9C4-4970-8E81-283314B29AC4}.Release|x64.Build.0 = Release|Any CPU
		{7CF0C513-C9C4-4970-8E81-283314B29AC4}.Release|x86.ActiveCfg = Release|Any CPU
		{7CF0C513-C9C4-4970-8E81-283314B29AC4}.Release|x86.Build.0 = Release|Any CPU
		{CD2DFEEB-7A04-4889-9A68-D588BA06527C}.Debug|Any CPU.ActiveCfg = Debug|Any CPU
		{CD2DFEEB-7A04-4889-9A68-D588BA06527C}.Debug|Any CPU.Build.0 = Debug|Any CPU
		{CD2DFEEB-7A04-4889-9A68-D588BA06527C}.Debug|x64.ActiveCfg = Debug|Any CPU
		{CD2DFEEB-7A04-4889-9A68-D588BA06527C}.Debug|x64.Build.0 = Debug|Any CPU
		{CD2DFEEB-7A04-4889-9A68-D588BA06527C}.Debug|x86.ActiveCfg = Debug|Any CPU
		{CD2DFEEB-7A04-4889-9A68-D588BA06527C}.Debug|x86.Build.0 = Debug|Any CPU
		{CD2DFEEB-7A04-4889-9A68-D588BA06527C}.Release|Any CPU.ActiveCfg = Release|Any CPU
		{CD2DFEEB-7A04-4889-9A68-D588BA06527C}.Release|Any CPU.Build.0 = Release|Any CPU
		{CD2DFEEB-7A04-4889-9A68-D588BA06527C}.Release|x64.ActiveCfg = Release|Any CPU
		{CD2DFEEB-7A04-4889-9A68-D588BA06527C}.Release|x64.Build.0 = Release|Any CPU
		{CD2DFEEB-7A04-4889-9A68-D588BA06527C}.Release|x86.ActiveCfg = Release|Any CPU
		{CD2DFEEB-7A04-4889-9A68-D588BA06527C}.Release|x86.Build.0 = Release|Any CPU
		{9F2A7CC5-E772-4571-ACCE-5F39A3E2A7B9}.Debug|Any CPU.ActiveCfg = Debug|Any CPU
		{9F2A7CC5-E772-4571-ACCE-5F39A3E2A7B9}.Debug|Any CPU.Build.0 = Debug|Any CPU
		{9F2A7CC5-E772-4571-ACCE-5F39A3E2A7B9}.Debug|x64.ActiveCfg = Debug|Any CPU
		{9F2A7CC5-E772-4571-ACCE-5F39A3E2A7B9}.Debug|x64.Build.0 = Debug|Any CPU
		{9F2A7CC5-E772-4571-ACCE-5F39A3E2A7B9}.Debug|x86.ActiveCfg = Debug|Any CPU
		{9F2A7CC5-E772-4571-ACCE-5F39A3E2A7B9}.Debug|x86.Build.0 = Debug|Any CPU
		{9F2A7CC5-E772-4571-ACCE-5F39A3E2A7B9}.Release|Any CPU.ActiveCfg = Release|Any CPU
		{9F2A7CC5-E772-4571-ACCE-5F39A3E2A7B9}.Release|Any CPU.Build.0 = Release|Any CPU
		{9F2A7CC5-E772-4571-ACCE-5F39A3E2A7B9}.Release|x64.ActiveCfg = Release|Any CPU
		{9F2A7CC5-E772-4571-ACCE-5F39A3E2A7B9}.Release|x64.Build.0 = Release|Any CPU
		{9F2A7CC5-E772-4571-ACCE-5F39A3E2A7B9}.Release|x86.ActiveCfg = Release|Any CPU
		{9F2A7CC5-E772-4571-ACCE-5F39A3E2A7B9}.Release|x86.Build.0 = Release|Any CPU
		{5C52B669-0EE0-4592-90B2-8471D18305CD}.Debug|Any CPU.ActiveCfg = Debug|Any CPU
		{5C52B669-0EE0-4592-90B2-8471D18305CD}.Debug|Any CPU.Build.0 = Debug|Any CPU
		{5C52B669-0EE0-4592-90B2-8471D18305CD}.Debug|x64.ActiveCfg = Debug|Any CPU
		{5C52B669-0EE0-4592-90B2-8471D18305CD}.Debug|x64.Build.0 = Debug|Any CPU
		{5C52B669-0EE0-4592-90B2-8471D18305CD}.Debug|x86.ActiveCfg = Debug|Any CPU
		{5C52B669-0EE0-4592-90B2-8471D18305CD}.Debug|x86.Build.0 = Debug|Any CPU
		{5C52B669-0EE0-4592-90B2-8471D18305CD}.Release|Any CPU.ActiveCfg = Release|Any CPU
		{5C52B669-0EE0-4592-90B2-8471D18305CD}.Release|Any CPU.Build.0 = Release|Any CPU
		{5C52B669-0EE0-4592-90B2-8471D18305CD}.Release|x64.ActiveCfg = Release|Any CPU
		{5C52B669-0EE0-4592-90B2-8471D18305CD}.Release|x64.Build.0 = Release|Any CPU
		{5C52B669-0EE0-4592-90B2-8471D18305CD}.Release|x86.ActiveCfg = Release|Any CPU
		{5C52B669-0EE0-4592-90B2-8471D18305CD}.Release|x86.Build.0 = Release|Any CPU
		{9F39CDC3-8E64-4494-8047-B56C29DBA7FD}.Debug|Any CPU.ActiveCfg = Debug|Any CPU
		{9F39CDC3-8E64-4494-8047-B56C29DBA7FD}.Debug|Any CPU.Build.0 = Debug|Any CPU
		{9F39CDC3-8E64-4494-8047-B56C29DBA7FD}.Debug|x64.ActiveCfg = Debug|Any CPU
		{9F39CDC3-8E64-4494-8047-B56C29DBA7FD}.Debug|x64.Build.0 = Debug|Any CPU
		{9F39CDC3-8E64-4494-8047-B56C29DBA7FD}.Debug|x86.ActiveCfg = Debug|Any CPU
		{9F39CDC3-8E64-4494-8047-B56C29DBA7FD}.Debug|x86.Build.0 = Debug|Any CPU
		{9F39CDC3-8E64-4494-8047-B56C29DBA7FD}.Release|Any CPU.ActiveCfg = Release|Any CPU
		{9F39CDC3-8E64-4494-8047-B56C29DBA7FD}.Release|Any CPU.Build.0 = Release|Any CPU
		{9F39CDC3-8E64-4494-8047-B56C29DBA7FD}.Release|x64.ActiveCfg = Release|Any CPU
		{9F39CDC3-8E64-4494-8047-B56C29DBA7FD}.Release|x64.Build.0 = Release|Any CPU
		{9F39CDC3-8E64-4494-8047-B56C29DBA7FD}.Release|x86.ActiveCfg = Release|Any CPU
		{9F39CDC3-8E64-4494-8047-B56C29DBA7FD}.Release|x86.Build.0 = Release|Any CPU
		{F68686C3-4427-43AC-9E20-4D2958521714}.Debug|Any CPU.ActiveCfg = Debug|Any CPU
		{F68686C3-4427-43AC-9E20-4D2958521714}.Debug|Any CPU.Build.0 = Debug|Any CPU
		{F68686C3-4427-43AC-9E20-4D2958521714}.Debug|x64.ActiveCfg = Debug|Any CPU
		{F68686C3-4427-43AC-9E20-4D2958521714}.Debug|x64.Build.0 = Debug|Any CPU
		{F68686C3-4427-43AC-9E20-4D2958521714}.Debug|x86.ActiveCfg = Debug|Any CPU
		{F68686C3-4427-43AC-9E20-4D2958521714}.Debug|x86.Build.0 = Debug|Any CPU
		{F68686C3-4427-43AC-9E20-4D2958521714}.Release|Any CPU.ActiveCfg = Release|Any CPU
		{F68686C3-4427-43AC-9E20-4D2958521714}.Release|Any CPU.Build.0 = Release|Any CPU
		{F68686C3-4427-43AC-9E20-4D2958521714}.Release|x64.ActiveCfg = Release|Any CPU
		{F68686C3-4427-43AC-9E20-4D2958521714}.Release|x64.Build.0 = Release|Any CPU
		{F68686C3-4427-43AC-9E20-4D2958521714}.Release|x86.ActiveCfg = Release|Any CPU
		{F68686C3-4427-43AC-9E20-4D2958521714}.Release|x86.Build.0 = Release|Any CPU
		{D70FC669-F853-4E88-836B-6C5D39210AB8}.Debug|Any CPU.ActiveCfg = Debug|Any CPU
		{D70FC669-F853-4E88-836B-6C5D39210AB8}.Debug|Any CPU.Build.0 = Debug|Any CPU
		{D70FC669-F853-4E88-836B-6C5D39210AB8}.Debug|x64.ActiveCfg = Debug|Any CPU
		{D70FC669-F853-4E88-836B-6C5D39210AB8}.Debug|x64.Build.0 = Debug|Any CPU
		{D70FC669-F853-4E88-836B-6C5D39210AB8}.Debug|x86.ActiveCfg = Debug|Any CPU
		{D70FC669-F853-4E88-836B-6C5D39210AB8}.Debug|x86.Build.0 = Debug|Any CPU
		{D70FC669-F853-4E88-836B-6C5D39210AB8}.Release|Any CPU.ActiveCfg = Release|Any CPU
		{D70FC669-F853-4E88-836B-6C5D39210AB8}.Release|Any CPU.Build.0 = Release|Any CPU
		{D70FC669-F853-4E88-836B-6C5D39210AB8}.Release|x64.ActiveCfg = Release|Any CPU
		{D70FC669-F853-4E88-836B-6C5D39210AB8}.Release|x64.Build.0 = Release|Any CPU
		{D70FC669-F853-4E88-836B-6C5D39210AB8}.Release|x86.ActiveCfg = Release|Any CPU
		{D70FC669-F853-4E88-836B-6C5D39210AB8}.Release|x86.Build.0 = Release|Any CPU
		{790C25B8-F1FB-4134-BBB3-7F5C310CE3E7}.Debug|Any CPU.ActiveCfg = Debug|Any CPU
		{790C25B8-F1FB-4134-BBB3-7F5C310CE3E7}.Debug|Any CPU.Build.0 = Debug|Any CPU
		{790C25B8-F1FB-4134-BBB3-7F5C310CE3E7}.Debug|x64.ActiveCfg = Debug|Any CPU
		{790C25B8-F1FB-4134-BBB3-7F5C310CE3E7}.Debug|x64.Build.0 = Debug|Any CPU
		{790C25B8-F1FB-4134-BBB3-7F5C310CE3E7}.Debug|x86.ActiveCfg = Debug|Any CPU
		{790C25B8-F1FB-4134-BBB3-7F5C310CE3E7}.Debug|x86.Build.0 = Debug|Any CPU
		{790C25B8-F1FB-4134-BBB3-7F5C310CE3E7}.Release|Any CPU.ActiveCfg = Release|Any CPU
		{790C25B8-F1FB-4134-BBB3-7F5C310CE3E7}.Release|Any CPU.Build.0 = Release|Any CPU
		{790C25B8-F1FB-4134-BBB3-7F5C310CE3E7}.Release|x64.ActiveCfg = Release|Any CPU
		{790C25B8-F1FB-4134-BBB3-7F5C310CE3E7}.Release|x64.Build.0 = Release|Any CPU
		{790C25B8-F1FB-4134-BBB3-7F5C310CE3E7}.Release|x86.ActiveCfg = Release|Any CPU
		{790C25B8-F1FB-4134-BBB3-7F5C310CE3E7}.Release|x86.Build.0 = Release|Any CPU
		{24F1AB9E-AE36-4171-BFED-C709BB7508BC}.Debug|Any CPU.ActiveCfg = Debug|Any CPU
		{24F1AB9E-AE36-4171-BFED-C709BB7508BC}.Debug|Any CPU.Build.0 = Debug|Any CPU
		{24F1AB9E-AE36-4171-BFED-C709BB7508BC}.Debug|x64.ActiveCfg = Debug|Any CPU
		{24F1AB9E-AE36-4171-BFED-C709BB7508BC}.Debug|x64.Build.0 = Debug|Any CPU
		{24F1AB9E-AE36-4171-BFED-C709BB7508BC}.Debug|x86.ActiveCfg = Debug|Any CPU
		{24F1AB9E-AE36-4171-BFED-C709BB7508BC}.Debug|x86.Build.0 = Debug|Any CPU
		{24F1AB9E-AE36-4171-BFED-C709BB7508BC}.Release|Any CPU.ActiveCfg = Release|Any CPU
		{24F1AB9E-AE36-4171-BFED-C709BB7508BC}.Release|Any CPU.Build.0 = Release|Any CPU
		{24F1AB9E-AE36-4171-BFED-C709BB7508BC}.Release|x64.ActiveCfg = Release|Any CPU
		{24F1AB9E-AE36-4171-BFED-C709BB7508BC}.Release|x64.Build.0 = Release|Any CPU
		{24F1AB9E-AE36-4171-BFED-C709BB7508BC}.Release|x86.ActiveCfg = Release|Any CPU
		{24F1AB9E-AE36-4171-BFED-C709BB7508BC}.Release|x86.Build.0 = Release|Any CPU
	EndGlobalSection
	GlobalSection(NestedProjects) = preSolution
		{7CF0C513-C9C4-4970-8E81-283314B29AC4} = {31E843EF-5508-4CE6-8D94-AA764D0A51C9}
		{CD2DFEEB-7A04-4889-9A68-D588BA06527C} = {31E843EF-5508-4CE6-8D94-AA764D0A51C9}
		{30DDABC8-1CBA-4FA4-B206-1934E3B52738} = {31E843EF-5508-4CE6-8D94-AA764D0A51C9}
		{9F2A7CC5-E772-4571-ACCE-5F39A3E2A7B9} = {30DDABC8-1CBA-4FA4-B206-1934E3B52738}
		{5C52B669-0EE0-4592-90B2-8471D18305CD} = {30DDABC8-1CBA-4FA4-B206-1934E3B52738}
		{18B47902-1439-4344-B39C-CF83BC4B157D} = {31E843EF-5508-4CE6-8D94-AA764D0A51C9}
		{9F39CDC3-8E64-4494-8047-B56C29DBA7FD} = {18B47902-1439-4344-B39C-CF83BC4B157D}
		{F68686C3-4427-43AC-9E20-4D2958521714} = {18B47902-1439-4344-B39C-CF83BC4B157D}
		{D70FC669-F853-4E88-836B-6C5D39210AB8} = {30DDABC8-1CBA-4FA4-B206-1934E3B52738}
		{790C25B8-F1FB-4134-BBB3-7F5C310CE3E7} = {18B47902-1439-4344-B39C-CF83BC4B157D}
		{24F1AB9E-AE36-4171-BFED-C709BB7508BC} = {31E843EF-5508-4CE6-8D94-AA764D0A51C9}
	EndGlobalSection
EndGlobal
