
Microsoft Visual Studio Solution File, Format Version 12.00
# Visual Studio Version 16
VisualStudioVersion = 16.0.30114.105
MinimumVisualStudioVersion = 10.0.40219.1
Project("{2150E333-8FDC-42A3-9474-1A3956D46DE8}") = "src", "src", "{15D435BD-9D41-47DE-BC7B-CED68627C1D3}"
EndProject
Project("{FAE04EC0-301F-11D3-BF4B-00C04F79EFBC}") = "Xa", "src\Xa\Xa.csproj", "{A90BF4AC-0692-498F-8951-6F1E54F4DCD5}"
EndProject
Global
	GlobalSection(SolutionConfigurationPlatforms) = preSolution
		Debug|Any CPU = Debug|Any CPU
		Debug|x64 = Debug|x64
		Debug|x86 = Debug|x86
		Release|Any CPU = Release|Any CPU
		Release|x64 = Release|x64
		Release|x86 = Release|x86
	EndGlobalSection
	GlobalSection(SolutionProperties) = preSolution
		HideSolutionNode = FALSE
	EndGlobalSection
	GlobalSection(ProjectConfigurationPlatforms) = postSolution
		{A90BF4AC-0692-498F-8951-6F1E54F4DCD5}.Debug|Any CPU.ActiveCfg = Debug|Any CPU
		{A90BF4AC-0692-498F-8951-6F1E54F4DCD5}.Debug|Any CPU.Build.0 = Debug|Any CPU
		{A90BF4AC-0692-498F-8951-6F1E54F4DCD5}.Debug|x64.ActiveCfg = Debug|Any CPU
		{A90BF4AC-0692-498F-8951-6F1E54F4DCD5}.Debug|x64.Build.0 = Debug|Any CPU
		{A90BF4AC-0692-498F-8951-6F1E54F4DCD5}.Debug|x86.ActiveCfg = Debug|Any CPU
		{A90BF4AC-0692-498F-8951-6F1E54F4DCD5}.Debug|x86.Build.0 = Debug|Any CPU
		{A90BF4AC-0692-498F-8951-6F1E54F4DCD5}.Release|Any CPU.ActiveCfg = Release|Any CPU
		{A90BF4AC-0692-498F-8951-6F1E54F4DCD5}.Release|Any CPU.Build.0 = Release|Any CPU
		{A90BF4AC-0692-498F-8951-6F1E54F4DCD5}.Release|x64.ActiveCfg = Release|Any CPU
		{A90BF4AC-0692-498F-8951-6F1E54F4DCD5}.Release|x64.Build.0 = Release|Any CPU
		{A90BF4AC-0692-498F-8951-6F1E54F4DCD5}.Release|x86.ActiveCfg = Release|Any CPU
		{A90BF4AC-0692-498F-8951-6F1E54F4DCD5}.Release|x86.Build.0 = Release|Any CPU
	EndGlobalSection
	GlobalSection(NestedProjects) = preSolution
		{A90BF4AC-0692-498F-8951-6F1E54F4DCD5} = {15D435BD-9D41-47DE-BC7B-CED68627C1D3}
	EndGlobalSection
EndGlobal
