
Microsoft Visual Studio Solution File, Format Version 12.00
# Visual Studio 15
VisualStudioVersion = 15.0.26124.0
MinimumVisualStudioVersion = 15.0.26124.0
Project("{2150E333-8FDC-42A3-9474-1A3956D46DE8}") = "src", "src", "{0F8A0777-941B-4DD6-BB4F-01811101180D}"
EndProject
Project("{FAE04EC0-301F-11D3-BF4B-00C04F79EFBC}") = "Backuper.Api", "src\Backuper.Api\Backuper.Api.csproj", "{7F577181-54DA-4CCA-9F98-A83C4CFA4EAB}"
EndProject
Project("{FAE04EC0-301F-11D3-BF4B-00C04F79EFBC}") = "Backuper.Connection.Abstract", "src\Backuper.Connection.Abstract\Backuper.Connection.Abstract.csproj", "{1F3F0D22-48F8-4D5B-A3C5-E64FB2ECE406}"
EndProject
Project("{FAE04EC0-301F-11D3-BF4B-00C04F79EFBC}") = "Backuper.Connection.PostgreSQL", "src\Backuper.Connection.PostgreSQL\Backuper.Connection.PostgreSQL.csproj", "{ACB371DA-E916-4D66-96A6-6F1A9401C58D}"
EndProject
Project("{FAE04EC0-301F-11D3-BF4B-00C04F79EFBC}") = "Backuper.Notification.Abstract", "src\Backuper.Notification.Abstract\Backuper.Notification.Abstract.csproj", "{65E12A3F-2A98-4C9E-96F9-D18A89C31C15}"
EndProject
Project("{FAE04EC0-301F-11D3-BF4B-00C04F79EFBC}") = "Backuper.Notification.Slack", "src\Backuper.Notification.Slack\Backuper.Notification.Slack.csproj", "{26014C7A-455C-4550-A747-2AE8DF2DD5ED}"
EndProject
Project("{FAE04EC0-301F-11D3-BF4B-00C04F79EFBC}") = "Backuper.Shared", "src\Backuper.Shared\Backuper.Shared.csproj", "{EB234D34-C84B-4B9F-A934-60655185ACC0}"
EndProject
Project("{FAE04EC0-301F-11D3-BF4B-00C04F79EFBC}") = "Backuper.Storage", "src\Backuper.Storage\Backuper.Storage.csproj", "{2E9F84BA-9C20-4441-8F53-91F02648E860}"
EndProject
Global
	GlobalSection(SolutionConfigurationPlatforms) = preSolution
		Debug|Any CPU = Debug|Any CPU
		Debug|x64 = Debug|x64
		Debug|x86 = Debug|x86
		Release|Any CPU = Release|Any CPU
		Release|x64 = Release|x64
		Release|x86 = Release|x86
	EndGlobalSection
	GlobalSection(SolutionProperties) = preSolution
		HideSolutionNode = FALSE
	EndGlobalSection
	GlobalSection(ProjectConfigurationPlatforms) = postSolution
		{7F577181-54DA-4CCA-9F98-A83C4CFA4EAB}.Debug|Any CPU.ActiveCfg = Debug|Any CPU
		{7F577181-54DA-4CCA-9F98-A83C4CFA4EAB}.Debug|Any CPU.Build.0 = Debug|Any CPU
		{7F577181-54DA-4CCA-9F98-A83C4CFA4EAB}.Debug|x64.ActiveCfg = Debug|Any CPU
		{7F577181-54DA-4CCA-9F98-A83C4CFA4EAB}.Debug|x64.Build.0 = Debug|Any CPU
		{7F577181-54DA-4CCA-9F98-A83C4CFA4EAB}.Debug|x86.ActiveCfg = Debug|Any CPU
		{7F577181-54DA-4CCA-9F98-A83C4CFA4EAB}.Debug|x86.Build.0 = Debug|Any CPU
		{7F577181-54DA-4CCA-9F98-A83C4CFA4EAB}.Release|Any CPU.ActiveCfg = Release|Any CPU
		{7F577181-54DA-4CCA-9F98-A83C4CFA4EAB}.Release|Any CPU.Build.0 = Release|Any CPU
		{7F577181-54DA-4CCA-9F98-A83C4CFA4EAB}.Release|x64.ActiveCfg = Release|Any CPU
		{7F577181-54DA-4CCA-9F98-A83C4CFA4EAB}.Release|x64.Build.0 = Release|Any CPU
		{7F577181-54DA-4CCA-9F98-A83C4CFA4EAB}.Release|x86.ActiveCfg = Release|Any CPU
		{7F577181-54DA-4CCA-9F98-A83C4CFA4EAB}.Release|x86.Build.0 = Release|Any CPU
		{1F3F0D22-48F8-4D5B-A3C5-E64FB2ECE406}.Debug|Any CPU.ActiveCfg = Debug|Any CPU
		{1F3F0D22-48F8-4D5B-A3C5-E64FB2ECE406}.Debug|Any CPU.Build.0 = Debug|Any CPU
		{1F3F0D22-48F8-4D5B-A3C5-E64FB2ECE406}.Debug|x64.ActiveCfg = Debug|Any CPU
		{1F3F0D22-48F8-4D5B-A3C5-E64FB2ECE406}.Debug|x64.Build.0 = Debug|Any CPU
		{1F3F0D22-48F8-4D5B-A3C5-E64FB2ECE406}.Debug|x86.ActiveCfg = Debug|Any CPU
		{1F3F0D22-48F8-4D5B-A3C5-E64FB2ECE406}.Debug|x86.Build.0 = Debug|Any CPU
		{1F3F0D22-48F8-4D5B-A3C5-E64FB2ECE406}.Release|Any CPU.ActiveCfg = Release|Any CPU
		{1F3F0D22-48F8-4D5B-A3C5-E64FB2ECE406}.Release|Any CPU.Build.0 = Release|Any CPU
		{1F3F0D22-48F8-4D5B-A3C5-E64FB2ECE406}.Release|x64.ActiveCfg = Release|Any CPU
		{1F3F0D22-48F8-4D5B-A3C5-E64FB2ECE406}.Release|x64.Build.0 = Release|Any CPU
		{1F3F0D22-48F8-4D5B-A3C5-E64FB2ECE406}.Release|x86.ActiveCfg = Release|Any CPU
		{1F3F0D22-48F8-4D5B-A3C5-E64FB2ECE406}.Release|x86.Build.0 = Release|Any CPU
		{ACB371DA-E916-4D66-96A6-6F1A9401C58D}.Debug|Any CPU.ActiveCfg = Debug|Any CPU
		{ACB371DA-E916-4D66-96A6-6F1A9401C58D}.Debug|Any CPU.Build.0 = Debug|Any CPU
		{ACB371DA-E916-4D66-96A6-6F1A9401C58D}.Debug|x64.ActiveCfg = Debug|Any CPU
		{ACB371DA-E916-4D66-96A6-6F1A9401C58D}.Debug|x64.Build.0 = Debug|Any CPU
		{ACB371DA-E916-4D66-96A6-6F1A9401C58D}.Debug|x86.ActiveCfg = Debug|Any CPU
		{ACB371DA-E916-4D66-96A6-6F1A9401C58D}.Debug|x86.Build.0 = Debug|Any CPU
		{ACB371DA-E916-4D66-96A6-6F1A9401C58D}.Release|Any CPU.ActiveCfg = Release|Any CPU
		{ACB371DA-E916-4D66-96A6-6F1A9401C58D}.Release|Any CPU.Build.0 = Release|Any CPU
		{ACB371DA-E916-4D66-96A6-6F1A9401C58D}.Release|x64.ActiveCfg = Release|Any CPU
		{ACB371DA-E916-4D66-96A6-6F1A9401C58D}.Release|x64.Build.0 = Release|Any CPU
		{ACB371DA-E916-4D66-96A6-6F1A9401C58D}.Release|x86.ActiveCfg = Release|Any CPU
		{ACB371DA-E916-4D66-96A6-6F1A9401C58D}.Release|x86.Build.0 = Release|Any CPU
		{65E12A3F-2A98-4C9E-96F9-D18A89C31C15}.Debug|Any CPU.ActiveCfg = Debug|Any CPU
		{65E12A3F-2A98-4C9E-96F9-D18A89C31C15}.Debug|Any CPU.Build.0 = Debug|Any CPU
		{65E12A3F-2A98-4C9E-96F9-D18A89C31C15}.Debug|x64.ActiveCfg = Debug|Any CPU
		{65E12A3F-2A98-4C9E-96F9-D18A89C31C15}.Debug|x64.Build.0 = Debug|Any CPU
		{65E12A3F-2A98-4C9E-96F9-D18A89C31C15}.Debug|x86.ActiveCfg = Debug|Any CPU
		{65E12A3F-2A98-4C9E-96F9-D18A89C31C15}.Debug|x86.Build.0 = Debug|Any CPU
		{65E12A3F-2A98-4C9E-96F9-D18A89C31C15}.Release|Any CPU.ActiveCfg = Release|Any CPU
		{65E12A3F-2A98-4C9E-96F9-D18A89C31C15}.Release|Any CPU.Build.0 = Release|Any CPU
		{65E12A3F-2A98-4C9E-96F9-D18A89C31C15}.Release|x64.ActiveCfg = Release|Any CPU
		{65E12A3F-2A98-4C9E-96F9-D18A89C31C15}.Release|x64.Build.0 = Release|Any CPU
		{65E12A3F-2A98-4C9E-96F9-D18A89C31C15}.Release|x86.ActiveCfg = Release|Any CPU
		{65E12A3F-2A98-4C9E-96F9-D18A89C31C15}.Release|x86.Build.0 = Release|Any CPU
		{26014C7A-455C-4550-A747-2AE8DF2DD5ED}.Debug|Any CPU.ActiveCfg = Debug|Any CPU
		{26014C7A-455C-4550-A747-2AE8DF2DD5ED}.Debug|Any CPU.Build.0 = Debug|Any CPU
		{26014C7A-455C-4550-A747-2AE8DF2DD5ED}.Debug|x64.ActiveCfg = Debug|Any CPU
		{26014C7A-455C-4550-A747-2AE8DF2DD5ED}.Debug|x64.Build.0 = Debug|Any CPU
		{26014C7A-455C-4550-A747-2AE8DF2DD5ED}.Debug|x86.ActiveCfg = Debug|Any CPU
		{26014C7A-455C-4550-A747-2AE8DF2DD5ED}.Debug|x86.Build.0 = Debug|Any CPU
		{26014C7A-455C-4550-A747-2AE8DF2DD5ED}.Release|Any CPU.ActiveCfg = Release|Any CPU
		{26014C7A-455C-4550-A747-2AE8DF2DD5ED}.Release|Any CPU.Build.0 = Release|Any CPU
		{26014C7A-455C-4550-A747-2AE8DF2DD5ED}.Release|x64.ActiveCfg = Release|Any CPU
		{26014C7A-455C-4550-A747-2AE8DF2DD5ED}.Release|x64.Build.0 = Release|Any CPU
		{26014C7A-455C-4550-A747-2AE8DF2DD5ED}.Release|x86.ActiveCfg = Release|Any CPU
		{26014C7A-455C-4550-A747-2AE8DF2DD5ED}.Release|x86.Build.0 = Release|Any CPU
		{EB234D34-C84B-4B9F-A934-60655185ACC0}.Debug|Any CPU.ActiveCfg = Debug|Any CPU
		{EB234D34-C84B-4B9F-A934-60655185ACC0}.Debug|Any CPU.Build.0 = Debug|Any CPU
		{EB234D34-C84B-4B9F-A934-60655185ACC0}.Debug|x64.ActiveCfg = Debug|Any CPU
		{EB234D34-C84B-4B9F-A934-60655185ACC0}.Debug|x64.Build.0 = Debug|Any CPU
		{EB234D34-C84B-4B9F-A934-60655185ACC0}.Debug|x86.ActiveCfg = Debug|Any CPU
		{EB234D34-C84B-4B9F-A934-60655185ACC0}.Debug|x86.Build.0 = Debug|Any CPU
		{EB234D34-C84B-4B9F-A934-60655185ACC0}.Release|Any CPU.ActiveCfg = Release|Any CPU
		{EB234D34-C84B-4B9F-A934-60655185ACC0}.Release|Any CPU.Build.0 = Release|Any CPU
		{EB234D34-C84B-4B9F-A934-60655185ACC0}.Release|x64.ActiveCfg = Release|Any CPU
		{EB234D34-C84B-4B9F-A934-60655185ACC0}.Release|x64.Build.0 = Release|Any CPU
		{EB234D34-C84B-4B9F-A934-60655185ACC0}.Release|x86.ActiveCfg = Release|Any CPU
		{EB234D34-C84B-4B9F-A934-60655185ACC0}.Release|x86.Build.0 = Release|Any CPU
		{2E9F84BA-9C20-4441-8F53-91F02648E860}.Debug|Any CPU.ActiveCfg = Debug|Any CPU
		{2E9F84BA-9C20-4441-8F53-91F02648E860}.Debug|Any CPU.Build.0 = Debug|Any CPU
		{2E9F84BA-9C20-4441-8F53-91F02648E860}.Debug|x64.ActiveCfg = Debug|Any CPU
		{2E9F84BA-9C20-4441-8F53-91F02648E860}.Debug|x64.Build.0 = Debug|Any CPU
		{2E9F84BA-9C20-4441-8F53-91F02648E860}.Debug|x86.ActiveCfg = Debug|Any CPU
		{2E9F84BA-9C20-4441-8F53-91F02648E860}.Debug|x86.Build.0 = Debug|Any CPU
		{2E9F84BA-9C20-4441-8F53-91F02648E860}.Release|Any CPU.ActiveCfg = Release|Any CPU
		{2E9F84BA-9C20-4441-8F53-91F02648E860}.Release|Any CPU.Build.0 = Release|Any CPU
		{2E9F84BA-9C20-4441-8F53-91F02648E860}.Release|x64.ActiveCfg = Release|Any CPU
		{2E9F84BA-9C20-4441-8F53-91F02648E860}.Release|x64.Build.0 = Release|Any CPU
		{2E9F84BA-9C20-4441-8F53-91F02648E860}.Release|x86.ActiveCfg = Release|Any CPU
		{2E9F84BA-9C20-4441-8F53-91F02648E860}.Release|x86.Build.0 = Release|Any CPU
	EndGlobalSection
	GlobalSection(NestedProjects) = preSolution
		{7F577181-54DA-4CCA-9F98-A83C4CFA4EAB} = {0F8A0777-941B-4DD6-BB4F-01811101180D}
		{1F3F0D22-48F8-4D5B-A3C5-E64FB2ECE406} = {0F8A0777-941B-4DD6-BB4F-01811101180D}
		{ACB371DA-E916-4D66-96A6-6F1A9401C58D} = {0F8A0777-941B-4DD6-BB4F-01811101180D}
		{65E12A3F-2A98-4C9E-96F9-D18A89C31C15} = {0F8A0777-941B-4DD6-BB4F-01811101180D}
		{26014C7A-455C-4550-A747-2AE8DF2DD5ED} = {0F8A0777-941B-4DD6-BB4F-01811101180D}
		{EB234D34-C84B-4B9F-A934-60655185ACC0} = {0F8A0777-941B-4DD6-BB4F-01811101180D}
		{2E9F84BA-9C20-4441-8F53-91F02648E860} = {0F8A0777-941B-4DD6-BB4F-01811101180D}
	EndGlobalSection
EndGlobal
