
Microsoft Visual Studio Solution File, Format Version 12.00
# Visual Studio 15
VisualStudioVersion = 15.0.26124.0
MinimumVisualStudioVersion = 15.0.26124.0
Project("{2150E333-8FDC-42A3-9474-1A3956D46DE8}") = "src", "src", "{433BFF61-1284-4EF7-A4F5-9B554299F1F6}"
EndProject
Project("{FAE04EC0-301F-11D3-BF4B-00C04F79EFBC}") = "TcpLog", "src\TcpLog\TcpLog.csproj", "{48E8949A-7CCA-44BC-A323-87202D2033FC}"
EndProject
Global
	GlobalSection(SolutionConfigurationPlatforms) = preSolution
		Debug|Any CPU = Debug|Any CPU
		Debug|x64 = Debug|x64
		Debug|x86 = Debug|x86
		Release|Any CPU = Release|Any CPU
		Release|x64 = Release|x64
		Release|x86 = Release|x86
	EndGlobalSection
	GlobalSection(SolutionProperties) = preSolution
		HideSolutionNode = FALSE
	EndGlobalSection
	GlobalSection(ProjectConfigurationPlatforms) = postSolution
		{48E8949A-7CCA-44BC-A323-87202D2033FC}.Debug|Any CPU.ActiveCfg = Debug|Any CPU
		{48E8949A-7CCA-44BC-A323-87202D2033FC}.Debug|Any CPU.Build.0 = Debug|Any CPU
		{48E8949A-7CCA-44BC-A323-87202D2033FC}.Debug|x64.ActiveCfg = Debug|Any CPU
		{48E8949A-7CCA-44BC-A323-87202D2033FC}.Debug|x64.Build.0 = Debug|Any CPU
		{48E8949A-7CCA-44BC-A323-87202D2033FC}.Debug|x86.ActiveCfg = Debug|Any CPU
		{48E8949A-7CCA-44BC-A323-87202D2033FC}.Debug|x86.Build.0 = Debug|Any CPU
		{48E8949A-7CCA-44BC-A323-87202D2033FC}.Release|Any CPU.ActiveCfg = Release|Any CPU
		{48E8949A-7CCA-44BC-A323-87202D2033FC}.Release|Any CPU.Build.0 = Release|Any CPU
		{48E8949A-7CCA-44BC-A323-87202D2033FC}.Release|x64.ActiveCfg = Release|Any CPU
		{48E8949A-7CCA-44BC-A323-87202D2033FC}.Release|x64.Build.0 = Release|Any CPU
		{48E8949A-7CCA-44BC-A323-87202D2033FC}.Release|x86.ActiveCfg = Release|Any CPU
		{48E8949A-7CCA-44BC-A323-87202D2033FC}.Release|x86.Build.0 = Release|Any CPU
	EndGlobalSection
	GlobalSection(NestedProjects) = preSolution
		{48E8949A-7CCA-44BC-A323-87202D2033FC} = {433BFF61-1284-4EF7-A4F5-9B554299F1F6}
	EndGlobalSection
EndGlobal
